
Microsoft Visual Studio Solution File, Format Version 12.00
# Visual Studio Version 16
VisualStudioVersion = 16.0.29230.47
MinimumVisualStudioVersion = 10.0.40219.1
Project("{8BC9CEB8-8B4A-11D0-8D11-00A0C91BC942}") = "1021_个位数统计", "1021_个位数统计\1021_个位数统计.vcxproj", "{4FC553A4-0A23-4891-8A4F-D72D0CF59853}"
EndProject
Project("{8BC9CEB8-8B4A-11D0-8D11-00A0C91BC942}") = "1022_D进制的A+B", "1022_D进制的A+B\1022_D进制的A+B.vcxproj", "{EDC271BD-ABA8-4AAC-9228-8E880FD160AE}"
EndProject
Project("{8BC9CEB8-8B4A-11D0-8D11-00A0C91BC942}") = "1023_组个最小数", "1023_组个最小数\1023_组个最小数.vcxproj", "{4AB7ADA9-EF70-41B9-AD56-46C3588BED85}"
EndProject
Project("{8BC9CEB8-8B4A-11D0-8D11-00A0C91BC942}") = "1024_科学计数法", "1024_科学计数法\1024_科学计数法.vcxproj", "{653A519B-41D9-4E91-BA6D-1CED24F41E35}"
EndProject
Project("{8BC9CEB8-8B4A-11D0-8D11-00A0C91BC942}") = "1025_反转链表", "1025_反转链表\1025_反转链表.vcxproj", "{5FF94B87-2B58-48B7-BC5F-C0C90AFC988B}"
EndProject
Project("{8BC9CEB8-8B4A-11D0-8D11-00A0C91BC942}") = "1026_程序运行时间", "1026_程序运行时间\1026_程序运行时间.vcxproj", "{8959C4D1-0C5C-4F17-AC35-28A74329972A}"
EndProject
Project("{8BC9CEB8-8B4A-11D0-8D11-00A0C91BC942}") = "1027_打印沙漏", "1027_打印沙漏\1027_打印沙漏.vcxproj", "{B35467C2-5092-42A1-AFC8-E1E80DF665BB}"
EndProject
Project("{8BC9CEB8-8B4A-11D0-8D11-00A0C91BC942}") = "1028_人口普查", "1028_人口普查\1028_人口普查.vcxproj", "{4264FE99-6B71-4BE5-B5FE-1052FA67508A}"
EndProject
Project("{8BC9CEB8-8B4A-11D0-8D11-00A0C91BC942}") = "1029_旧键盘", "1029_旧键盘\1029_旧键盘.vcxproj", "{A3199DF4-83DC-4E92-9102-60091A673EE6}"
EndProject
Project("{8BC9CEB8-8B4A-11D0-8D11-00A0C91BC942}") = "1030_完美数列", "1030_完美数列\1030_完美数列.vcxproj", "{FFB8EDBC-EF5C-4002-B4DA-644BA7C16D7E}"
EndProject
Global
	GlobalSection(SolutionConfigurationPlatforms) = preSolution
		Debug|x64 = Debug|x64
		Debug|x86 = Debug|x86
		Release|x64 = Release|x64
		Release|x86 = Release|x86
	EndGlobalSection
	GlobalSection(ProjectConfigurationPlatforms) = postSolution
		{4FC553A4-0A23-4891-8A4F-D72D0CF59853}.Debug|x64.ActiveCfg = Debug|x64
		{4FC553A4-0A23-4891-8A4F-D72D0CF59853}.Debug|x64.Build.0 = Debug|x64
		{4FC553A4-0A23-4891-8A4F-D72D0CF59853}.Debug|x86.ActiveCfg = Debug|Win32
		{4FC553A4-0A23-4891-8A4F-D72D0CF59853}.Debug|x86.Build.0 = Debug|Win32
		{4FC553A4-0A23-4891-8A4F-D72D0CF59853}.Release|x64.ActiveCfg = Release|x64
		{4FC553A4-0A23-4891-8A4F-D72D0CF59853}.Release|x64.Build.0 = Release|x64
		{4FC553A4-0A23-4891-8A4F-D72D0CF59853}.Release|x86.ActiveCfg = Release|Win32
		{4FC553A4-0A23-4891-8A4F-D72D0CF59853}.Release|x86.Build.0 = Release|Win32
		{EDC271BD-ABA8-4AAC-9228-8E880FD160AE}.Debug|x64.ActiveCfg = Debug|x64
		{EDC271BD-ABA8-4AAC-9228-8E880FD160AE}.Debug|x64.Build.0 = Debug|x64
		{EDC271BD-ABA8-4AAC-9228-8E880FD160AE}.Debug|x86.ActiveCfg = Debug|Win32
		{EDC271BD-ABA8-4AAC-9228-8E880FD160AE}.Debug|x86.Build.0 = Debug|Win32
		{EDC271BD-ABA8-4AAC-9228-8E880FD160AE}.Release|x64.ActiveCfg = Release|x64
		{EDC271BD-ABA8-4AAC-9228-8E880FD160AE}.Release|x64.Build.0 = Release|x64
		{EDC271BD-ABA8-4AAC-9228-8E880FD160AE}.Release|x86.ActiveCfg = Release|Win32
		{EDC271BD-ABA8-4AAC-9228-8E880FD160AE}.Release|x86.Build.0 = Release|Win32
		{4AB7ADA9-EF70-41B9-AD56-46C3588BED85}.Debug|x64.ActiveCfg = Debug|x64
		{4AB7ADA9-EF70-41B9-AD56-46C3588BED85}.Debug|x64.Build.0 = Debug|x64
		{4AB7ADA9-EF70-41B9-AD56-46C3588BED85}.Debug|x86.ActiveCfg = Debug|Win32
		{4AB7ADA9-EF70-41B9-AD56-46C3588BED85}.Debug|x86.Build.0 = Debug|Win32
		{4AB7ADA9-EF70-41B9-AD56-46C3588BED85}.Release|x64.ActiveCfg = Release|x64
		{4AB7ADA9-EF70-41B9-AD56-46C3588BED85}.Release|x64.Build.0 = Release|x64
		{4AB7ADA9-EF70-41B9-AD56-46C3588BED85}.Release|x86.ActiveCfg = Release|Win32
		{4AB7ADA9-EF70-41B9-AD56-46C3588BED85}.Release|x86.Build.0 = Release|Win32
		{653A519B-41D9-4E91-BA6D-1CED24F41E35}.Debug|x64.ActiveCfg = Debug|x64
		{653A519B-41D9-4E91-BA6D-1CED24F41E35}.Debug|x64.Build.0 = Debug|x64
		{653A519B-41D9-4E91-BA6D-1CED24F41E35}.Debug|x86.ActiveCfg = Debug|Win32
		{653A519B-41D9-4E91-BA6D-1CED24F41E35}.Debug|x86.Build.0 = Debug|Win32
		{653A519B-41D9-4E91-BA6D-1CED24F41E35}.Release|x64.ActiveCfg = Release|x64
		{653A519B-41D9-4E91-BA6D-1CED24F41E35}.Release|x64.Build.0 = Release|x64
		{653A519B-41D9-4E91-BA6D-1CED24F41E35}.Release|x86.ActiveCfg = Release|Win32
		{653A519B-41D9-4E91-BA6D-1CED24F41E35}.Release|x86.Build.0 = Release|Win32
		{5FF94B87-2B58-48B7-BC5F-C0C90AFC988B}.Debug|x64.ActiveCfg = Debug|x64
		{5FF94B87-2B58-48B7-BC5F-C0C90AFC988B}.Debug|x64.Build.0 = Debug|x64
		{5FF94B87-2B58-48B7-BC5F-C0C90AFC988B}.Debug|x86.ActiveCfg = Debug|Win32
		{5FF94B87-2B58-48B7-BC5F-C0C90AFC988B}.Debug|x86.Build.0 = Debug|Win32
		{5FF94B87-2B58-48B7-BC5F-C0C90AFC988B}.Release|x64.ActiveCfg = Release|x64
		{5FF94B87-2B58-48B7-BC5F-C0C90AFC988B}.Release|x64.Build.0 = Release|x64
		{5FF94B87-2B58-48B7-BC5F-C0C90AFC988B}.Release|x86.ActiveCfg = Release|Win32
		{5FF94B87-2B58-48B7-BC5F-C0C90AFC988B}.Release|x86.Build.0 = Release|Win32
		{8959C4D1-0C5C-4F17-AC35-28A74329972A}.Debug|x64.ActiveCfg = Debug|x64
		{8959C4D1-0C5C-4F17-AC35-28A74329972A}.Debug|x64.Build.0 = Debug|x64
		{8959C4D1-0C5C-4F17-AC35-28A74329972A}.Debug|x86.ActiveCfg = Debug|Win32
		{8959C4D1-0C5C-4F17-AC35-28A74329972A}.Debug|x86.Build.0 = Debug|Win32
		{8959C4D1-0C5C-4F17-AC35-28A74329972A}.Release|x64.ActiveCfg = Release|x64
		{8959C4D1-0C5C-4F17-AC35-28A74329972A}.Release|x64.Build.0 = Release|x64
		{8959C4D1-0C5C-4F17-AC35-28A74329972A}.Release|x86.ActiveCfg = Release|Win32
		{8959C4D1-0C5C-4F17-AC35-28A74329972A}.Release|x86.Build.0 = Release|Win32
		{B35467C2-5092-42A1-AFC8-E1E80DF665BB}.Debug|x64.ActiveCfg = Debug|x64
		{B35467C2-5092-42A1-AFC8-E1E80DF665BB}.Debug|x64.Build.0 = Debug|x64
		{B35467C2-5092-42A1-AFC8-E1E80DF665BB}.Debug|x86.ActiveCfg = Debug|Win32
		{B35467C2-5092-42A1-AFC8-E1E80DF665BB}.Debug|x86.Build.0 = Debug|Win32
		{B35467C2-5092-42A1-AFC8-E1E80DF665BB}.Release|x64.ActiveCfg = Release|x64
		{B35467C2-5092-42A1-AFC8-E1E80DF665BB}.Release|x64.Build.0 = Release|x64
		{B35467C2-5092-42A1-AFC8-E1E80DF665BB}.Release|x86.ActiveCfg = Release|Win32
		{B35467C2-5092-42A1-AFC8-E1E80DF665BB}.Release|x86.Build.0 = Release|Win32
		{4264FE99-6B71-4BE5-B5FE-1052FA67508A}.Debug|x64.ActiveCfg = Debug|x64
		{4264FE99-6B71-4BE5-B5FE-1052FA67508A}.Debug|x64.Build.0 = Debug|x64
		{4264FE99-6B71-4BE5-B5FE-1052FA67508A}.Debug|x86.ActiveCfg = Debug|Win32
		{4264FE99-6B71-4BE5-B5FE-1052FA67508A}.Debug|x86.Build.0 = Debug|Win32
		{4264FE99-6B71-4BE5-B5FE-1052FA67508A}.Release|x64.ActiveCfg = Release|x64
		{4264FE99-6B71-4BE5-B5FE-1052FA67508A}.Release|x64.Build.0 = Release|x64
		{4264FE99-6B71-4BE5-B5FE-1052FA67508A}.Release|x86.ActiveCfg = Release|Win32
		{4264FE99-6B71-4BE5-B5FE-1052FA67508A}.Release|x86.Build.0 = Release|Win32
		{A3199DF4-83DC-4E92-9102-60091A673EE6}.Debug|x64.ActiveCfg = Debug|x64
		{A3199DF4-83DC-4E92-9102-60091A673EE6}.Debug|x64.Build.0 = Debug|x64
		{A3199DF4-83DC-4E92-9102-60091A673EE6}.Debug|x86.ActiveCfg = Debug|Win32
		{A3199DF4-83DC-4E92-9102-60091A673EE6}.Debug|x86.Build.0 = Debug|Win32
		{A3199DF4-83DC-4E92-9102-60091A673EE6}.Release|x64.ActiveCfg = Release|x64
		{A3199DF4-83DC-4E92-9102-60091A673EE6}.Release|x64.Build.0 = Release|x64
		{A3199DF4-83DC-4E92-9102-60091A673EE6}.Release|x86.ActiveCfg = Release|Win32
		{A3199DF4-83DC-4E92-9102-60091A673EE6}.Release|x86.Build.0 = Release|Win32
		{FFB8EDBC-EF5C-4002-B4DA-644BA7C16D7E}.Debug|x64.ActiveCfg = Debug|x64
		{FFB8EDBC-EF5C-4002-B4DA-644BA7C16D7E}.Debug|x64.Build.0 = Debug|x64
		{FFB8EDBC-EF5C-4002-B4DA-644BA7C16D7E}.Debug|x86.ActiveCfg = Debug|Win32
		{FFB8EDBC-EF5C-4002-B4DA-644BA7C16D7E}.Debug|x86.Build.0 = Debug|Win32
		{FFB8EDBC-EF5C-4002-B4DA-644BA7C16D7E}.Release|x64.ActiveCfg = Release|x64
		{FFB8EDBC-EF5C-4002-B4DA-644BA7C16D7E}.Release|x64.Build.0 = Release|x64
		{FFB8EDBC-EF5C-4002-B4DA-644BA7C16D7E}.Release|x86.ActiveCfg = Release|Win32
		{FFB8EDBC-EF5C-4002-B4DA-644BA7C16D7E}.Release|x86.Build.0 = Release|Win32
	EndGlobalSection
	GlobalSection(SolutionProperties) = preSolution
		HideSolutionNode = FALSE
	EndGlobalSection
	GlobalSection(ExtensibilityGlobals) = postSolution
		SolutionGuid = {8164D36E-B020-4991-8379-DCBD61539659}
	EndGlobalSection
EndGlobal
