
Microsoft Visual Studio Solution File, Format Version 12.00
# Visual Studio Version 16
VisualStudioVersion = 16.0.29230.47
MinimumVisualStudioVersion = 10.0.40219.1
Project("{8BC9CEB8-8B4A-11D0-8D11-00A0C91BC942}") = "1061_判断题", "1061_判断题\1061_判断题.vcxproj", "{CC80B073-1DE0-4D5F-B0B2-753379A014A3}"
EndProject
Project("{8BC9CEB8-8B4A-11D0-8D11-00A0C91BC942}") = "1062_最简分数", "1062_最简分数\1062_最简分数.vcxproj", "{95E878B5-EA73-4927-A1B6-F91F98BD4514}"
EndProject
Project("{8BC9CEB8-8B4A-11D0-8D11-00A0C91BC942}") = "1063_计算谱半径", "1063_计算谱半径\1063_计算谱半径.vcxproj", "{8CF1B0DD-3411-4DC0-8DE5-D5BAA5D49790}"
EndProject
Project("{8BC9CEB8-8B4A-11D0-8D11-00A0C91BC942}") = "1064_朋友数", "1064_朋友数\1064_朋友数.vcxproj", "{20DB6AD4-2613-4A96-BCAA-D95EC2FBEDAD}"
EndProject
Project("{8BC9CEB8-8B4A-11D0-8D11-00A0C91BC942}") = "1066_图像过滤", "1066_图像过滤\1066_图像过滤.vcxproj", "{B90E4CAE-8954-4284-B689-054B14754704}"
EndProject
Project("{8BC9CEB8-8B4A-11D0-8D11-00A0C91BC942}") = "1067_试密码", "1067_试密码\1067_试密码.vcxproj", "{AE60BD65-8ADE-4B13-8B6B-C4A5D670B98E}"
EndProject
Project("{8BC9CEB8-8B4A-11D0-8D11-00A0C91BC942}") = "1068_万绿丛中一点红", "1068_万绿丛中一点红\1068_万绿丛中一点红.vcxproj", "{FD7B5479-191D-419C-8289-26DDDFA54E4C}"
EndProject
Project("{8BC9CEB8-8B4A-11D0-8D11-00A0C91BC942}") = "1070_结绳", "1070_结绳\1070_结绳.vcxproj", "{61CAD387-AC28-47A2-B331-58320753C084}"
EndProject
Project("{8BC9CEB8-8B4A-11D0-8D11-00A0C91BC942}") = "1069_微博转发抽奖", "1069_微博转发抽奖\1069_微博转发抽奖.vcxproj", "{682DEA27-1BDE-4BF2-A840-14BA6B63ABE6}"
EndProject
Project("{8BC9CEB8-8B4A-11D0-8D11-00A0C91BC942}") = "1065_单身狗", "1065_单身狗\1065_单身狗.vcxproj", "{EEBC1E20-F3F2-4143-921A-8634296F44E8}"
EndProject
Global
	GlobalSection(SolutionConfigurationPlatforms) = preSolution
		Debug|x64 = Debug|x64
		Debug|x86 = Debug|x86
		Release|x64 = Release|x64
		Release|x86 = Release|x86
	EndGlobalSection
	GlobalSection(ProjectConfigurationPlatforms) = postSolution
		{CC80B073-1DE0-4D5F-B0B2-753379A014A3}.Debug|x64.ActiveCfg = Debug|x64
		{CC80B073-1DE0-4D5F-B0B2-753379A014A3}.Debug|x64.Build.0 = Debug|x64
		{CC80B073-1DE0-4D5F-B0B2-753379A014A3}.Debug|x86.ActiveCfg = Debug|Win32
		{CC80B073-1DE0-4D5F-B0B2-753379A014A3}.Debug|x86.Build.0 = Debug|Win32
		{CC80B073-1DE0-4D5F-B0B2-753379A014A3}.Release|x64.ActiveCfg = Release|x64
		{CC80B073-1DE0-4D5F-B0B2-753379A014A3}.Release|x64.Build.0 = Release|x64
		{CC80B073-1DE0-4D5F-B0B2-753379A014A3}.Release|x86.ActiveCfg = Release|Win32
		{CC80B073-1DE0-4D5F-B0B2-753379A014A3}.Release|x86.Build.0 = Release|Win32
		{95E878B5-EA73-4927-A1B6-F91F98BD4514}.Debug|x64.ActiveCfg = Debug|x64
		{95E878B5-EA73-4927-A1B6-F91F98BD4514}.Debug|x64.Build.0 = Debug|x64
		{95E878B5-EA73-4927-A1B6-F91F98BD4514}.Debug|x86.ActiveCfg = Debug|Win32
		{95E878B5-EA73-4927-A1B6-F91F98BD4514}.Debug|x86.Build.0 = Debug|Win32
		{95E878B5-EA73-4927-A1B6-F91F98BD4514}.Release|x64.ActiveCfg = Release|x64
		{95E878B5-EA73-4927-A1B6-F91F98BD4514}.Release|x64.Build.0 = Release|x64
		{95E878B5-EA73-4927-A1B6-F91F98BD4514}.Release|x86.ActiveCfg = Release|Win32
		{95E878B5-EA73-4927-A1B6-F91F98BD4514}.Release|x86.Build.0 = Release|Win32
		{8CF1B0DD-3411-4DC0-8DE5-D5BAA5D49790}.Debug|x64.ActiveCfg = Debug|x64
		{8CF1B0DD-3411-4DC0-8DE5-D5BAA5D49790}.Debug|x64.Build.0 = Debug|x64
		{8CF1B0DD-3411-4DC0-8DE5-D5BAA5D49790}.Debug|x86.ActiveCfg = Debug|Win32
		{8CF1B0DD-3411-4DC0-8DE5-D5BAA5D49790}.Debug|x86.Build.0 = Debug|Win32
		{8CF1B0DD-3411-4DC0-8DE5-D5BAA5D49790}.Release|x64.ActiveCfg = Release|x64
		{8CF1B0DD-3411-4DC0-8DE5-D5BAA5D49790}.Release|x64.Build.0 = Release|x64
		{8CF1B0DD-3411-4DC0-8DE5-D5BAA5D49790}.Release|x86.ActiveCfg = Release|Win32
		{8CF1B0DD-3411-4DC0-8DE5-D5BAA5D49790}.Release|x86.Build.0 = Release|Win32
		{20DB6AD4-2613-4A96-BCAA-D95EC2FBEDAD}.Debug|x64.ActiveCfg = Debug|x64
		{20DB6AD4-2613-4A96-BCAA-D95EC2FBEDAD}.Debug|x64.Build.0 = Debug|x64
		{20DB6AD4-2613-4A96-BCAA-D95EC2FBEDAD}.Debug|x86.ActiveCfg = Debug|Win32
		{20DB6AD4-2613-4A96-BCAA-D95EC2FBEDAD}.Debug|x86.Build.0 = Debug|Win32
		{20DB6AD4-2613-4A96-BCAA-D95EC2FBEDAD}.Release|x64.ActiveCfg = Release|x64
		{20DB6AD4-2613-4A96-BCAA-D95EC2FBEDAD}.Release|x64.Build.0 = Release|x64
		{20DB6AD4-2613-4A96-BCAA-D95EC2FBEDAD}.Release|x86.ActiveCfg = Release|Win32
		{20DB6AD4-2613-4A96-BCAA-D95EC2FBEDAD}.Release|x86.Build.0 = Release|Win32
		{B90E4CAE-8954-4284-B689-054B14754704}.Debug|x64.ActiveCfg = Debug|x64
		{B90E4CAE-8954-4284-B689-054B14754704}.Debug|x64.Build.0 = Debug|x64
		{B90E4CAE-8954-4284-B689-054B14754704}.Debug|x86.ActiveCfg = Debug|Win32
		{B90E4CAE-8954-4284-B689-054B14754704}.Debug|x86.Build.0 = Debug|Win32
		{B90E4CAE-8954-4284-B689-054B14754704}.Release|x64.ActiveCfg = Release|x64
		{B90E4CAE-8954-4284-B689-054B14754704}.Release|x64.Build.0 = Release|x64
		{B90E4CAE-8954-4284-B689-054B14754704}.Release|x86.ActiveCfg = Release|Win32
		{B90E4CAE-8954-4284-B689-054B14754704}.Release|x86.Build.0 = Release|Win32
		{AE60BD65-8ADE-4B13-8B6B-C4A5D670B98E}.Debug|x64.ActiveCfg = Debug|x64
		{AE60BD65-8ADE-4B13-8B6B-C4A5D670B98E}.Debug|x64.Build.0 = Debug|x64
		{AE60BD65-8ADE-4B13-8B6B-C4A5D670B98E}.Debug|x86.ActiveCfg = Debug|Win32
		{AE60BD65-8ADE-4B13-8B6B-C4A5D670B98E}.Debug|x86.Build.0 = Debug|Win32
		{AE60BD65-8ADE-4B13-8B6B-C4A5D670B98E}.Release|x64.ActiveCfg = Release|x64
		{AE60BD65-8ADE-4B13-8B6B-C4A5D670B98E}.Release|x64.Build.0 = Release|x64
		{AE60BD65-8ADE-4B13-8B6B-C4A5D670B98E}.Release|x86.ActiveCfg = Release|Win32
		{AE60BD65-8ADE-4B13-8B6B-C4A5D670B98E}.Release|x86.Build.0 = Release|Win32
		{FD7B5479-191D-419C-8289-26DDDFA54E4C}.Debug|x64.ActiveCfg = Debug|x64
		{FD7B5479-191D-419C-8289-26DDDFA54E4C}.Debug|x64.Build.0 = Debug|x64
		{FD7B5479-191D-419C-8289-26DDDFA54E4C}.Debug|x86.ActiveCfg = Debug|Win32
		{FD7B5479-191D-419C-8289-26DDDFA54E4C}.Debug|x86.Build.0 = Debug|Win32
		{FD7B5479-191D-419C-8289-26DDDFA54E4C}.Release|x64.ActiveCfg = Release|x64
		{FD7B5479-191D-419C-8289-26DDDFA54E4C}.Release|x64.Build.0 = Release|x64
		{FD7B5479-191D-419C-8289-26DDDFA54E4C}.Release|x86.ActiveCfg = Release|Win32
		{FD7B5479-191D-419C-8289-26DDDFA54E4C}.Release|x86.Build.0 = Release|Win32
		{61CAD387-AC28-47A2-B331-58320753C084}.Debug|x64.ActiveCfg = Debug|x64
		{61CAD387-AC28-47A2-B331-58320753C084}.Debug|x64.Build.0 = Debug|x64
		{61CAD387-AC28-47A2-B331-58320753C084}.Debug|x86.ActiveCfg = Debug|Win32
		{61CAD387-AC28-47A2-B331-58320753C084}.Debug|x86.Build.0 = Debug|Win32
		{61CAD387-AC28-47A2-B331-58320753C084}.Release|x64.ActiveCfg = Release|x64
		{61CAD387-AC28-47A2-B331-58320753C084}.Release|x64.Build.0 = Release|x64
		{61CAD387-AC28-47A2-B331-58320753C084}.Release|x86.ActiveCfg = Release|Win32
		{61CAD387-AC28-47A2-B331-58320753C084}.Release|x86.Build.0 = Release|Win32
		{682DEA27-1BDE-4BF2-A840-14BA6B63ABE6}.Debug|x64.ActiveCfg = Debug|x64
		{682DEA27-1BDE-4BF2-A840-14BA6B63ABE6}.Debug|x64.Build.0 = Debug|x64
		{682DEA27-1BDE-4BF2-A840-14BA6B63ABE6}.Debug|x86.ActiveCfg = Debug|Win32
		{682DEA27-1BDE-4BF2-A840-14BA6B63ABE6}.Debug|x86.Build.0 = Debug|Win32
		{682DEA27-1BDE-4BF2-A840-14BA6B63ABE6}.Release|x64.ActiveCfg = Release|x64
		{682DEA27-1BDE-4BF2-A840-14BA6B63ABE6}.Release|x64.Build.0 = Release|x64
		{682DEA27-1BDE-4BF2-A840-14BA6B63ABE6}.Release|x86.ActiveCfg = Release|Win32
		{682DEA27-1BDE-4BF2-A840-14BA6B63ABE6}.Release|x86.Build.0 = Release|Win32
		{EEBC1E20-F3F2-4143-921A-8634296F44E8}.Debug|x64.ActiveCfg = Debug|x64
		{EEBC1E20-F3F2-4143-921A-8634296F44E8}.Debug|x64.Build.0 = Debug|x64
		{EEBC1E20-F3F2-4143-921A-8634296F44E8}.Debug|x86.ActiveCfg = Debug|Win32
		{EEBC1E20-F3F2-4143-921A-8634296F44E8}.Debug|x86.Build.0 = Debug|Win32
		{EEBC1E20-F3F2-4143-921A-8634296F44E8}.Release|x64.ActiveCfg = Release|x64
		{EEBC1E20-F3F2-4143-921A-8634296F44E8}.Release|x64.Build.0 = Release|x64
		{EEBC1E20-F3F2-4143-921A-8634296F44E8}.Release|x86.ActiveCfg = Release|Win32
		{EEBC1E20-F3F2-4143-921A-8634296F44E8}.Release|x86.Build.0 = Release|Win32
	EndGlobalSection
	GlobalSection(SolutionProperties) = preSolution
		HideSolutionNode = FALSE
	EndGlobalSection
	GlobalSection(ExtensibilityGlobals) = postSolution
		SolutionGuid = {98A9BAB9-9640-42AA-8F11-8CF3496DED46}
	EndGlobalSection
EndGlobal
