
Microsoft Visual Studio Solution File, Format Version 12.00
# Visual Studio Version 16
VisualStudioVersion = 16.0.29230.47
MinimumVisualStudioVersion = 10.0.40219.1
Project("{8BC9CEB8-8B4A-11D0-8D11-00A0C91BC942}") = "1041_考试座位号", "1041_考试座位号\1041_考试座位号.vcxproj", "{67810515-D1A8-4F41-9388-30E0805AC825}"
EndProject
Project("{8BC9CEB8-8B4A-11D0-8D11-00A0C91BC942}") = "1042_字符统计", "1042_字符统计\1042_字符统计.vcxproj", "{80F3309D-9B16-4AA0-BA59-637E7F17CB6E}"
EndProject
Project("{8BC9CEB8-8B4A-11D0-8D11-00A0C91BC942}") = "1043_输出PATest", "1043_输出PATest\1043_输出PATest.vcxproj", "{8416E10E-C5EE-47D8-8343-90F21EACBB27}"
EndProject
Project("{8BC9CEB8-8B4A-11D0-8D11-00A0C91BC942}") = "1044_火星数字", "1044_火星数字\1044_火星数字.vcxproj", "{E331CA0A-1DE3-45BB-8BD3-373AD21AC1D0}"
EndProject
Project("{8BC9CEB8-8B4A-11D0-8D11-00A0C91BC942}") = "1045_快速排序", "1045_快速排序\1045_快速排序.vcxproj", "{D7EFB06E-8CF5-4D12-8082-486E8144AEB0}"
EndProject
Project("{8BC9CEB8-8B4A-11D0-8D11-00A0C91BC942}") = "1046_划拳", "1046_划拳\1046_划拳.vcxproj", "{16DC4851-03E7-4493-B918-E4C92D1EA157}"
EndProject
Project("{8BC9CEB8-8B4A-11D0-8D11-00A0C91BC942}") = "1047_编程团体赛", "1047_编程团体赛\1047_编程团体赛.vcxproj", "{35CE2E09-F532-4AA3-8329-FA8104EFCCD3}"
EndProject
Project("{8BC9CEB8-8B4A-11D0-8D11-00A0C91BC942}") = "1048_数字加密", "1048_数字加密\1048_数字加密.vcxproj", "{DEB8F3C6-98DE-4A27-8FA7-F9E5A6B3D81E}"
EndProject
Project("{8BC9CEB8-8B4A-11D0-8D11-00A0C91BC942}") = "1049_数列的片段和", "1049_数列的片段和\1049_数列的片段和.vcxproj", "{89A30C16-2059-4B6D-80C6-769AB1D9B8F6}"
EndProject
Project("{8BC9CEB8-8B4A-11D0-8D11-00A0C91BC942}") = "1050_螺旋矩阵", "1050_螺旋矩阵\1050_螺旋矩阵.vcxproj", "{99E3AC28-A119-475F-871A-396CD5957AE3}"
EndProject
Global
	GlobalSection(SolutionConfigurationPlatforms) = preSolution
		Debug|x64 = Debug|x64
		Debug|x86 = Debug|x86
		Release|x64 = Release|x64
		Release|x86 = Release|x86
	EndGlobalSection
	GlobalSection(ProjectConfigurationPlatforms) = postSolution
		{67810515-D1A8-4F41-9388-30E0805AC825}.Debug|x64.ActiveCfg = Debug|x64
		{67810515-D1A8-4F41-9388-30E0805AC825}.Debug|x64.Build.0 = Debug|x64
		{67810515-D1A8-4F41-9388-30E0805AC825}.Debug|x86.ActiveCfg = Debug|Win32
		{67810515-D1A8-4F41-9388-30E0805AC825}.Debug|x86.Build.0 = Debug|Win32
		{67810515-D1A8-4F41-9388-30E0805AC825}.Release|x64.ActiveCfg = Release|x64
		{67810515-D1A8-4F41-9388-30E0805AC825}.Release|x64.Build.0 = Release|x64
		{67810515-D1A8-4F41-9388-30E0805AC825}.Release|x86.ActiveCfg = Release|Win32
		{67810515-D1A8-4F41-9388-30E0805AC825}.Release|x86.Build.0 = Release|Win32
		{80F3309D-9B16-4AA0-BA59-637E7F17CB6E}.Debug|x64.ActiveCfg = Debug|x64
		{80F3309D-9B16-4AA0-BA59-637E7F17CB6E}.Debug|x64.Build.0 = Debug|x64
		{80F3309D-9B16-4AA0-BA59-637E7F17CB6E}.Debug|x86.ActiveCfg = Debug|Win32
		{80F3309D-9B16-4AA0-BA59-637E7F17CB6E}.Debug|x86.Build.0 = Debug|Win32
		{80F3309D-9B16-4AA0-BA59-637E7F17CB6E}.Release|x64.ActiveCfg = Release|x64
		{80F3309D-9B16-4AA0-BA59-637E7F17CB6E}.Release|x64.Build.0 = Release|x64
		{80F3309D-9B16-4AA0-BA59-637E7F17CB6E}.Release|x86.ActiveCfg = Release|Win32
		{80F3309D-9B16-4AA0-BA59-637E7F17CB6E}.Release|x86.Build.0 = Release|Win32
		{8416E10E-C5EE-47D8-8343-90F21EACBB27}.Debug|x64.ActiveCfg = Debug|x64
		{8416E10E-C5EE-47D8-8343-90F21EACBB27}.Debug|x64.Build.0 = Debug|x64
		{8416E10E-C5EE-47D8-8343-90F21EACBB27}.Debug|x86.ActiveCfg = Debug|Win32
		{8416E10E-C5EE-47D8-8343-90F21EACBB27}.Debug|x86.Build.0 = Debug|Win32
		{8416E10E-C5EE-47D8-8343-90F21EACBB27}.Release|x64.ActiveCfg = Release|x64
		{8416E10E-C5EE-47D8-8343-90F21EACBB27}.Release|x64.Build.0 = Release|x64
		{8416E10E-C5EE-47D8-8343-90F21EACBB27}.Release|x86.ActiveCfg = Release|Win32
		{8416E10E-C5EE-47D8-8343-90F21EACBB27}.Release|x86.Build.0 = Release|Win32
		{E331CA0A-1DE3-45BB-8BD3-373AD21AC1D0}.Debug|x64.ActiveCfg = Debug|x64
		{E331CA0A-1DE3-45BB-8BD3-373AD21AC1D0}.Debug|x64.Build.0 = Debug|x64
		{E331CA0A-1DE3-45BB-8BD3-373AD21AC1D0}.Debug|x86.ActiveCfg = Debug|Win32
		{E331CA0A-1DE3-45BB-8BD3-373AD21AC1D0}.Debug|x86.Build.0 = Debug|Win32
		{E331CA0A-1DE3-45BB-8BD3-373AD21AC1D0}.Release|x64.ActiveCfg = Release|x64
		{E331CA0A-1DE3-45BB-8BD3-373AD21AC1D0}.Release|x64.Build.0 = Release|x64
		{E331CA0A-1DE3-45BB-8BD3-373AD21AC1D0}.Release|x86.ActiveCfg = Release|Win32
		{E331CA0A-1DE3-45BB-8BD3-373AD21AC1D0}.Release|x86.Build.0 = Release|Win32
		{D7EFB06E-8CF5-4D12-8082-486E8144AEB0}.Debug|x64.ActiveCfg = Debug|x64
		{D7EFB06E-8CF5-4D12-8082-486E8144AEB0}.Debug|x64.Build.0 = Debug|x64
		{D7EFB06E-8CF5-4D12-8082-486E8144AEB0}.Debug|x86.ActiveCfg = Debug|Win32
		{D7EFB06E-8CF5-4D12-8082-486E8144AEB0}.Debug|x86.Build.0 = Debug|Win32
		{D7EFB06E-8CF5-4D12-8082-486E8144AEB0}.Release|x64.ActiveCfg = Release|x64
		{D7EFB06E-8CF5-4D12-8082-486E8144AEB0}.Release|x64.Build.0 = Release|x64
		{D7EFB06E-8CF5-4D12-8082-486E8144AEB0}.Release|x86.ActiveCfg = Release|Win32
		{D7EFB06E-8CF5-4D12-8082-486E8144AEB0}.Release|x86.Build.0 = Release|Win32
		{16DC4851-03E7-4493-B918-E4C92D1EA157}.Debug|x64.ActiveCfg = Debug|x64
		{16DC4851-03E7-4493-B918-E4C92D1EA157}.Debug|x64.Build.0 = Debug|x64
		{16DC4851-03E7-4493-B918-E4C92D1EA157}.Debug|x86.ActiveCfg = Debug|Win32
		{16DC4851-03E7-4493-B918-E4C92D1EA157}.Debug|x86.Build.0 = Debug|Win32
		{16DC4851-03E7-4493-B918-E4C92D1EA157}.Release|x64.ActiveCfg = Release|x64
		{16DC4851-03E7-4493-B918-E4C92D1EA157}.Release|x64.Build.0 = Release|x64
		{16DC4851-03E7-4493-B918-E4C92D1EA157}.Release|x86.ActiveCfg = Release|Win32
		{16DC4851-03E7-4493-B918-E4C92D1EA157}.Release|x86.Build.0 = Release|Win32
		{35CE2E09-F532-4AA3-8329-FA8104EFCCD3}.Debug|x64.ActiveCfg = Debug|x64
		{35CE2E09-F532-4AA3-8329-FA8104EFCCD3}.Debug|x64.Build.0 = Debug|x64
		{35CE2E09-F532-4AA3-8329-FA8104EFCCD3}.Debug|x86.ActiveCfg = Debug|Win32
		{35CE2E09-F532-4AA3-8329-FA8104EFCCD3}.Debug|x86.Build.0 = Debug|Win32
		{35CE2E09-F532-4AA3-8329-FA8104EFCCD3}.Release|x64.ActiveCfg = Release|x64
		{35CE2E09-F532-4AA3-8329-FA8104EFCCD3}.Release|x64.Build.0 = Release|x64
		{35CE2E09-F532-4AA3-8329-FA8104EFCCD3}.Release|x86.ActiveCfg = Release|Win32
		{35CE2E09-F532-4AA3-8329-FA8104EFCCD3}.Release|x86.Build.0 = Release|Win32
		{DEB8F3C6-98DE-4A27-8FA7-F9E5A6B3D81E}.Debug|x64.ActiveCfg = Debug|x64
		{DEB8F3C6-98DE-4A27-8FA7-F9E5A6B3D81E}.Debug|x64.Build.0 = Debug|x64
		{DEB8F3C6-98DE-4A27-8FA7-F9E5A6B3D81E}.Debug|x86.ActiveCfg = Debug|Win32
		{DEB8F3C6-98DE-4A27-8FA7-F9E5A6B3D81E}.Debug|x86.Build.0 = Debug|Win32
		{DEB8F3C6-98DE-4A27-8FA7-F9E5A6B3D81E}.Release|x64.ActiveCfg = Release|x64
		{DEB8F3C6-98DE-4A27-8FA7-F9E5A6B3D81E}.Release|x64.Build.0 = Release|x64
		{DEB8F3C6-98DE-4A27-8FA7-F9E5A6B3D81E}.Release|x86.ActiveCfg = Release|Win32
		{DEB8F3C6-98DE-4A27-8FA7-F9E5A6B3D81E}.Release|x86.Build.0 = Release|Win32
		{89A30C16-2059-4B6D-80C6-769AB1D9B8F6}.Debug|x64.ActiveCfg = Debug|x64
		{89A30C16-2059-4B6D-80C6-769AB1D9B8F6}.Debug|x64.Build.0 = Debug|x64
		{89A30C16-2059-4B6D-80C6-769AB1D9B8F6}.Debug|x86.ActiveCfg = Debug|Win32
		{89A30C16-2059-4B6D-80C6-769AB1D9B8F6}.Debug|x86.Build.0 = Debug|Win32
		{89A30C16-2059-4B6D-80C6-769AB1D9B8F6}.Release|x64.ActiveCfg = Release|x64
		{89A30C16-2059-4B6D-80C6-769AB1D9B8F6}.Release|x64.Build.0 = Release|x64
		{89A30C16-2059-4B6D-80C6-769AB1D9B8F6}.Release|x86.ActiveCfg = Release|Win32
		{89A30C16-2059-4B6D-80C6-769AB1D9B8F6}.Release|x86.Build.0 = Release|Win32
		{99E3AC28-A119-475F-871A-396CD5957AE3}.Debug|x64.ActiveCfg = Debug|x64
		{99E3AC28-A119-475F-871A-396CD5957AE3}.Debug|x64.Build.0 = Debug|x64
		{99E3AC28-A119-475F-871A-396CD5957AE3}.Debug|x86.ActiveCfg = Debug|Win32
		{99E3AC28-A119-475F-871A-396CD5957AE3}.Debug|x86.Build.0 = Debug|Win32
		{99E3AC28-A119-475F-871A-396CD5957AE3}.Release|x64.ActiveCfg = Release|x64
		{99E3AC28-A119-475F-871A-396CD5957AE3}.Release|x64.Build.0 = Release|x64
		{99E3AC28-A119-475F-871A-396CD5957AE3}.Release|x86.ActiveCfg = Release|Win32
		{99E3AC28-A119-475F-871A-396CD5957AE3}.Release|x86.Build.0 = Release|Win32
	EndGlobalSection
	GlobalSection(SolutionProperties) = preSolution
		HideSolutionNode = FALSE
	EndGlobalSection
	GlobalSection(ExtensibilityGlobals) = postSolution
		SolutionGuid = {169AF684-0992-45DF-9135-DA0AE51A3171}
	EndGlobalSection
EndGlobal
