
Microsoft Visual Studio Solution File, Format Version 12.00
# Visual Studio Version 16
VisualStudioVersion = 16.0.29230.47
MinimumVisualStudioVersion = 10.0.40219.1
Project("{8BC9CEB8-8B4A-11D0-8D11-00A0C91BC942}") = "1001_害死人不偿命的(3n+1)猜想", "1001_害死人不偿命的(3n+1)猜想\1001_害死人不偿命的(3n+1)猜想.vcxproj", "{54752F42-942F-4B18-9BD9-D9A9083557D8}"
EndProject
Project("{8BC9CEB8-8B4A-11D0-8D11-00A0C91BC942}") = "1002_写出这个数", "1002_写出这个数\1002_写出这个数.vcxproj", "{3FF40262-63F7-4966-ABC1-07AA6656402B}"
EndProject
Project("{8BC9CEB8-8B4A-11D0-8D11-00A0C91BC942}") = "1003_我要通过", "1003_我要通过\1003_我要通过.vcxproj", "{01447EEC-6E91-4378-A390-95BE247EC96A}"
EndProject
Project("{8BC9CEB8-8B4A-11D0-8D11-00A0C91BC942}") = "1004_成绩排名", "1004_成绩排名\1004_成绩排名.vcxproj", "{FB8DD580-9740-4EFC-9EDA-B26ACCF19FC9}"
EndProject
Project("{8BC9CEB8-8B4A-11D0-8D11-00A0C91BC942}") = "1005_继续(3n+1)猜想", "1005_继续(3n+1)猜想\1005_继续(3n+1)猜想.vcxproj", "{31F8BCB0-EA7B-4866-AA41-B92EC2BA259E}"
EndProject
Project("{8BC9CEB8-8B4A-11D0-8D11-00A0C91BC942}") = "1006_换个格式输出整数", "1006_换个格式输出整数\1006_换个格式输出整数.vcxproj", "{0B951C1C-200F-4778-88F9-9431FE2F8439}"
EndProject
Project("{8BC9CEB8-8B4A-11D0-8D11-00A0C91BC942}") = "1007_素数对猜想", "1007_素数对猜想\1007_素数对猜想.vcxproj", "{60567B52-3EBC-423C-B58E-10D571B06AAD}"
EndProject
Project("{8BC9CEB8-8B4A-11D0-8D11-00A0C91BC942}") = "1008_数组元素循环右移问题", "1008_数组元素循环右移问题\1008_数组元素循环右移问题.vcxproj", "{083FD04B-4498-44A9-8F3F-AFF4CBB9F29D}"
EndProject
Project("{8BC9CEB8-8B4A-11D0-8D11-00A0C91BC942}") = "1009_说反话", "1009_说反话\1009_说反话.vcxproj", "{02306CD7-08DB-472C-A5C1-7E089FC88161}"
EndProject
Project("{8BC9CEB8-8B4A-11D0-8D11-00A0C91BC942}") = "1010_一元多项式求导", "1010_一元多项式求导\1010_一元多项式求导.vcxproj", "{C5806CDA-A998-4019-8CF0-7EA64DF85115}"
EndProject
Global
	GlobalSection(SolutionConfigurationPlatforms) = preSolution
		Debug|x64 = Debug|x64
		Debug|x86 = Debug|x86
		Release|x64 = Release|x64
		Release|x86 = Release|x86
	EndGlobalSection
	GlobalSection(ProjectConfigurationPlatforms) = postSolution
		{54752F42-942F-4B18-9BD9-D9A9083557D8}.Debug|x64.ActiveCfg = Debug|x64
		{54752F42-942F-4B18-9BD9-D9A9083557D8}.Debug|x64.Build.0 = Debug|x64
		{54752F42-942F-4B18-9BD9-D9A9083557D8}.Debug|x86.ActiveCfg = Debug|Win32
		{54752F42-942F-4B18-9BD9-D9A9083557D8}.Debug|x86.Build.0 = Debug|Win32
		{54752F42-942F-4B18-9BD9-D9A9083557D8}.Release|x64.ActiveCfg = Release|x64
		{54752F42-942F-4B18-9BD9-D9A9083557D8}.Release|x64.Build.0 = Release|x64
		{54752F42-942F-4B18-9BD9-D9A9083557D8}.Release|x86.ActiveCfg = Release|Win32
		{54752F42-942F-4B18-9BD9-D9A9083557D8}.Release|x86.Build.0 = Release|Win32
		{3FF40262-63F7-4966-ABC1-07AA6656402B}.Debug|x64.ActiveCfg = Debug|x64
		{3FF40262-63F7-4966-ABC1-07AA6656402B}.Debug|x64.Build.0 = Debug|x64
		{3FF40262-63F7-4966-ABC1-07AA6656402B}.Debug|x86.ActiveCfg = Debug|Win32
		{3FF40262-63F7-4966-ABC1-07AA6656402B}.Debug|x86.Build.0 = Debug|Win32
		{3FF40262-63F7-4966-ABC1-07AA6656402B}.Release|x64.ActiveCfg = Release|x64
		{3FF40262-63F7-4966-ABC1-07AA6656402B}.Release|x64.Build.0 = Release|x64
		{3FF40262-63F7-4966-ABC1-07AA6656402B}.Release|x86.ActiveCfg = Release|Win32
		{3FF40262-63F7-4966-ABC1-07AA6656402B}.Release|x86.Build.0 = Release|Win32
		{01447EEC-6E91-4378-A390-95BE247EC96A}.Debug|x64.ActiveCfg = Debug|x64
		{01447EEC-6E91-4378-A390-95BE247EC96A}.Debug|x64.Build.0 = Debug|x64
		{01447EEC-6E91-4378-A390-95BE247EC96A}.Debug|x86.ActiveCfg = Debug|Win32
		{01447EEC-6E91-4378-A390-95BE247EC96A}.Debug|x86.Build.0 = Debug|Win32
		{01447EEC-6E91-4378-A390-95BE247EC96A}.Release|x64.ActiveCfg = Release|x64
		{01447EEC-6E91-4378-A390-95BE247EC96A}.Release|x64.Build.0 = Release|x64
		{01447EEC-6E91-4378-A390-95BE247EC96A}.Release|x86.ActiveCfg = Release|Win32
		{01447EEC-6E91-4378-A390-95BE247EC96A}.Release|x86.Build.0 = Release|Win32
		{FB8DD580-9740-4EFC-9EDA-B26ACCF19FC9}.Debug|x64.ActiveCfg = Debug|x64
		{FB8DD580-9740-4EFC-9EDA-B26ACCF19FC9}.Debug|x64.Build.0 = Debug|x64
		{FB8DD580-9740-4EFC-9EDA-B26ACCF19FC9}.Debug|x86.ActiveCfg = Debug|Win32
		{FB8DD580-9740-4EFC-9EDA-B26ACCF19FC9}.Debug|x86.Build.0 = Debug|Win32
		{FB8DD580-9740-4EFC-9EDA-B26ACCF19FC9}.Release|x64.ActiveCfg = Release|x64
		{FB8DD580-9740-4EFC-9EDA-B26ACCF19FC9}.Release|x64.Build.0 = Release|x64
		{FB8DD580-9740-4EFC-9EDA-B26ACCF19FC9}.Release|x86.ActiveCfg = Release|Win32
		{FB8DD580-9740-4EFC-9EDA-B26ACCF19FC9}.Release|x86.Build.0 = Release|Win32
		{31F8BCB0-EA7B-4866-AA41-B92EC2BA259E}.Debug|x64.ActiveCfg = Debug|x64
		{31F8BCB0-EA7B-4866-AA41-B92EC2BA259E}.Debug|x64.Build.0 = Debug|x64
		{31F8BCB0-EA7B-4866-AA41-B92EC2BA259E}.Debug|x86.ActiveCfg = Debug|Win32
		{31F8BCB0-EA7B-4866-AA41-B92EC2BA259E}.Debug|x86.Build.0 = Debug|Win32
		{31F8BCB0-EA7B-4866-AA41-B92EC2BA259E}.Release|x64.ActiveCfg = Release|x64
		{31F8BCB0-EA7B-4866-AA41-B92EC2BA259E}.Release|x64.Build.0 = Release|x64
		{31F8BCB0-EA7B-4866-AA41-B92EC2BA259E}.Release|x86.ActiveCfg = Release|Win32
		{31F8BCB0-EA7B-4866-AA41-B92EC2BA259E}.Release|x86.Build.0 = Release|Win32
		{0B951C1C-200F-4778-88F9-9431FE2F8439}.Debug|x64.ActiveCfg = Debug|x64
		{0B951C1C-200F-4778-88F9-9431FE2F8439}.Debug|x64.Build.0 = Debug|x64
		{0B951C1C-200F-4778-88F9-9431FE2F8439}.Debug|x86.ActiveCfg = Debug|Win32
		{0B951C1C-200F-4778-88F9-9431FE2F8439}.Debug|x86.Build.0 = Debug|Win32
		{0B951C1C-200F-4778-88F9-9431FE2F8439}.Release|x64.ActiveCfg = Release|x64
		{0B951C1C-200F-4778-88F9-9431FE2F8439}.Release|x64.Build.0 = Release|x64
		{0B951C1C-200F-4778-88F9-9431FE2F8439}.Release|x86.ActiveCfg = Release|Win32
		{0B951C1C-200F-4778-88F9-9431FE2F8439}.Release|x86.Build.0 = Release|Win32
		{60567B52-3EBC-423C-B58E-10D571B06AAD}.Debug|x64.ActiveCfg = Debug|x64
		{60567B52-3EBC-423C-B58E-10D571B06AAD}.Debug|x64.Build.0 = Debug|x64
		{60567B52-3EBC-423C-B58E-10D571B06AAD}.Debug|x86.ActiveCfg = Debug|Win32
		{60567B52-3EBC-423C-B58E-10D571B06AAD}.Debug|x86.Build.0 = Debug|Win32
		{60567B52-3EBC-423C-B58E-10D571B06AAD}.Release|x64.ActiveCfg = Release|x64
		{60567B52-3EBC-423C-B58E-10D571B06AAD}.Release|x64.Build.0 = Release|x64
		{60567B52-3EBC-423C-B58E-10D571B06AAD}.Release|x86.ActiveCfg = Release|Win32
		{60567B52-3EBC-423C-B58E-10D571B06AAD}.Release|x86.Build.0 = Release|Win32
		{083FD04B-4498-44A9-8F3F-AFF4CBB9F29D}.Debug|x64.ActiveCfg = Debug|x64
		{083FD04B-4498-44A9-8F3F-AFF4CBB9F29D}.Debug|x64.Build.0 = Debug|x64
		{083FD04B-4498-44A9-8F3F-AFF4CBB9F29D}.Debug|x86.ActiveCfg = Debug|Win32
		{083FD04B-4498-44A9-8F3F-AFF4CBB9F29D}.Debug|x86.Build.0 = Debug|Win32
		{083FD04B-4498-44A9-8F3F-AFF4CBB9F29D}.Release|x64.ActiveCfg = Release|x64
		{083FD04B-4498-44A9-8F3F-AFF4CBB9F29D}.Release|x64.Build.0 = Release|x64
		{083FD04B-4498-44A9-8F3F-AFF4CBB9F29D}.Release|x86.ActiveCfg = Release|Win32
		{083FD04B-4498-44A9-8F3F-AFF4CBB9F29D}.Release|x86.Build.0 = Release|Win32
		{02306CD7-08DB-472C-A5C1-7E089FC88161}.Debug|x64.ActiveCfg = Debug|x64
		{02306CD7-08DB-472C-A5C1-7E089FC88161}.Debug|x64.Build.0 = Debug|x64
		{02306CD7-08DB-472C-A5C1-7E089FC88161}.Debug|x86.ActiveCfg = Debug|Win32
		{02306CD7-08DB-472C-A5C1-7E089FC88161}.Debug|x86.Build.0 = Debug|Win32
		{02306CD7-08DB-472C-A5C1-7E089FC88161}.Release|x64.ActiveCfg = Release|x64
		{02306CD7-08DB-472C-A5C1-7E089FC88161}.Release|x64.Build.0 = Release|x64
		{02306CD7-08DB-472C-A5C1-7E089FC88161}.Release|x86.ActiveCfg = Release|Win32
		{02306CD7-08DB-472C-A5C1-7E089FC88161}.Release|x86.Build.0 = Release|Win32
		{C5806CDA-A998-4019-8CF0-7EA64DF85115}.Debug|x64.ActiveCfg = Debug|x64
		{C5806CDA-A998-4019-8CF0-7EA64DF85115}.Debug|x64.Build.0 = Debug|x64
		{C5806CDA-A998-4019-8CF0-7EA64DF85115}.Debug|x86.ActiveCfg = Debug|Win32
		{C5806CDA-A998-4019-8CF0-7EA64DF85115}.Debug|x86.Build.0 = Debug|Win32
		{C5806CDA-A998-4019-8CF0-7EA64DF85115}.Release|x64.ActiveCfg = Release|x64
		{C5806CDA-A998-4019-8CF0-7EA64DF85115}.Release|x64.Build.0 = Release|x64
		{C5806CDA-A998-4019-8CF0-7EA64DF85115}.Release|x86.ActiveCfg = Release|Win32
		{C5806CDA-A998-4019-8CF0-7EA64DF85115}.Release|x86.Build.0 = Release|Win32
	EndGlobalSection
	GlobalSection(SolutionProperties) = preSolution
		HideSolutionNode = FALSE
	EndGlobalSection
	GlobalSection(ExtensibilityGlobals) = postSolution
		SolutionGuid = {8D10483F-FE46-4E7C-A735-3C964DC04126}
	EndGlobalSection
EndGlobal
