
Microsoft Visual Studio Solution File, Format Version 12.00
# Visual Studio Version 16
VisualStudioVersion = 16.0.29230.47
MinimumVisualStudioVersion = 10.0.40219.1
Project("{8BC9CEB8-8B4A-11D0-8D11-00A0C91BC942}") = "1081_检查密码", "1081_检查密码\1081_检查密码.vcxproj", "{74F72652-D67B-4840-B04F-86B2374D563F}"
EndProject
Project("{8BC9CEB8-8B4A-11D0-8D11-00A0C91BC942}") = "1082_射击比赛", "1082_射击比赛\1082_射击比赛.vcxproj", "{B4952163-92AD-4B70-AF94-2153E1809442}"
EndProject
Project("{8BC9CEB8-8B4A-11D0-8D11-00A0C91BC942}") = "1083_是否存在相等的差", "1083_是否存在相等的差\1083_是否存在相等的差.vcxproj", "{8F430C86-DCE3-4034-9C94-7B9859EBD8D3}"
EndProject
Project("{8BC9CEB8-8B4A-11D0-8D11-00A0C91BC942}") = "1084_外观数列", "1084_外观数列\1084_外观数列.vcxproj", "{C609F902-39A2-4B93-8B74-91CD5C109711}"
EndProject
Project("{8BC9CEB8-8B4A-11D0-8D11-00A0C91BC942}") = "1085_PAT单位排行", "1085_PAT单位排行\1085_PAT单位排行.vcxproj", "{423E14D5-B4DA-4EFC-99A6-3A03B2AE92E5}"
EndProject
Project("{8BC9CEB8-8B4A-11D0-8D11-00A0C91BC942}") = "1086_就不告诉你", "1086_就不告诉你\1086_就不告诉你.vcxproj", "{A069178B-9498-45AF-891F-FC2531829AD8}"
EndProject
Project("{8BC9CEB8-8B4A-11D0-8D11-00A0C91BC942}") = "1087_有多少不同的值", "1087_有多少不同的值\1087_有多少不同的值.vcxproj", "{E5DF1789-B3B2-49BE-984D-EB761E6493EB}"
EndProject
Project("{8BC9CEB8-8B4A-11D0-8D11-00A0C91BC942}") = "1088_三人行", "1088_三人行\1088_三人行.vcxproj", "{8FACC041-2A9E-4F5A-9B99-52EB0D89F765}"
EndProject
Project("{8BC9CEB8-8B4A-11D0-8D11-00A0C91BC942}") = "1089_狼人杀简单版", "1089_狼人杀简单版\1089_狼人杀简单版.vcxproj", "{3F1A3DB5-013E-443E-86DD-A1C06ED02092}"
EndProject
Project("{8BC9CEB8-8B4A-11D0-8D11-00A0C91BC942}") = "1090_危险品装箱", "1090_危险品装箱\1090_危险品装箱.vcxproj", "{C0484AA5-398C-41F1-A5A5-090AB9CAEDF2}"
EndProject
Project("{8BC9CEB8-8B4A-11D0-8D11-00A0C91BC942}") = "1091_N-自守数", "1091_N-自守数\1091_N-自守数.vcxproj", "{45A6A2DC-D6F9-4EEA-945C-BCE1B17F5FDA}"
EndProject
Project("{8BC9CEB8-8B4A-11D0-8D11-00A0C91BC942}") = "1092_最好吃的月饼", "1092_最好吃的月饼\1092_最好吃的月饼.vcxproj", "{FD3C190B-3550-4C26-9312-EEB6C713D0B9}"
EndProject
Project("{8BC9CEB8-8B4A-11D0-8D11-00A0C91BC942}") = "1093_字符串A+B", "1093_字符串A+B\1093_字符串A+B.vcxproj", "{15FEE322-B393-441B-A28E-B58D173FFA70}"
EndProject
Project("{8BC9CEB8-8B4A-11D0-8D11-00A0C91BC942}") = "1094_谷歌的招聘", "1094_谷歌的招聘\1094_谷歌的招聘.vcxproj", "{16AC5533-807E-4770-87F5-E27580C62795}"
EndProject
Project("{8BC9CEB8-8B4A-11D0-8D11-00A0C91BC942}") = "1095_解码PAT准考证", "1095_解码PAT准考证\1095_解码PAT准考证.vcxproj", "{B12ABD7A-B7F8-448A-B289-464891773B7A}"
EndProject
Global
	GlobalSection(SolutionConfigurationPlatforms) = preSolution
		Debug|x64 = Debug|x64
		Debug|x86 = Debug|x86
		Release|x64 = Release|x64
		Release|x86 = Release|x86
	EndGlobalSection
	GlobalSection(ProjectConfigurationPlatforms) = postSolution
		{74F72652-D67B-4840-B04F-86B2374D563F}.Debug|x64.ActiveCfg = Debug|x64
		{74F72652-D67B-4840-B04F-86B2374D563F}.Debug|x64.Build.0 = Debug|x64
		{74F72652-D67B-4840-B04F-86B2374D563F}.Debug|x86.ActiveCfg = Debug|Win32
		{74F72652-D67B-4840-B04F-86B2374D563F}.Debug|x86.Build.0 = Debug|Win32
		{74F72652-D67B-4840-B04F-86B2374D563F}.Release|x64.ActiveCfg = Release|x64
		{74F72652-D67B-4840-B04F-86B2374D563F}.Release|x64.Build.0 = Release|x64
		{74F72652-D67B-4840-B04F-86B2374D563F}.Release|x86.ActiveCfg = Release|Win32
		{74F72652-D67B-4840-B04F-86B2374D563F}.Release|x86.Build.0 = Release|Win32
		{B4952163-92AD-4B70-AF94-2153E1809442}.Debug|x64.ActiveCfg = Debug|x64
		{B4952163-92AD-4B70-AF94-2153E1809442}.Debug|x64.Build.0 = Debug|x64
		{B4952163-92AD-4B70-AF94-2153E1809442}.Debug|x86.ActiveCfg = Debug|Win32
		{B4952163-92AD-4B70-AF94-2153E1809442}.Debug|x86.Build.0 = Debug|Win32
		{B4952163-92AD-4B70-AF94-2153E1809442}.Release|x64.ActiveCfg = Release|x64
		{B4952163-92AD-4B70-AF94-2153E1809442}.Release|x64.Build.0 = Release|x64
		{B4952163-92AD-4B70-AF94-2153E1809442}.Release|x86.ActiveCfg = Release|Win32
		{B4952163-92AD-4B70-AF94-2153E1809442}.Release|x86.Build.0 = Release|Win32
		{8F430C86-DCE3-4034-9C94-7B9859EBD8D3}.Debug|x64.ActiveCfg = Debug|x64
		{8F430C86-DCE3-4034-9C94-7B9859EBD8D3}.Debug|x64.Build.0 = Debug|x64
		{8F430C86-DCE3-4034-9C94-7B9859EBD8D3}.Debug|x86.ActiveCfg = Debug|Win32
		{8F430C86-DCE3-4034-9C94-7B9859EBD8D3}.Debug|x86.Build.0 = Debug|Win32
		{8F430C86-DCE3-4034-9C94-7B9859EBD8D3}.Release|x64.ActiveCfg = Release|x64
		{8F430C86-DCE3-4034-9C94-7B9859EBD8D3}.Release|x64.Build.0 = Release|x64
		{8F430C86-DCE3-4034-9C94-7B9859EBD8D3}.Release|x86.ActiveCfg = Release|Win32
		{8F430C86-DCE3-4034-9C94-7B9859EBD8D3}.Release|x86.Build.0 = Release|Win32
		{C609F902-39A2-4B93-8B74-91CD5C109711}.Debug|x64.ActiveCfg = Debug|x64
		{C609F902-39A2-4B93-8B74-91CD5C109711}.Debug|x64.Build.0 = Debug|x64
		{C609F902-39A2-4B93-8B74-91CD5C109711}.Debug|x86.ActiveCfg = Debug|Win32
		{C609F902-39A2-4B93-8B74-91CD5C109711}.Debug|x86.Build.0 = Debug|Win32
		{C609F902-39A2-4B93-8B74-91CD5C109711}.Release|x64.ActiveCfg = Release|x64
		{C609F902-39A2-4B93-8B74-91CD5C109711}.Release|x64.Build.0 = Release|x64
		{C609F902-39A2-4B93-8B74-91CD5C109711}.Release|x86.ActiveCfg = Release|Win32
		{C609F902-39A2-4B93-8B74-91CD5C109711}.Release|x86.Build.0 = Release|Win32
		{423E14D5-B4DA-4EFC-99A6-3A03B2AE92E5}.Debug|x64.ActiveCfg = Debug|x64
		{423E14D5-B4DA-4EFC-99A6-3A03B2AE92E5}.Debug|x64.Build.0 = Debug|x64
		{423E14D5-B4DA-4EFC-99A6-3A03B2AE92E5}.Debug|x86.ActiveCfg = Debug|Win32
		{423E14D5-B4DA-4EFC-99A6-3A03B2AE92E5}.Debug|x86.Build.0 = Debug|Win32
		{423E14D5-B4DA-4EFC-99A6-3A03B2AE92E5}.Release|x64.ActiveCfg = Release|x64
		{423E14D5-B4DA-4EFC-99A6-3A03B2AE92E5}.Release|x64.Build.0 = Release|x64
		{423E14D5-B4DA-4EFC-99A6-3A03B2AE92E5}.Release|x86.ActiveCfg = Release|Win32
		{423E14D5-B4DA-4EFC-99A6-3A03B2AE92E5}.Release|x86.Build.0 = Release|Win32
		{A069178B-9498-45AF-891F-FC2531829AD8}.Debug|x64.ActiveCfg = Debug|x64
		{A069178B-9498-45AF-891F-FC2531829AD8}.Debug|x64.Build.0 = Debug|x64
		{A069178B-9498-45AF-891F-FC2531829AD8}.Debug|x86.ActiveCfg = Debug|Win32
		{A069178B-9498-45AF-891F-FC2531829AD8}.Debug|x86.Build.0 = Debug|Win32
		{A069178B-9498-45AF-891F-FC2531829AD8}.Release|x64.ActiveCfg = Release|x64
		{A069178B-9498-45AF-891F-FC2531829AD8}.Release|x64.Build.0 = Release|x64
		{A069178B-9498-45AF-891F-FC2531829AD8}.Release|x86.ActiveCfg = Release|Win32
		{A069178B-9498-45AF-891F-FC2531829AD8}.Release|x86.Build.0 = Release|Win32
		{E5DF1789-B3B2-49BE-984D-EB761E6493EB}.Debug|x64.ActiveCfg = Debug|x64
		{E5DF1789-B3B2-49BE-984D-EB761E6493EB}.Debug|x64.Build.0 = Debug|x64
		{E5DF1789-B3B2-49BE-984D-EB761E6493EB}.Debug|x86.ActiveCfg = Debug|Win32
		{E5DF1789-B3B2-49BE-984D-EB761E6493EB}.Debug|x86.Build.0 = Debug|Win32
		{E5DF1789-B3B2-49BE-984D-EB761E6493EB}.Release|x64.ActiveCfg = Release|x64
		{E5DF1789-B3B2-49BE-984D-EB761E6493EB}.Release|x64.Build.0 = Release|x64
		{E5DF1789-B3B2-49BE-984D-EB761E6493EB}.Release|x86.ActiveCfg = Release|Win32
		{E5DF1789-B3B2-49BE-984D-EB761E6493EB}.Release|x86.Build.0 = Release|Win32
		{8FACC041-2A9E-4F5A-9B99-52EB0D89F765}.Debug|x64.ActiveCfg = Debug|x64
		{8FACC041-2A9E-4F5A-9B99-52EB0D89F765}.Debug|x64.Build.0 = Debug|x64
		{8FACC041-2A9E-4F5A-9B99-52EB0D89F765}.Debug|x86.ActiveCfg = Debug|Win32
		{8FACC041-2A9E-4F5A-9B99-52EB0D89F765}.Debug|x86.Build.0 = Debug|Win32
		{8FACC041-2A9E-4F5A-9B99-52EB0D89F765}.Release|x64.ActiveCfg = Release|x64
		{8FACC041-2A9E-4F5A-9B99-52EB0D89F765}.Release|x64.Build.0 = Release|x64
		{8FACC041-2A9E-4F5A-9B99-52EB0D89F765}.Release|x86.ActiveCfg = Release|Win32
		{8FACC041-2A9E-4F5A-9B99-52EB0D89F765}.Release|x86.Build.0 = Release|Win32
		{3F1A3DB5-013E-443E-86DD-A1C06ED02092}.Debug|x64.ActiveCfg = Debug|x64
		{3F1A3DB5-013E-443E-86DD-A1C06ED02092}.Debug|x64.Build.0 = Debug|x64
		{3F1A3DB5-013E-443E-86DD-A1C06ED02092}.Debug|x86.ActiveCfg = Debug|Win32
		{3F1A3DB5-013E-443E-86DD-A1C06ED02092}.Debug|x86.Build.0 = Debug|Win32
		{3F1A3DB5-013E-443E-86DD-A1C06ED02092}.Release|x64.ActiveCfg = Release|x64
		{3F1A3DB5-013E-443E-86DD-A1C06ED02092}.Release|x64.Build.0 = Release|x64
		{3F1A3DB5-013E-443E-86DD-A1C06ED02092}.Release|x86.ActiveCfg = Release|Win32
		{3F1A3DB5-013E-443E-86DD-A1C06ED02092}.Release|x86.Build.0 = Release|Win32
		{C0484AA5-398C-41F1-A5A5-090AB9CAEDF2}.Debug|x64.ActiveCfg = Debug|x64
		{C0484AA5-398C-41F1-A5A5-090AB9CAEDF2}.Debug|x64.Build.0 = Debug|x64
		{C0484AA5-398C-41F1-A5A5-090AB9CAEDF2}.Debug|x86.ActiveCfg = Debug|Win32
		{C0484AA5-398C-41F1-A5A5-090AB9CAEDF2}.Debug|x86.Build.0 = Debug|Win32
		{C0484AA5-398C-41F1-A5A5-090AB9CAEDF2}.Release|x64.ActiveCfg = Release|x64
		{C0484AA5-398C-41F1-A5A5-090AB9CAEDF2}.Release|x64.Build.0 = Release|x64
		{C0484AA5-398C-41F1-A5A5-090AB9CAEDF2}.Release|x86.ActiveCfg = Release|Win32
		{C0484AA5-398C-41F1-A5A5-090AB9CAEDF2}.Release|x86.Build.0 = Release|Win32
		{45A6A2DC-D6F9-4EEA-945C-BCE1B17F5FDA}.Debug|x64.ActiveCfg = Debug|x64
		{45A6A2DC-D6F9-4EEA-945C-BCE1B17F5FDA}.Debug|x64.Build.0 = Debug|x64
		{45A6A2DC-D6F9-4EEA-945C-BCE1B17F5FDA}.Debug|x86.ActiveCfg = Debug|Win32
		{45A6A2DC-D6F9-4EEA-945C-BCE1B17F5FDA}.Debug|x86.Build.0 = Debug|Win32
		{45A6A2DC-D6F9-4EEA-945C-BCE1B17F5FDA}.Release|x64.ActiveCfg = Release|x64
		{45A6A2DC-D6F9-4EEA-945C-BCE1B17F5FDA}.Release|x64.Build.0 = Release|x64
		{45A6A2DC-D6F9-4EEA-945C-BCE1B17F5FDA}.Release|x86.ActiveCfg = Release|Win32
		{45A6A2DC-D6F9-4EEA-945C-BCE1B17F5FDA}.Release|x86.Build.0 = Release|Win32
		{FD3C190B-3550-4C26-9312-EEB6C713D0B9}.Debug|x64.ActiveCfg = Debug|x64
		{FD3C190B-3550-4C26-9312-EEB6C713D0B9}.Debug|x64.Build.0 = Debug|x64
		{FD3C190B-3550-4C26-9312-EEB6C713D0B9}.Debug|x86.ActiveCfg = Debug|Win32
		{FD3C190B-3550-4C26-9312-EEB6C713D0B9}.Debug|x86.Build.0 = Debug|Win32
		{FD3C190B-3550-4C26-9312-EEB6C713D0B9}.Release|x64.ActiveCfg = Release|x64
		{FD3C190B-3550-4C26-9312-EEB6C713D0B9}.Release|x64.Build.0 = Release|x64
		{FD3C190B-3550-4C26-9312-EEB6C713D0B9}.Release|x86.ActiveCfg = Release|Win32
		{FD3C190B-3550-4C26-9312-EEB6C713D0B9}.Release|x86.Build.0 = Release|Win32
		{15FEE322-B393-441B-A28E-B58D173FFA70}.Debug|x64.ActiveCfg = Debug|x64
		{15FEE322-B393-441B-A28E-B58D173FFA70}.Debug|x64.Build.0 = Debug|x64
		{15FEE322-B393-441B-A28E-B58D173FFA70}.Debug|x86.ActiveCfg = Debug|Win32
		{15FEE322-B393-441B-A28E-B58D173FFA70}.Debug|x86.Build.0 = Debug|Win32
		{15FEE322-B393-441B-A28E-B58D173FFA70}.Release|x64.ActiveCfg = Release|x64
		{15FEE322-B393-441B-A28E-B58D173FFA70}.Release|x64.Build.0 = Release|x64
		{15FEE322-B393-441B-A28E-B58D173FFA70}.Release|x86.ActiveCfg = Release|Win32
		{15FEE322-B393-441B-A28E-B58D173FFA70}.Release|x86.Build.0 = Release|Win32
		{16AC5533-807E-4770-87F5-E27580C62795}.Debug|x64.ActiveCfg = Debug|x64
		{16AC5533-807E-4770-87F5-E27580C62795}.Debug|x64.Build.0 = Debug|x64
		{16AC5533-807E-4770-87F5-E27580C62795}.Debug|x86.ActiveCfg = Debug|Win32
		{16AC5533-807E-4770-87F5-E27580C62795}.Debug|x86.Build.0 = Debug|Win32
		{16AC5533-807E-4770-87F5-E27580C62795}.Release|x64.ActiveCfg = Release|x64
		{16AC5533-807E-4770-87F5-E27580C62795}.Release|x64.Build.0 = Release|x64
		{16AC5533-807E-4770-87F5-E27580C62795}.Release|x86.ActiveCfg = Release|Win32
		{16AC5533-807E-4770-87F5-E27580C62795}.Release|x86.Build.0 = Release|Win32
		{B12ABD7A-B7F8-448A-B289-464891773B7A}.Debug|x64.ActiveCfg = Debug|x64
		{B12ABD7A-B7F8-448A-B289-464891773B7A}.Debug|x64.Build.0 = Debug|x64
		{B12ABD7A-B7F8-448A-B289-464891773B7A}.Debug|x86.ActiveCfg = Debug|Win32
		{B12ABD7A-B7F8-448A-B289-464891773B7A}.Debug|x86.Build.0 = Debug|Win32
		{B12ABD7A-B7F8-448A-B289-464891773B7A}.Release|x64.ActiveCfg = Release|x64
		{B12ABD7A-B7F8-448A-B289-464891773B7A}.Release|x64.Build.0 = Release|x64
		{B12ABD7A-B7F8-448A-B289-464891773B7A}.Release|x86.ActiveCfg = Release|Win32
		{B12ABD7A-B7F8-448A-B289-464891773B7A}.Release|x86.Build.0 = Release|Win32
	EndGlobalSection
	GlobalSection(SolutionProperties) = preSolution
		HideSolutionNode = FALSE
	EndGlobalSection
	GlobalSection(ExtensibilityGlobals) = postSolution
		SolutionGuid = {F7A82F92-745A-47F1-8D11-6ED3EFBC27D8}
	EndGlobalSection
EndGlobal
