
Microsoft Visual Studio Solution File, Format Version 12.00
# Visual Studio Version 16
VisualStudioVersion = 16.0.29230.47
MinimumVisualStudioVersion = 10.0.40219.1
Project("{8BC9CEB8-8B4A-11D0-8D11-00A0C91BC942}") = "1051_复数乘法", "1051_复数乘法\1051_复数乘法.vcxproj", "{44CD4656-CE0D-462A-8FBC-07CEFEB9C187}"
EndProject
Project("{8BC9CEB8-8B4A-11D0-8D11-00A0C91BC942}") = "1052_卖个萌", "1052_卖个萌\1052_卖个萌.vcxproj", "{CE15AF12-9099-4C42-B2B1-BC4528334226}"
EndProject
Project("{8BC9CEB8-8B4A-11D0-8D11-00A0C91BC942}") = "1053_住房空置率", "1053_住房空置率\1053_住房空置率.vcxproj", "{066528E9-464D-43E7-97B1-FF6B5E74FB98}"
EndProject
Project("{8BC9CEB8-8B4A-11D0-8D11-00A0C91BC942}") = "1054_求平均值", "1054_求平均值\1054_求平均值.vcxproj", "{2ECD6FEF-92A8-497F-BB0C-EB2D57B80025}"
EndProject
Project("{8BC9CEB8-8B4A-11D0-8D11-00A0C91BC942}") = "1055_集体照", "1055_集体照\1055_集体照.vcxproj", "{D7125CFB-F578-423A-ADE7-C90D22BD019E}"
EndProject
Project("{8BC9CEB8-8B4A-11D0-8D11-00A0C91BC942}") = "1056_组合数的和", "1056_组合数的和\1056_组合数的和.vcxproj", "{1706AF1A-93D1-473A-8369-86A64AEE10EA}"
EndProject
Project("{8BC9CEB8-8B4A-11D0-8D11-00A0C91BC942}") = "1057_数零壹", "1057_数零壹\1057_数零壹.vcxproj", "{A19A71BC-FD88-41E5-9D13-59B22182E942}"
EndProject
Project("{8BC9CEB8-8B4A-11D0-8D11-00A0C91BC942}") = "1058_选择题", "1058_选择题\1058_选择题.vcxproj", "{71DFA931-4B00-46DB-BA46-240CFBAF1418}"
EndProject
Project("{8BC9CEB8-8B4A-11D0-8D11-00A0C91BC942}") = "1060_爱丁顿数", "1060_爱丁顿数\1060_爱丁顿数.vcxproj", "{01BA9C06-8ED6-4645-9C45-AEBB48D05E27}"
EndProject
Project("{8BC9CEB8-8B4A-11D0-8D11-00A0C91BC942}") = "1059_C语言竞赛", "1059_C语言竞赛\1059_C语言竞赛.vcxproj", "{70A30EAB-0EB3-47BC-9C97-839B4FD73E0E}"
EndProject
Global
	GlobalSection(SolutionConfigurationPlatforms) = preSolution
		Debug|x64 = Debug|x64
		Debug|x86 = Debug|x86
		Release|x64 = Release|x64
		Release|x86 = Release|x86
	EndGlobalSection
	GlobalSection(ProjectConfigurationPlatforms) = postSolution
		{44CD4656-CE0D-462A-8FBC-07CEFEB9C187}.Debug|x64.ActiveCfg = Debug|x64
		{44CD4656-CE0D-462A-8FBC-07CEFEB9C187}.Debug|x64.Build.0 = Debug|x64
		{44CD4656-CE0D-462A-8FBC-07CEFEB9C187}.Debug|x86.ActiveCfg = Debug|Win32
		{44CD4656-CE0D-462A-8FBC-07CEFEB9C187}.Debug|x86.Build.0 = Debug|Win32
		{44CD4656-CE0D-462A-8FBC-07CEFEB9C187}.Release|x64.ActiveCfg = Release|x64
		{44CD4656-CE0D-462A-8FBC-07CEFEB9C187}.Release|x64.Build.0 = Release|x64
		{44CD4656-CE0D-462A-8FBC-07CEFEB9C187}.Release|x86.ActiveCfg = Release|Win32
		{44CD4656-CE0D-462A-8FBC-07CEFEB9C187}.Release|x86.Build.0 = Release|Win32
		{CE15AF12-9099-4C42-B2B1-BC4528334226}.Debug|x64.ActiveCfg = Debug|x64
		{CE15AF12-9099-4C42-B2B1-BC4528334226}.Debug|x64.Build.0 = Debug|x64
		{CE15AF12-9099-4C42-B2B1-BC4528334226}.Debug|x86.ActiveCfg = Debug|Win32
		{CE15AF12-9099-4C42-B2B1-BC4528334226}.Debug|x86.Build.0 = Debug|Win32
		{CE15AF12-9099-4C42-B2B1-BC4528334226}.Release|x64.ActiveCfg = Release|x64
		{CE15AF12-9099-4C42-B2B1-BC4528334226}.Release|x64.Build.0 = Release|x64
		{CE15AF12-9099-4C42-B2B1-BC4528334226}.Release|x86.ActiveCfg = Release|Win32
		{CE15AF12-9099-4C42-B2B1-BC4528334226}.Release|x86.Build.0 = Release|Win32
		{066528E9-464D-43E7-97B1-FF6B5E74FB98}.Debug|x64.ActiveCfg = Debug|x64
		{066528E9-464D-43E7-97B1-FF6B5E74FB98}.Debug|x64.Build.0 = Debug|x64
		{066528E9-464D-43E7-97B1-FF6B5E74FB98}.Debug|x86.ActiveCfg = Debug|Win32
		{066528E9-464D-43E7-97B1-FF6B5E74FB98}.Debug|x86.Build.0 = Debug|Win32
		{066528E9-464D-43E7-97B1-FF6B5E74FB98}.Release|x64.ActiveCfg = Release|x64
		{066528E9-464D-43E7-97B1-FF6B5E74FB98}.Release|x64.Build.0 = Release|x64
		{066528E9-464D-43E7-97B1-FF6B5E74FB98}.Release|x86.ActiveCfg = Release|Win32
		{066528E9-464D-43E7-97B1-FF6B5E74FB98}.Release|x86.Build.0 = Release|Win32
		{2ECD6FEF-92A8-497F-BB0C-EB2D57B80025}.Debug|x64.ActiveCfg = Debug|x64
		{2ECD6FEF-92A8-497F-BB0C-EB2D57B80025}.Debug|x64.Build.0 = Debug|x64
		{2ECD6FEF-92A8-497F-BB0C-EB2D57B80025}.Debug|x86.ActiveCfg = Debug|Win32
		{2ECD6FEF-92A8-497F-BB0C-EB2D57B80025}.Debug|x86.Build.0 = Debug|Win32
		{2ECD6FEF-92A8-497F-BB0C-EB2D57B80025}.Release|x64.ActiveCfg = Release|x64
		{2ECD6FEF-92A8-497F-BB0C-EB2D57B80025}.Release|x64.Build.0 = Release|x64
		{2ECD6FEF-92A8-497F-BB0C-EB2D57B80025}.Release|x86.ActiveCfg = Release|Win32
		{2ECD6FEF-92A8-497F-BB0C-EB2D57B80025}.Release|x86.Build.0 = Release|Win32
		{D7125CFB-F578-423A-ADE7-C90D22BD019E}.Debug|x64.ActiveCfg = Debug|x64
		{D7125CFB-F578-423A-ADE7-C90D22BD019E}.Debug|x64.Build.0 = Debug|x64
		{D7125CFB-F578-423A-ADE7-C90D22BD019E}.Debug|x86.ActiveCfg = Debug|Win32
		{D7125CFB-F578-423A-ADE7-C90D22BD019E}.Debug|x86.Build.0 = Debug|Win32
		{D7125CFB-F578-423A-ADE7-C90D22BD019E}.Release|x64.ActiveCfg = Release|x64
		{D7125CFB-F578-423A-ADE7-C90D22BD019E}.Release|x64.Build.0 = Release|x64
		{D7125CFB-F578-423A-ADE7-C90D22BD019E}.Release|x86.ActiveCfg = Release|Win32
		{D7125CFB-F578-423A-ADE7-C90D22BD019E}.Release|x86.Build.0 = Release|Win32
		{1706AF1A-93D1-473A-8369-86A64AEE10EA}.Debug|x64.ActiveCfg = Debug|x64
		{1706AF1A-93D1-473A-8369-86A64AEE10EA}.Debug|x64.Build.0 = Debug|x64
		{1706AF1A-93D1-473A-8369-86A64AEE10EA}.Debug|x86.ActiveCfg = Debug|Win32
		{1706AF1A-93D1-473A-8369-86A64AEE10EA}.Debug|x86.Build.0 = Debug|Win32
		{1706AF1A-93D1-473A-8369-86A64AEE10EA}.Release|x64.ActiveCfg = Release|x64
		{1706AF1A-93D1-473A-8369-86A64AEE10EA}.Release|x64.Build.0 = Release|x64
		{1706AF1A-93D1-473A-8369-86A64AEE10EA}.Release|x86.ActiveCfg = Release|Win32
		{1706AF1A-93D1-473A-8369-86A64AEE10EA}.Release|x86.Build.0 = Release|Win32
		{A19A71BC-FD88-41E5-9D13-59B22182E942}.Debug|x64.ActiveCfg = Debug|x64
		{A19A71BC-FD88-41E5-9D13-59B22182E942}.Debug|x64.Build.0 = Debug|x64
		{A19A71BC-FD88-41E5-9D13-59B22182E942}.Debug|x86.ActiveCfg = Debug|Win32
		{A19A71BC-FD88-41E5-9D13-59B22182E942}.Debug|x86.Build.0 = Debug|Win32
		{A19A71BC-FD88-41E5-9D13-59B22182E942}.Release|x64.ActiveCfg = Release|x64
		{A19A71BC-FD88-41E5-9D13-59B22182E942}.Release|x64.Build.0 = Release|x64
		{A19A71BC-FD88-41E5-9D13-59B22182E942}.Release|x86.ActiveCfg = Release|Win32
		{A19A71BC-FD88-41E5-9D13-59B22182E942}.Release|x86.Build.0 = Release|Win32
		{71DFA931-4B00-46DB-BA46-240CFBAF1418}.Debug|x64.ActiveCfg = Debug|x64
		{71DFA931-4B00-46DB-BA46-240CFBAF1418}.Debug|x64.Build.0 = Debug|x64
		{71DFA931-4B00-46DB-BA46-240CFBAF1418}.Debug|x86.ActiveCfg = Debug|Win32
		{71DFA931-4B00-46DB-BA46-240CFBAF1418}.Debug|x86.Build.0 = Debug|Win32
		{71DFA931-4B00-46DB-BA46-240CFBAF1418}.Release|x64.ActiveCfg = Release|x64
		{71DFA931-4B00-46DB-BA46-240CFBAF1418}.Release|x64.Build.0 = Release|x64
		{71DFA931-4B00-46DB-BA46-240CFBAF1418}.Release|x86.ActiveCfg = Release|Win32
		{71DFA931-4B00-46DB-BA46-240CFBAF1418}.Release|x86.Build.0 = Release|Win32
		{01BA9C06-8ED6-4645-9C45-AEBB48D05E27}.Debug|x64.ActiveCfg = Debug|x64
		{01BA9C06-8ED6-4645-9C45-AEBB48D05E27}.Debug|x64.Build.0 = Debug|x64
		{01BA9C06-8ED6-4645-9C45-AEBB48D05E27}.Debug|x86.ActiveCfg = Debug|Win32
		{01BA9C06-8ED6-4645-9C45-AEBB48D05E27}.Debug|x86.Build.0 = Debug|Win32
		{01BA9C06-8ED6-4645-9C45-AEBB48D05E27}.Release|x64.ActiveCfg = Release|x64
		{01BA9C06-8ED6-4645-9C45-AEBB48D05E27}.Release|x64.Build.0 = Release|x64
		{01BA9C06-8ED6-4645-9C45-AEBB48D05E27}.Release|x86.ActiveCfg = Release|Win32
		{01BA9C06-8ED6-4645-9C45-AEBB48D05E27}.Release|x86.Build.0 = Release|Win32
		{70A30EAB-0EB3-47BC-9C97-839B4FD73E0E}.Debug|x64.ActiveCfg = Debug|x64
		{70A30EAB-0EB3-47BC-9C97-839B4FD73E0E}.Debug|x64.Build.0 = Debug|x64
		{70A30EAB-0EB3-47BC-9C97-839B4FD73E0E}.Debug|x86.ActiveCfg = Debug|Win32
		{70A30EAB-0EB3-47BC-9C97-839B4FD73E0E}.Debug|x86.Build.0 = Debug|Win32
		{70A30EAB-0EB3-47BC-9C97-839B4FD73E0E}.Release|x64.ActiveCfg = Release|x64
		{70A30EAB-0EB3-47BC-9C97-839B4FD73E0E}.Release|x64.Build.0 = Release|x64
		{70A30EAB-0EB3-47BC-9C97-839B4FD73E0E}.Release|x86.ActiveCfg = Release|Win32
		{70A30EAB-0EB3-47BC-9C97-839B4FD73E0E}.Release|x86.Build.0 = Release|Win32
	EndGlobalSection
	GlobalSection(SolutionProperties) = preSolution
		HideSolutionNode = FALSE
	EndGlobalSection
	GlobalSection(ExtensibilityGlobals) = postSolution
		SolutionGuid = {2EC41418-2519-435F-AAC8-BD2790C20A62}
	EndGlobalSection
EndGlobal
