
Microsoft Visual Studio Solution File, Format Version 12.00
# Visual Studio Version 16
VisualStudioVersion = 16.0.29230.47
MinimumVisualStudioVersion = 10.0.40219.1
Project("{8BC9CEB8-8B4A-11D0-8D11-00A0C91BC942}") = "1031_查验身份证", "1031_查验身份证\1031_查验身份证.vcxproj", "{71937310-0E35-48F4-9320-2F89273247F7}"
EndProject
Project("{8BC9CEB8-8B4A-11D0-8D11-00A0C91BC942}") = "1032_挖掘机技术哪家强", "1032_挖掘机技术哪家强\1032_挖掘机技术哪家强.vcxproj", "{43484F1A-1620-4640-811B-3EE2AD27F78F}"
EndProject
Project("{8BC9CEB8-8B4A-11D0-8D11-00A0C91BC942}") = "1033_旧键盘打字", "1033_旧键盘打字\1033_旧键盘打字.vcxproj", "{BBDAB633-9BA6-4B7B-98C6-23D00138CB5E}"
EndProject
Project("{8BC9CEB8-8B4A-11D0-8D11-00A0C91BC942}") = "1034_有理数四则运算", "1034_有理数四则运算\1034_有理数四则运算.vcxproj", "{3CD06615-65B1-4805-9D0A-B1DD506D50B4}"
EndProject
Project("{8BC9CEB8-8B4A-11D0-8D11-00A0C91BC942}") = "1035_插入与归并", "1035_插入与归并\1035_插入与归并.vcxproj", "{81C05029-70CB-4470-89C9-F5F31D606311}"
EndProject
Project("{8BC9CEB8-8B4A-11D0-8D11-00A0C91BC942}") = "1036_跟奥巴马一起编程", "1036_跟奥巴马一起编程\1036_跟奥巴马一起编程.vcxproj", "{785FCA91-684A-49F3-8CE1-DB114DAAD88F}"
EndProject
Project("{8BC9CEB8-8B4A-11D0-8D11-00A0C91BC942}") = "1037_在霍格沃茨找零钱", "1037_在霍格沃茨找零钱\1037_在霍格沃茨找零钱.vcxproj", "{981347FB-6B78-41F6-B671-2B1F6D338466}"
EndProject
Project("{8BC9CEB8-8B4A-11D0-8D11-00A0C91BC942}") = "1038_统计同成绩学生", "1038_统计同成绩学生\1038_统计同成绩学生.vcxproj", "{13276109-DCD7-42DD-B162-00FF0716B76F}"
EndProject
Project("{8BC9CEB8-8B4A-11D0-8D11-00A0C91BC942}") = "1039_到底买不买", "1039_到底买不买\1039_到底买不买.vcxproj", "{E498E076-6AD3-4BD5-B6C3-805FEAD10042}"
EndProject
Project("{8BC9CEB8-8B4A-11D0-8D11-00A0C91BC942}") = "1040_有几个PAT", "1040_有几个PAT\1040_有几个PAT.vcxproj", "{E074937C-91CE-4797-8794-A797F936B2AE}"
EndProject
Global
	GlobalSection(SolutionConfigurationPlatforms) = preSolution
		Debug|x64 = Debug|x64
		Debug|x86 = Debug|x86
		Release|x64 = Release|x64
		Release|x86 = Release|x86
	EndGlobalSection
	GlobalSection(ProjectConfigurationPlatforms) = postSolution
		{71937310-0E35-48F4-9320-2F89273247F7}.Debug|x64.ActiveCfg = Debug|x64
		{71937310-0E35-48F4-9320-2F89273247F7}.Debug|x64.Build.0 = Debug|x64
		{71937310-0E35-48F4-9320-2F89273247F7}.Debug|x86.ActiveCfg = Debug|Win32
		{71937310-0E35-48F4-9320-2F89273247F7}.Debug|x86.Build.0 = Debug|Win32
		{71937310-0E35-48F4-9320-2F89273247F7}.Release|x64.ActiveCfg = Release|x64
		{71937310-0E35-48F4-9320-2F89273247F7}.Release|x64.Build.0 = Release|x64
		{71937310-0E35-48F4-9320-2F89273247F7}.Release|x86.ActiveCfg = Release|Win32
		{71937310-0E35-48F4-9320-2F89273247F7}.Release|x86.Build.0 = Release|Win32
		{43484F1A-1620-4640-811B-3EE2AD27F78F}.Debug|x64.ActiveCfg = Debug|x64
		{43484F1A-1620-4640-811B-3EE2AD27F78F}.Debug|x64.Build.0 = Debug|x64
		{43484F1A-1620-4640-811B-3EE2AD27F78F}.Debug|x86.ActiveCfg = Debug|Win32
		{43484F1A-1620-4640-811B-3EE2AD27F78F}.Debug|x86.Build.0 = Debug|Win32
		{43484F1A-1620-4640-811B-3EE2AD27F78F}.Release|x64.ActiveCfg = Release|x64
		{43484F1A-1620-4640-811B-3EE2AD27F78F}.Release|x64.Build.0 = Release|x64
		{43484F1A-1620-4640-811B-3EE2AD27F78F}.Release|x86.ActiveCfg = Release|Win32
		{43484F1A-1620-4640-811B-3EE2AD27F78F}.Release|x86.Build.0 = Release|Win32
		{BBDAB633-9BA6-4B7B-98C6-23D00138CB5E}.Debug|x64.ActiveCfg = Debug|x64
		{BBDAB633-9BA6-4B7B-98C6-23D00138CB5E}.Debug|x64.Build.0 = Debug|x64
		{BBDAB633-9BA6-4B7B-98C6-23D00138CB5E}.Debug|x86.ActiveCfg = Debug|Win32
		{BBDAB633-9BA6-4B7B-98C6-23D00138CB5E}.Debug|x86.Build.0 = Debug|Win32
		{BBDAB633-9BA6-4B7B-98C6-23D00138CB5E}.Release|x64.ActiveCfg = Release|x64
		{BBDAB633-9BA6-4B7B-98C6-23D00138CB5E}.Release|x64.Build.0 = Release|x64
		{BBDAB633-9BA6-4B7B-98C6-23D00138CB5E}.Release|x86.ActiveCfg = Release|Win32
		{BBDAB633-9BA6-4B7B-98C6-23D00138CB5E}.Release|x86.Build.0 = Release|Win32
		{3CD06615-65B1-4805-9D0A-B1DD506D50B4}.Debug|x64.ActiveCfg = Debug|x64
		{3CD06615-65B1-4805-9D0A-B1DD506D50B4}.Debug|x64.Build.0 = Debug|x64
		{3CD06615-65B1-4805-9D0A-B1DD506D50B4}.Debug|x86.ActiveCfg = Debug|Win32
		{3CD06615-65B1-4805-9D0A-B1DD506D50B4}.Debug|x86.Build.0 = Debug|Win32
		{3CD06615-65B1-4805-9D0A-B1DD506D50B4}.Release|x64.ActiveCfg = Release|x64
		{3CD06615-65B1-4805-9D0A-B1DD506D50B4}.Release|x64.Build.0 = Release|x64
		{3CD06615-65B1-4805-9D0A-B1DD506D50B4}.Release|x86.ActiveCfg = Release|Win32
		{3CD06615-65B1-4805-9D0A-B1DD506D50B4}.Release|x86.Build.0 = Release|Win32
		{81C05029-70CB-4470-89C9-F5F31D606311}.Debug|x64.ActiveCfg = Debug|x64
		{81C05029-70CB-4470-89C9-F5F31D606311}.Debug|x64.Build.0 = Debug|x64
		{81C05029-70CB-4470-89C9-F5F31D606311}.Debug|x86.ActiveCfg = Debug|Win32
		{81C05029-70CB-4470-89C9-F5F31D606311}.Debug|x86.Build.0 = Debug|Win32
		{81C05029-70CB-4470-89C9-F5F31D606311}.Release|x64.ActiveCfg = Release|x64
		{81C05029-70CB-4470-89C9-F5F31D606311}.Release|x64.Build.0 = Release|x64
		{81C05029-70CB-4470-89C9-F5F31D606311}.Release|x86.ActiveCfg = Release|Win32
		{81C05029-70CB-4470-89C9-F5F31D606311}.Release|x86.Build.0 = Release|Win32
		{785FCA91-684A-49F3-8CE1-DB114DAAD88F}.Debug|x64.ActiveCfg = Debug|x64
		{785FCA91-684A-49F3-8CE1-DB114DAAD88F}.Debug|x64.Build.0 = Debug|x64
		{785FCA91-684A-49F3-8CE1-DB114DAAD88F}.Debug|x86.ActiveCfg = Debug|Win32
		{785FCA91-684A-49F3-8CE1-DB114DAAD88F}.Debug|x86.Build.0 = Debug|Win32
		{785FCA91-684A-49F3-8CE1-DB114DAAD88F}.Release|x64.ActiveCfg = Release|x64
		{785FCA91-684A-49F3-8CE1-DB114DAAD88F}.Release|x64.Build.0 = Release|x64
		{785FCA91-684A-49F3-8CE1-DB114DAAD88F}.Release|x86.ActiveCfg = Release|Win32
		{785FCA91-684A-49F3-8CE1-DB114DAAD88F}.Release|x86.Build.0 = Release|Win32
		{981347FB-6B78-41F6-B671-2B1F6D338466}.Debug|x64.ActiveCfg = Debug|x64
		{981347FB-6B78-41F6-B671-2B1F6D338466}.Debug|x64.Build.0 = Debug|x64
		{981347FB-6B78-41F6-B671-2B1F6D338466}.Debug|x86.ActiveCfg = Debug|Win32
		{981347FB-6B78-41F6-B671-2B1F6D338466}.Debug|x86.Build.0 = Debug|Win32
		{981347FB-6B78-41F6-B671-2B1F6D338466}.Release|x64.ActiveCfg = Release|x64
		{981347FB-6B78-41F6-B671-2B1F6D338466}.Release|x64.Build.0 = Release|x64
		{981347FB-6B78-41F6-B671-2B1F6D338466}.Release|x86.ActiveCfg = Release|Win32
		{981347FB-6B78-41F6-B671-2B1F6D338466}.Release|x86.Build.0 = Release|Win32
		{13276109-DCD7-42DD-B162-00FF0716B76F}.Debug|x64.ActiveCfg = Debug|x64
		{13276109-DCD7-42DD-B162-00FF0716B76F}.Debug|x64.Build.0 = Debug|x64
		{13276109-DCD7-42DD-B162-00FF0716B76F}.Debug|x86.ActiveCfg = Debug|Win32
		{13276109-DCD7-42DD-B162-00FF0716B76F}.Debug|x86.Build.0 = Debug|Win32
		{13276109-DCD7-42DD-B162-00FF0716B76F}.Release|x64.ActiveCfg = Release|x64
		{13276109-DCD7-42DD-B162-00FF0716B76F}.Release|x64.Build.0 = Release|x64
		{13276109-DCD7-42DD-B162-00FF0716B76F}.Release|x86.ActiveCfg = Release|Win32
		{13276109-DCD7-42DD-B162-00FF0716B76F}.Release|x86.Build.0 = Release|Win32
		{E498E076-6AD3-4BD5-B6C3-805FEAD10042}.Debug|x64.ActiveCfg = Debug|x64
		{E498E076-6AD3-4BD5-B6C3-805FEAD10042}.Debug|x64.Build.0 = Debug|x64
		{E498E076-6AD3-4BD5-B6C3-805FEAD10042}.Debug|x86.ActiveCfg = Debug|Win32
		{E498E076-6AD3-4BD5-B6C3-805FEAD10042}.Debug|x86.Build.0 = Debug|Win32
		{E498E076-6AD3-4BD5-B6C3-805FEAD10042}.Release|x64.ActiveCfg = Release|x64
		{E498E076-6AD3-4BD5-B6C3-805FEAD10042}.Release|x64.Build.0 = Release|x64
		{E498E076-6AD3-4BD5-B6C3-805FEAD10042}.Release|x86.ActiveCfg = Release|Win32
		{E498E076-6AD3-4BD5-B6C3-805FEAD10042}.Release|x86.Build.0 = Release|Win32
		{E074937C-91CE-4797-8794-A797F936B2AE}.Debug|x64.ActiveCfg = Debug|x64
		{E074937C-91CE-4797-8794-A797F936B2AE}.Debug|x64.Build.0 = Debug|x64
		{E074937C-91CE-4797-8794-A797F936B2AE}.Debug|x86.ActiveCfg = Debug|Win32
		{E074937C-91CE-4797-8794-A797F936B2AE}.Debug|x86.Build.0 = Debug|Win32
		{E074937C-91CE-4797-8794-A797F936B2AE}.Release|x64.ActiveCfg = Release|x64
		{E074937C-91CE-4797-8794-A797F936B2AE}.Release|x64.Build.0 = Release|x64
		{E074937C-91CE-4797-8794-A797F936B2AE}.Release|x86.ActiveCfg = Release|Win32
		{E074937C-91CE-4797-8794-A797F936B2AE}.Release|x86.Build.0 = Release|Win32
	EndGlobalSection
	GlobalSection(SolutionProperties) = preSolution
		HideSolutionNode = FALSE
	EndGlobalSection
	GlobalSection(ExtensibilityGlobals) = postSolution
		SolutionGuid = {C43AEA46-791F-4F1D-97ED-BA8B7C1B98FA}
	EndGlobalSection
EndGlobal
