
Microsoft Visual Studio Solution File, Format Version 12.00
# Visual Studio Version 16
VisualStudioVersion = 16.0.29230.47
MinimumVisualStudioVersion = 10.0.40219.1
Project("{8BC9CEB8-8B4A-11D0-8D11-00A0C91BC942}") = "1071_小赌怡情", "1071_小赌怡情\1071_小赌怡情.vcxproj", "{680C9467-2E12-45A7-9343-2146DCC56D4C}"
EndProject
Project("{8BC9CEB8-8B4A-11D0-8D11-00A0C91BC942}") = "1072_开学寄语", "1072_开学寄语\1072_开学寄语.vcxproj", "{542E2E65-79DA-4C8A-B54D-A93E4C869DC2}"
EndProject
Project("{8BC9CEB8-8B4A-11D0-8D11-00A0C91BC942}") = "1073_多选题常见计分法", "1073_多选题常见计分法\1073_多选题常见计分法.vcxproj", "{AF647D9A-8FCB-4687-B447-1223D5F05309}"
EndProject
Project("{8BC9CEB8-8B4A-11D0-8D11-00A0C91BC942}") = "1074_宇宙无敌加法器", "1074_宇宙无敌加法器\1074_宇宙无敌加法器.vcxproj", "{09B2DDAC-1B90-4813-8C99-B250C7C4C459}"
EndProject
Project("{8BC9CEB8-8B4A-11D0-8D11-00A0C91BC942}") = "1075_链表元素分类", "1075_链表元素分类\1075_链表元素分类.vcxproj", "{0023392A-0BD0-4EDF-8E76-0CB5024D540B}"
EndProject
Project("{8BC9CEB8-8B4A-11D0-8D11-00A0C91BC942}") = "1076_Wifi密码", "1076_Wifi密码\1076_Wifi密码.vcxproj", "{ACC51825-58E0-41C3-94C8-F61937BC9BEA}"
EndProject
Project("{8BC9CEB8-8B4A-11D0-8D11-00A0C91BC942}") = "1077_互评成绩计算", "1077_互评成绩计算\1077_互评成绩计算.vcxproj", "{CC780376-DDC8-49F6-981E-EFE85978BCE1}"
EndProject
Project("{8BC9CEB8-8B4A-11D0-8D11-00A0C91BC942}") = "1078_字符串压缩与解压", "1078_字符串压缩与解压\1078_字符串压缩与解压.vcxproj", "{BCA4DD35-2745-41A5-ABC0-30FC94B895EA}"
EndProject
Project("{8BC9CEB8-8B4A-11D0-8D11-00A0C91BC942}") = "1079_延迟的回文数", "1079_延迟的回文数\1079_延迟的回文数.vcxproj", "{72DCEFF4-B7C3-4E1C-8931-1B0FF98C8A5E}"
EndProject
Project("{8BC9CEB8-8B4A-11D0-8D11-00A0C91BC942}") = "1080_MOOC期终成绩", "1080_MOOC期终成绩\1080_MOOC期终成绩.vcxproj", "{180CCF73-6C45-4261-9E0B-6563325AAA1B}"
EndProject
Global
	GlobalSection(SolutionConfigurationPlatforms) = preSolution
		Debug|x64 = Debug|x64
		Debug|x86 = Debug|x86
		Release|x64 = Release|x64
		Release|x86 = Release|x86
	EndGlobalSection
	GlobalSection(ProjectConfigurationPlatforms) = postSolution
		{680C9467-2E12-45A7-9343-2146DCC56D4C}.Debug|x64.ActiveCfg = Debug|x64
		{680C9467-2E12-45A7-9343-2146DCC56D4C}.Debug|x64.Build.0 = Debug|x64
		{680C9467-2E12-45A7-9343-2146DCC56D4C}.Debug|x86.ActiveCfg = Debug|Win32
		{680C9467-2E12-45A7-9343-2146DCC56D4C}.Debug|x86.Build.0 = Debug|Win32
		{680C9467-2E12-45A7-9343-2146DCC56D4C}.Release|x64.ActiveCfg = Release|x64
		{680C9467-2E12-45A7-9343-2146DCC56D4C}.Release|x64.Build.0 = Release|x64
		{680C9467-2E12-45A7-9343-2146DCC56D4C}.Release|x86.ActiveCfg = Release|Win32
		{680C9467-2E12-45A7-9343-2146DCC56D4C}.Release|x86.Build.0 = Release|Win32
		{542E2E65-79DA-4C8A-B54D-A93E4C869DC2}.Debug|x64.ActiveCfg = Debug|x64
		{542E2E65-79DA-4C8A-B54D-A93E4C869DC2}.Debug|x64.Build.0 = Debug|x64
		{542E2E65-79DA-4C8A-B54D-A93E4C869DC2}.Debug|x86.ActiveCfg = Debug|Win32
		{542E2E65-79DA-4C8A-B54D-A93E4C869DC2}.Debug|x86.Build.0 = Debug|Win32
		{542E2E65-79DA-4C8A-B54D-A93E4C869DC2}.Release|x64.ActiveCfg = Release|x64
		{542E2E65-79DA-4C8A-B54D-A93E4C869DC2}.Release|x64.Build.0 = Release|x64
		{542E2E65-79DA-4C8A-B54D-A93E4C869DC2}.Release|x86.ActiveCfg = Release|Win32
		{542E2E65-79DA-4C8A-B54D-A93E4C869DC2}.Release|x86.Build.0 = Release|Win32
		{AF647D9A-8FCB-4687-B447-1223D5F05309}.Debug|x64.ActiveCfg = Debug|x64
		{AF647D9A-8FCB-4687-B447-1223D5F05309}.Debug|x64.Build.0 = Debug|x64
		{AF647D9A-8FCB-4687-B447-1223D5F05309}.Debug|x86.ActiveCfg = Debug|Win32
		{AF647D9A-8FCB-4687-B447-1223D5F05309}.Debug|x86.Build.0 = Debug|Win32
		{AF647D9A-8FCB-4687-B447-1223D5F05309}.Release|x64.ActiveCfg = Release|x64
		{AF647D9A-8FCB-4687-B447-1223D5F05309}.Release|x64.Build.0 = Release|x64
		{AF647D9A-8FCB-4687-B447-1223D5F05309}.Release|x86.ActiveCfg = Release|Win32
		{AF647D9A-8FCB-4687-B447-1223D5F05309}.Release|x86.Build.0 = Release|Win32
		{09B2DDAC-1B90-4813-8C99-B250C7C4C459}.Debug|x64.ActiveCfg = Debug|x64
		{09B2DDAC-1B90-4813-8C99-B250C7C4C459}.Debug|x64.Build.0 = Debug|x64
		{09B2DDAC-1B90-4813-8C99-B250C7C4C459}.Debug|x86.ActiveCfg = Debug|Win32
		{09B2DDAC-1B90-4813-8C99-B250C7C4C459}.Debug|x86.Build.0 = Debug|Win32
		{09B2DDAC-1B90-4813-8C99-B250C7C4C459}.Release|x64.ActiveCfg = Release|x64
		{09B2DDAC-1B90-4813-8C99-B250C7C4C459}.Release|x64.Build.0 = Release|x64
		{09B2DDAC-1B90-4813-8C99-B250C7C4C459}.Release|x86.ActiveCfg = Release|Win32
		{09B2DDAC-1B90-4813-8C99-B250C7C4C459}.Release|x86.Build.0 = Release|Win32
		{0023392A-0BD0-4EDF-8E76-0CB5024D540B}.Debug|x64.ActiveCfg = Debug|x64
		{0023392A-0BD0-4EDF-8E76-0CB5024D540B}.Debug|x64.Build.0 = Debug|x64
		{0023392A-0BD0-4EDF-8E76-0CB5024D540B}.Debug|x86.ActiveCfg = Debug|Win32
		{0023392A-0BD0-4EDF-8E76-0CB5024D540B}.Debug|x86.Build.0 = Debug|Win32
		{0023392A-0BD0-4EDF-8E76-0CB5024D540B}.Release|x64.ActiveCfg = Release|x64
		{0023392A-0BD0-4EDF-8E76-0CB5024D540B}.Release|x64.Build.0 = Release|x64
		{0023392A-0BD0-4EDF-8E76-0CB5024D540B}.Release|x86.ActiveCfg = Release|Win32
		{0023392A-0BD0-4EDF-8E76-0CB5024D540B}.Release|x86.Build.0 = Release|Win32
		{ACC51825-58E0-41C3-94C8-F61937BC9BEA}.Debug|x64.ActiveCfg = Debug|x64
		{ACC51825-58E0-41C3-94C8-F61937BC9BEA}.Debug|x64.Build.0 = Debug|x64
		{ACC51825-58E0-41C3-94C8-F61937BC9BEA}.Debug|x86.ActiveCfg = Debug|Win32
		{ACC51825-58E0-41C3-94C8-F61937BC9BEA}.Debug|x86.Build.0 = Debug|Win32
		{ACC51825-58E0-41C3-94C8-F61937BC9BEA}.Release|x64.ActiveCfg = Release|x64
		{ACC51825-58E0-41C3-94C8-F61937BC9BEA}.Release|x64.Build.0 = Release|x64
		{ACC51825-58E0-41C3-94C8-F61937BC9BEA}.Release|x86.ActiveCfg = Release|Win32
		{ACC51825-58E0-41C3-94C8-F61937BC9BEA}.Release|x86.Build.0 = Release|Win32
		{CC780376-DDC8-49F6-981E-EFE85978BCE1}.Debug|x64.ActiveCfg = Debug|x64
		{CC780376-DDC8-49F6-981E-EFE85978BCE1}.Debug|x64.Build.0 = Debug|x64
		{CC780376-DDC8-49F6-981E-EFE85978BCE1}.Debug|x86.ActiveCfg = Debug|Win32
		{CC780376-DDC8-49F6-981E-EFE85978BCE1}.Debug|x86.Build.0 = Debug|Win32
		{CC780376-DDC8-49F6-981E-EFE85978BCE1}.Release|x64.ActiveCfg = Release|x64
		{CC780376-DDC8-49F6-981E-EFE85978BCE1}.Release|x64.Build.0 = Release|x64
		{CC780376-DDC8-49F6-981E-EFE85978BCE1}.Release|x86.ActiveCfg = Release|Win32
		{CC780376-DDC8-49F6-981E-EFE85978BCE1}.Release|x86.Build.0 = Release|Win32
		{BCA4DD35-2745-41A5-ABC0-30FC94B895EA}.Debug|x64.ActiveCfg = Debug|x64
		{BCA4DD35-2745-41A5-ABC0-30FC94B895EA}.Debug|x64.Build.0 = Debug|x64
		{BCA4DD35-2745-41A5-ABC0-30FC94B895EA}.Debug|x86.ActiveCfg = Debug|Win32
		{BCA4DD35-2745-41A5-ABC0-30FC94B895EA}.Debug|x86.Build.0 = Debug|Win32
		{BCA4DD35-2745-41A5-ABC0-30FC94B895EA}.Release|x64.ActiveCfg = Release|x64
		{BCA4DD35-2745-41A5-ABC0-30FC94B895EA}.Release|x64.Build.0 = Release|x64
		{BCA4DD35-2745-41A5-ABC0-30FC94B895EA}.Release|x86.ActiveCfg = Release|Win32
		{BCA4DD35-2745-41A5-ABC0-30FC94B895EA}.Release|x86.Build.0 = Release|Win32
		{72DCEFF4-B7C3-4E1C-8931-1B0FF98C8A5E}.Debug|x64.ActiveCfg = Debug|x64
		{72DCEFF4-B7C3-4E1C-8931-1B0FF98C8A5E}.Debug|x64.Build.0 = Debug|x64
		{72DCEFF4-B7C3-4E1C-8931-1B0FF98C8A5E}.Debug|x86.ActiveCfg = Debug|Win32
		{72DCEFF4-B7C3-4E1C-8931-1B0FF98C8A5E}.Debug|x86.Build.0 = Debug|Win32
		{72DCEFF4-B7C3-4E1C-8931-1B0FF98C8A5E}.Release|x64.ActiveCfg = Release|x64
		{72DCEFF4-B7C3-4E1C-8931-1B0FF98C8A5E}.Release|x64.Build.0 = Release|x64
		{72DCEFF4-B7C3-4E1C-8931-1B0FF98C8A5E}.Release|x86.ActiveCfg = Release|Win32
		{72DCEFF4-B7C3-4E1C-8931-1B0FF98C8A5E}.Release|x86.Build.0 = Release|Win32
		{180CCF73-6C45-4261-9E0B-6563325AAA1B}.Debug|x64.ActiveCfg = Debug|x64
		{180CCF73-6C45-4261-9E0B-6563325AAA1B}.Debug|x64.Build.0 = Debug|x64
		{180CCF73-6C45-4261-9E0B-6563325AAA1B}.Debug|x86.ActiveCfg = Debug|Win32
		{180CCF73-6C45-4261-9E0B-6563325AAA1B}.Debug|x86.Build.0 = Debug|Win32
		{180CCF73-6C45-4261-9E0B-6563325AAA1B}.Release|x64.ActiveCfg = Release|x64
		{180CCF73-6C45-4261-9E0B-6563325AAA1B}.Release|x64.Build.0 = Release|x64
		{180CCF73-6C45-4261-9E0B-6563325AAA1B}.Release|x86.ActiveCfg = Release|Win32
		{180CCF73-6C45-4261-9E0B-6563325AAA1B}.Release|x86.Build.0 = Release|Win32
	EndGlobalSection
	GlobalSection(SolutionProperties) = preSolution
		HideSolutionNode = FALSE
	EndGlobalSection
	GlobalSection(ExtensibilityGlobals) = postSolution
		SolutionGuid = {2270A0A8-700E-45DF-BB53-B4609E6FD915}
	EndGlobalSection
EndGlobal
