
Microsoft Visual Studio Solution File, Format Version 12.00
# Visual Studio Version 16
VisualStudioVersion = 16.0.30523.141
MinimumVisualStudioVersion = 10.0.40219.1
Project("{8BC9CEB8-8B4A-11D0-8D11-00A0C91BC942}") = "L1-001_Hello_World", "L1-001_Hello_World\L1-001_Hello_World.vcxproj", "{4472EA22-7F91-42F3-84E3-41F519B3F8C9}"
EndProject
Project("{8BC9CEB8-8B4A-11D0-8D11-00A0C91BC942}") = "L1-002_打印沙漏", "L1-002_打印沙漏\L1-002_打印沙漏.vcxproj", "{C4ACF56C-11D5-4091-A54F-11C1062F3802}"
EndProject
Project("{8BC9CEB8-8B4A-11D0-8D11-00A0C91BC942}") = "L1-003_个位数统计", "L1-003_个位数统计\L1-003_个位数统计.vcxproj", "{B268A9BC-8397-40D5-89CB-E0D899650B1D}"
EndProject
Project("{8BC9CEB8-8B4A-11D0-8D11-00A0C91BC942}") = "L1-004_计算摄氏温度", "L1-004_计算摄氏温度\L1-004_计算摄氏温度.vcxproj", "{7022379F-EEB2-4015-AAF3-13BBBDCC4C55}"
EndProject
Project("{8BC9CEB8-8B4A-11D0-8D11-00A0C91BC942}") = "L1-005_考试座位号", "L1-005_考试座位号\L1-005_考试座位号.vcxproj", "{3454D3E2-8257-4F1A-ACAC-37EFE9A80E98}"
EndProject
Project("{8BC9CEB8-8B4A-11D0-8D11-00A0C91BC942}") = "L1-006_连续因子", "L1-006_连续因子\L1-006_连续因子.vcxproj", "{7D9446C7-B807-4960-A3F3-293E037F8118}"
EndProject
Project("{8BC9CEB8-8B4A-11D0-8D11-00A0C91BC942}") = "L1-010_比较大小", "L1-010_比较大小\L1-010_比较大小.vcxproj", "{B0CFA1B2-BB8B-4738-9DE6-50EF725A2791}"
EndProject
Project("{8BC9CEB8-8B4A-11D0-8D11-00A0C91BC942}") = "L1-009_N个数求和", "L1-009_N个数求和\L1-009_N个数求和.vcxproj", "{36019D7C-7B5E-4B59-98D6-F907D0E922BC}"
EndProject
Project("{8BC9CEB8-8B4A-11D0-8D11-00A0C91BC942}") = "L1-016_查验身份证", "L1-016_查验身份证\L1-016_查验身份证.vcxproj", "{8A0E8E2C-8258-43F2-A85E-C739C20E2942}"
EndProject
Project("{8BC9CEB8-8B4A-11D0-8D11-00A0C91BC942}") = "L1-015_跟奥巴马一起画方块", "L1-015_跟奥巴马一起画方块\L1-015_跟奥巴马一起画方块.vcxproj", "{AA609DA9-7147-457D-B7D5-3E7AD50DB556}"
EndProject
Project("{8BC9CEB8-8B4A-11D0-8D11-00A0C91BC942}") = "L1-014_简单题", "L1-014_简单题\L1-014_简单题.vcxproj", "{731D2BDC-8575-483A-93D7-ADB5EB06D1B6}"
EndProject
Project("{8BC9CEB8-8B4A-11D0-8D11-00A0C91BC942}") = "L1-013_计算阶乘和", "L1-013_计算阶乘和\L1-013_计算阶乘和.vcxproj", "{85F0BC3D-AA28-4C4C-A227-8767A38C90FE}"
EndProject
Project("{8BC9CEB8-8B4A-11D0-8D11-00A0C91BC942}") = "L1-012_计算指数", "L1-012_计算指数\L1-012_计算指数.vcxproj", "{35C98912-FFA4-40FD-AE69-7E317BA747F8}"
EndProject
Project("{8BC9CEB8-8B4A-11D0-8D11-00A0C91BC942}") = "L1-011_A-B", "L1-011_A-B\L1-011_A-B.vcxproj", "{3A4A6ADB-A6DE-4122-95E4-086DE87B4F1D}"
EndProject
Project("{8BC9CEB8-8B4A-11D0-8D11-00A0C91BC942}") = "L1-007_念数字", "L1-007_念数字\L1-007_念数字.vcxproj", "{D80B8092-5374-44FC-ABEA-6E9675E28394}"
EndProject
Project("{8BC9CEB8-8B4A-11D0-8D11-00A0C91BC942}") = "L1-008_求整数段和", "L1-008_求整数段和\L1-008_求整数段和.vcxproj", "{AD853996-B13A-4768-8FD8-0932749167B3}"
EndProject
Project("{8BC9CEB8-8B4A-11D0-8D11-00A0C91BC942}") = "L1-017_到底有多二", "L1-017_到底有多二\L1-017_到底有多二.vcxproj", "{5874A383-AAA6-43FC-9FA7-EAF64C6171E6}"
EndProject
Project("{8BC9CEB8-8B4A-11D0-8D11-00A0C91BC942}") = "L1-018_大笨钟", "L1-018_大笨钟\L1-018_大笨钟.vcxproj", "{BE19650A-1DE5-4623-A2C9-E3F4E8C23E06}"
EndProject
Project("{8BC9CEB8-8B4A-11D0-8D11-00A0C91BC942}") = "L1-019_谁先倒", "L1-019_谁先倒\L1-019_谁先倒.vcxproj", "{626A28A1-D0E2-47E7-A073-4A63031E7FAA}"
EndProject
Project("{8BC9CEB8-8B4A-11D0-8D11-00A0C91BC942}") = "L1-020_帅到没朋友", "L1-020_帅到没朋友\L1-020_帅到没朋友.vcxproj", "{6F6800C4-C395-4932-98A8-624B157FBBA3}"
EndProject
Project("{8BC9CEB8-8B4A-11D0-8D11-00A0C91BC942}") = "L1-024_后天", "L1-024_后天\L1-024_后天.vcxproj", "{C589BB79-FDB3-4B54-9581-5C60599F8134}"
EndProject
Project("{8BC9CEB8-8B4A-11D0-8D11-00A0C91BC942}") = "L1-023_输出GPLT", "L1-023_输出GPLT\L1-023_输出GPLT.vcxproj", "{2374960A-E86E-42B9-AD9E-410C2A60617C}"
EndProject
Project("{8BC9CEB8-8B4A-11D0-8D11-00A0C91BC942}") = "L1-022_奇偶分家", "L1-022_奇偶分家\L1-022_奇偶分家.vcxproj", "{B82F4E45-FA5E-4482-80DB-3E16922A3AD6}"
EndProject
Project("{8BC9CEB8-8B4A-11D0-8D11-00A0C91BC942}") = "L1-021_重要的话说三遍", "L1-021_重要的话说三遍\L1-021_重要的话说三遍.vcxproj", "{A28E3C8A-7FA1-4FF3-A6C7-DE3986D7C874}"
EndProject
Project("{8BC9CEB8-8B4A-11D0-8D11-00A0C91BC942}") = "L1-025_正整数A+B", "L1-025_正整数A+B\L1-025_正整数A+B.vcxproj", "{B70346AD-408F-4844-939D-C6FC253DBD9B}"
EndProject
Project("{8BC9CEB8-8B4A-11D0-8D11-00A0C91BC942}") = "L1-026_I_Love_GPLT", "L1-026_I_Love_GPLT\L1-026_I_Love_GPLT.vcxproj", "{30BAEACE-78BA-408C-AED2-237F908C642E}"
EndProject
Project("{8BC9CEB8-8B4A-11D0-8D11-00A0C91BC942}") = "L1-027_出租", "L1-027_出租\L1-027_出租.vcxproj", "{50BA210E-9273-457C-AF92-4AF37DE8F1BA}"
EndProject
Project("{8BC9CEB8-8B4A-11D0-8D11-00A0C91BC942}") = "L1-028_判断素数", "L1-028_判断素数\L1-028_判断素数.vcxproj", "{7778FC4D-FB4F-4F20-91DD-35E1B47E63C2}"
EndProject
Project("{8BC9CEB8-8B4A-11D0-8D11-00A0C91BC942}") = "L1-029_是不是太胖了", "L1-029_是不是太胖了\L1-029_是不是太胖了.vcxproj", "{8C893107-89C6-495D-9F17-66B65AACFABF}"
EndProject
Project("{8BC9CEB8-8B4A-11D0-8D11-00A0C91BC942}") = "L1-030_一帮一", "L1-030_一帮一\L1-030_一帮一.vcxproj", "{EEF74110-A36B-46B5-9CA1-21D6CAD8ACAA}"
EndProject
Project("{8BC9CEB8-8B4A-11D0-8D11-00A0C91BC942}") = "L1-031_到底是不是太胖了", "L1-031_到底是不是太胖了\L1-031_到底是不是太胖了.vcxproj", "{71DBB238-83C8-46C2-A91B-EDC4C52E60F5}"
EndProject
Project("{8BC9CEB8-8B4A-11D0-8D11-00A0C91BC942}") = "L1-032_Left-pad", "L1-032_Left-pad\L1-032_Left-pad.vcxproj", "{1ACF3699-6FEB-44FD-A4A1-230692177A64}"
EndProject
Global
	GlobalSection(SolutionConfigurationPlatforms) = preSolution
		Debug|x64 = Debug|x64
		Debug|x86 = Debug|x86
		Release|x64 = Release|x64
		Release|x86 = Release|x86
	EndGlobalSection
	GlobalSection(ProjectConfigurationPlatforms) = postSolution
		{4472EA22-7F91-42F3-84E3-41F519B3F8C9}.Debug|x64.ActiveCfg = Debug|x64
		{4472EA22-7F91-42F3-84E3-41F519B3F8C9}.Debug|x64.Build.0 = Debug|x64
		{4472EA22-7F91-42F3-84E3-41F519B3F8C9}.Debug|x86.ActiveCfg = Debug|Win32
		{4472EA22-7F91-42F3-84E3-41F519B3F8C9}.Debug|x86.Build.0 = Debug|Win32
		{4472EA22-7F91-42F3-84E3-41F519B3F8C9}.Release|x64.ActiveCfg = Release|x64
		{4472EA22-7F91-42F3-84E3-41F519B3F8C9}.Release|x64.Build.0 = Release|x64
		{4472EA22-7F91-42F3-84E3-41F519B3F8C9}.Release|x86.ActiveCfg = Release|Win32
		{4472EA22-7F91-42F3-84E3-41F519B3F8C9}.Release|x86.Build.0 = Release|Win32
		{C4ACF56C-11D5-4091-A54F-11C1062F3802}.Debug|x64.ActiveCfg = Debug|x64
		{C4ACF56C-11D5-4091-A54F-11C1062F3802}.Debug|x64.Build.0 = Debug|x64
		{C4ACF56C-11D5-4091-A54F-11C1062F3802}.Debug|x86.ActiveCfg = Debug|Win32
		{C4ACF56C-11D5-4091-A54F-11C1062F3802}.Debug|x86.Build.0 = Debug|Win32
		{C4ACF56C-11D5-4091-A54F-11C1062F3802}.Release|x64.ActiveCfg = Release|x64
		{C4ACF56C-11D5-4091-A54F-11C1062F3802}.Release|x64.Build.0 = Release|x64
		{C4ACF56C-11D5-4091-A54F-11C1062F3802}.Release|x86.ActiveCfg = Release|Win32
		{C4ACF56C-11D5-4091-A54F-11C1062F3802}.Release|x86.Build.0 = Release|Win32
		{B268A9BC-8397-40D5-89CB-E0D899650B1D}.Debug|x64.ActiveCfg = Debug|x64
		{B268A9BC-8397-40D5-89CB-E0D899650B1D}.Debug|x64.Build.0 = Debug|x64
		{B268A9BC-8397-40D5-89CB-E0D899650B1D}.Debug|x86.ActiveCfg = Debug|Win32
		{B268A9BC-8397-40D5-89CB-E0D899650B1D}.Debug|x86.Build.0 = Debug|Win32
		{B268A9BC-8397-40D5-89CB-E0D899650B1D}.Release|x64.ActiveCfg = Release|x64
		{B268A9BC-8397-40D5-89CB-E0D899650B1D}.Release|x64.Build.0 = Release|x64
		{B268A9BC-8397-40D5-89CB-E0D899650B1D}.Release|x86.ActiveCfg = Release|Win32
		{B268A9BC-8397-40D5-89CB-E0D899650B1D}.Release|x86.Build.0 = Release|Win32
		{7022379F-EEB2-4015-AAF3-13BBBDCC4C55}.Debug|x64.ActiveCfg = Debug|x64
		{7022379F-EEB2-4015-AAF3-13BBBDCC4C55}.Debug|x64.Build.0 = Debug|x64
		{7022379F-EEB2-4015-AAF3-13BBBDCC4C55}.Debug|x86.ActiveCfg = Debug|Win32
		{7022379F-EEB2-4015-AAF3-13BBBDCC4C55}.Debug|x86.Build.0 = Debug|Win32
		{7022379F-EEB2-4015-AAF3-13BBBDCC4C55}.Release|x64.ActiveCfg = Release|x64
		{7022379F-EEB2-4015-AAF3-13BBBDCC4C55}.Release|x64.Build.0 = Release|x64
		{7022379F-EEB2-4015-AAF3-13BBBDCC4C55}.Release|x86.ActiveCfg = Release|Win32
		{7022379F-EEB2-4015-AAF3-13BBBDCC4C55}.Release|x86.Build.0 = Release|Win32
		{3454D3E2-8257-4F1A-ACAC-37EFE9A80E98}.Debug|x64.ActiveCfg = Debug|x64
		{3454D3E2-8257-4F1A-ACAC-37EFE9A80E98}.Debug|x64.Build.0 = Debug|x64
		{3454D3E2-8257-4F1A-ACAC-37EFE9A80E98}.Debug|x86.ActiveCfg = Debug|Win32
		{3454D3E2-8257-4F1A-ACAC-37EFE9A80E98}.Debug|x86.Build.0 = Debug|Win32
		{3454D3E2-8257-4F1A-ACAC-37EFE9A80E98}.Release|x64.ActiveCfg = Release|x64
		{3454D3E2-8257-4F1A-ACAC-37EFE9A80E98}.Release|x64.Build.0 = Release|x64
		{3454D3E2-8257-4F1A-ACAC-37EFE9A80E98}.Release|x86.ActiveCfg = Release|Win32
		{3454D3E2-8257-4F1A-ACAC-37EFE9A80E98}.Release|x86.Build.0 = Release|Win32
		{7D9446C7-B807-4960-A3F3-293E037F8118}.Debug|x64.ActiveCfg = Debug|x64
		{7D9446C7-B807-4960-A3F3-293E037F8118}.Debug|x64.Build.0 = Debug|x64
		{7D9446C7-B807-4960-A3F3-293E037F8118}.Debug|x86.ActiveCfg = Debug|Win32
		{7D9446C7-B807-4960-A3F3-293E037F8118}.Debug|x86.Build.0 = Debug|Win32
		{7D9446C7-B807-4960-A3F3-293E037F8118}.Release|x64.ActiveCfg = Release|x64
		{7D9446C7-B807-4960-A3F3-293E037F8118}.Release|x64.Build.0 = Release|x64
		{7D9446C7-B807-4960-A3F3-293E037F8118}.Release|x86.ActiveCfg = Release|Win32
		{7D9446C7-B807-4960-A3F3-293E037F8118}.Release|x86.Build.0 = Release|Win32
		{B0CFA1B2-BB8B-4738-9DE6-50EF725A2791}.Debug|x64.ActiveCfg = Debug|x64
		{B0CFA1B2-BB8B-4738-9DE6-50EF725A2791}.Debug|x64.Build.0 = Debug|x64
		{B0CFA1B2-BB8B-4738-9DE6-50EF725A2791}.Debug|x86.ActiveCfg = Debug|Win32
		{B0CFA1B2-BB8B-4738-9DE6-50EF725A2791}.Debug|x86.Build.0 = Debug|Win32
		{B0CFA1B2-BB8B-4738-9DE6-50EF725A2791}.Release|x64.ActiveCfg = Release|x64
		{B0CFA1B2-BB8B-4738-9DE6-50EF725A2791}.Release|x64.Build.0 = Release|x64
		{B0CFA1B2-BB8B-4738-9DE6-50EF725A2791}.Release|x86.ActiveCfg = Release|Win32
		{B0CFA1B2-BB8B-4738-9DE6-50EF725A2791}.Release|x86.Build.0 = Release|Win32
		{36019D7C-7B5E-4B59-98D6-F907D0E922BC}.Debug|x64.ActiveCfg = Debug|x64
		{36019D7C-7B5E-4B59-98D6-F907D0E922BC}.Debug|x64.Build.0 = Debug|x64
		{36019D7C-7B5E-4B59-98D6-F907D0E922BC}.Debug|x86.ActiveCfg = Debug|Win32
		{36019D7C-7B5E-4B59-98D6-F907D0E922BC}.Debug|x86.Build.0 = Debug|Win32
		{36019D7C-7B5E-4B59-98D6-F907D0E922BC}.Release|x64.ActiveCfg = Release|x64
		{36019D7C-7B5E-4B59-98D6-F907D0E922BC}.Release|x64.Build.0 = Release|x64
		{36019D7C-7B5E-4B59-98D6-F907D0E922BC}.Release|x86.ActiveCfg = Release|Win32
		{36019D7C-7B5E-4B59-98D6-F907D0E922BC}.Release|x86.Build.0 = Release|Win32
		{8A0E8E2C-8258-43F2-A85E-C739C20E2942}.Debug|x64.ActiveCfg = Debug|x64
		{8A0E8E2C-8258-43F2-A85E-C739C20E2942}.Debug|x64.Build.0 = Debug|x64
		{8A0E8E2C-8258-43F2-A85E-C739C20E2942}.Debug|x86.ActiveCfg = Debug|Win32
		{8A0E8E2C-8258-43F2-A85E-C739C20E2942}.Debug|x86.Build.0 = Debug|Win32
		{8A0E8E2C-8258-43F2-A85E-C739C20E2942}.Release|x64.ActiveCfg = Release|x64
		{8A0E8E2C-8258-43F2-A85E-C739C20E2942}.Release|x64.Build.0 = Release|x64
		{8A0E8E2C-8258-43F2-A85E-C739C20E2942}.Release|x86.ActiveCfg = Release|Win32
		{8A0E8E2C-8258-43F2-A85E-C739C20E2942}.Release|x86.Build.0 = Release|Win32
		{AA609DA9-7147-457D-B7D5-3E7AD50DB556}.Debug|x64.ActiveCfg = Debug|x64
		{AA609DA9-7147-457D-B7D5-3E7AD50DB556}.Debug|x64.Build.0 = Debug|x64
		{AA609DA9-7147-457D-B7D5-3E7AD50DB556}.Debug|x86.ActiveCfg = Debug|Win32
		{AA609DA9-7147-457D-B7D5-3E7AD50DB556}.Debug|x86.Build.0 = Debug|Win32
		{AA609DA9-7147-457D-B7D5-3E7AD50DB556}.Release|x64.ActiveCfg = Release|x64
		{AA609DA9-7147-457D-B7D5-3E7AD50DB556}.Release|x64.Build.0 = Release|x64
		{AA609DA9-7147-457D-B7D5-3E7AD50DB556}.Release|x86.ActiveCfg = Release|Win32
		{AA609DA9-7147-457D-B7D5-3E7AD50DB556}.Release|x86.Build.0 = Release|Win32
		{731D2BDC-8575-483A-93D7-ADB5EB06D1B6}.Debug|x64.ActiveCfg = Debug|x64
		{731D2BDC-8575-483A-93D7-ADB5EB06D1B6}.Debug|x64.Build.0 = Debug|x64
		{731D2BDC-8575-483A-93D7-ADB5EB06D1B6}.Debug|x86.ActiveCfg = Debug|Win32
		{731D2BDC-8575-483A-93D7-ADB5EB06D1B6}.Debug|x86.Build.0 = Debug|Win32
		{731D2BDC-8575-483A-93D7-ADB5EB06D1B6}.Release|x64.ActiveCfg = Release|x64
		{731D2BDC-8575-483A-93D7-ADB5EB06D1B6}.Release|x64.Build.0 = Release|x64
		{731D2BDC-8575-483A-93D7-ADB5EB06D1B6}.Release|x86.ActiveCfg = Release|Win32
		{731D2BDC-8575-483A-93D7-ADB5EB06D1B6}.Release|x86.Build.0 = Release|Win32
		{85F0BC3D-AA28-4C4C-A227-8767A38C90FE}.Debug|x64.ActiveCfg = Debug|x64
		{85F0BC3D-AA28-4C4C-A227-8767A38C90FE}.Debug|x64.Build.0 = Debug|x64
		{85F0BC3D-AA28-4C4C-A227-8767A38C90FE}.Debug|x86.ActiveCfg = Debug|Win32
		{85F0BC3D-AA28-4C4C-A227-8767A38C90FE}.Debug|x86.Build.0 = Debug|Win32
		{85F0BC3D-AA28-4C4C-A227-8767A38C90FE}.Release|x64.ActiveCfg = Release|x64
		{85F0BC3D-AA28-4C4C-A227-8767A38C90FE}.Release|x64.Build.0 = Release|x64
		{85F0BC3D-AA28-4C4C-A227-8767A38C90FE}.Release|x86.ActiveCfg = Release|Win32
		{85F0BC3D-AA28-4C4C-A227-8767A38C90FE}.Release|x86.Build.0 = Release|Win32
		{35C98912-FFA4-40FD-AE69-7E317BA747F8}.Debug|x64.ActiveCfg = Debug|x64
		{35C98912-FFA4-40FD-AE69-7E317BA747F8}.Debug|x64.Build.0 = Debug|x64
		{35C98912-FFA4-40FD-AE69-7E317BA747F8}.Debug|x86.ActiveCfg = Debug|Win32
		{35C98912-FFA4-40FD-AE69-7E317BA747F8}.Debug|x86.Build.0 = Debug|Win32
		{35C98912-FFA4-40FD-AE69-7E317BA747F8}.Release|x64.ActiveCfg = Release|x64
		{35C98912-FFA4-40FD-AE69-7E317BA747F8}.Release|x64.Build.0 = Release|x64
		{35C98912-FFA4-40FD-AE69-7E317BA747F8}.Release|x86.ActiveCfg = Release|Win32
		{35C98912-FFA4-40FD-AE69-7E317BA747F8}.Release|x86.Build.0 = Release|Win32
		{3A4A6ADB-A6DE-4122-95E4-086DE87B4F1D}.Debug|x64.ActiveCfg = Debug|x64
		{3A4A6ADB-A6DE-4122-95E4-086DE87B4F1D}.Debug|x64.Build.0 = Debug|x64
		{3A4A6ADB-A6DE-4122-95E4-086DE87B4F1D}.Debug|x86.ActiveCfg = Debug|Win32
		{3A4A6ADB-A6DE-4122-95E4-086DE87B4F1D}.Debug|x86.Build.0 = Debug|Win32
		{3A4A6ADB-A6DE-4122-95E4-086DE87B4F1D}.Release|x64.ActiveCfg = Release|x64
		{3A4A6ADB-A6DE-4122-95E4-086DE87B4F1D}.Release|x64.Build.0 = Release|x64
		{3A4A6ADB-A6DE-4122-95E4-086DE87B4F1D}.Release|x86.ActiveCfg = Release|Win32
		{3A4A6ADB-A6DE-4122-95E4-086DE87B4F1D}.Release|x86.Build.0 = Release|Win32
		{D80B8092-5374-44FC-ABEA-6E9675E28394}.Debug|x64.ActiveCfg = Debug|x64
		{D80B8092-5374-44FC-ABEA-6E9675E28394}.Debug|x64.Build.0 = Debug|x64
		{D80B8092-5374-44FC-ABEA-6E9675E28394}.Debug|x86.ActiveCfg = Debug|Win32
		{D80B8092-5374-44FC-ABEA-6E9675E28394}.Debug|x86.Build.0 = Debug|Win32
		{D80B8092-5374-44FC-ABEA-6E9675E28394}.Release|x64.ActiveCfg = Release|x64
		{D80B8092-5374-44FC-ABEA-6E9675E28394}.Release|x64.Build.0 = Release|x64
		{D80B8092-5374-44FC-ABEA-6E9675E28394}.Release|x86.ActiveCfg = Release|Win32
		{D80B8092-5374-44FC-ABEA-6E9675E28394}.Release|x86.Build.0 = Release|Win32
		{AD853996-B13A-4768-8FD8-0932749167B3}.Debug|x64.ActiveCfg = Debug|x64
		{AD853996-B13A-4768-8FD8-0932749167B3}.Debug|x64.Build.0 = Debug|x64
		{AD853996-B13A-4768-8FD8-0932749167B3}.Debug|x86.ActiveCfg = Debug|Win32
		{AD853996-B13A-4768-8FD8-0932749167B3}.Debug|x86.Build.0 = Debug|Win32
		{AD853996-B13A-4768-8FD8-0932749167B3}.Release|x64.ActiveCfg = Release|x64
		{AD853996-B13A-4768-8FD8-0932749167B3}.Release|x64.Build.0 = Release|x64
		{AD853996-B13A-4768-8FD8-0932749167B3}.Release|x86.ActiveCfg = Release|Win32
		{AD853996-B13A-4768-8FD8-0932749167B3}.Release|x86.Build.0 = Release|Win32
		{5874A383-AAA6-43FC-9FA7-EAF64C6171E6}.Debug|x64.ActiveCfg = Debug|x64
		{5874A383-AAA6-43FC-9FA7-EAF64C6171E6}.Debug|x64.Build.0 = Debug|x64
		{5874A383-AAA6-43FC-9FA7-EAF64C6171E6}.Debug|x86.ActiveCfg = Debug|Win32
		{5874A383-AAA6-43FC-9FA7-EAF64C6171E6}.Debug|x86.Build.0 = Debug|Win32
		{5874A383-AAA6-43FC-9FA7-EAF64C6171E6}.Release|x64.ActiveCfg = Release|x64
		{5874A383-AAA6-43FC-9FA7-EAF64C6171E6}.Release|x64.Build.0 = Release|x64
		{5874A383-AAA6-43FC-9FA7-EAF64C6171E6}.Release|x86.ActiveCfg = Release|Win32
		{5874A383-AAA6-43FC-9FA7-EAF64C6171E6}.Release|x86.Build.0 = Release|Win32
		{BE19650A-1DE5-4623-A2C9-E3F4E8C23E06}.Debug|x64.ActiveCfg = Debug|x64
		{BE19650A-1DE5-4623-A2C9-E3F4E8C23E06}.Debug|x64.Build.0 = Debug|x64
		{BE19650A-1DE5-4623-A2C9-E3F4E8C23E06}.Debug|x86.ActiveCfg = Debug|Win32
		{BE19650A-1DE5-4623-A2C9-E3F4E8C23E06}.Debug|x86.Build.0 = Debug|Win32
		{BE19650A-1DE5-4623-A2C9-E3F4E8C23E06}.Release|x64.ActiveCfg = Release|x64
		{BE19650A-1DE5-4623-A2C9-E3F4E8C23E06}.Release|x64.Build.0 = Release|x64
		{BE19650A-1DE5-4623-A2C9-E3F4E8C23E06}.Release|x86.ActiveCfg = Release|Win32
		{BE19650A-1DE5-4623-A2C9-E3F4E8C23E06}.Release|x86.Build.0 = Release|Win32
		{626A28A1-D0E2-47E7-A073-4A63031E7FAA}.Debug|x64.ActiveCfg = Debug|x64
		{626A28A1-D0E2-47E7-A073-4A63031E7FAA}.Debug|x64.Build.0 = Debug|x64
		{626A28A1-D0E2-47E7-A073-4A63031E7FAA}.Debug|x86.ActiveCfg = Debug|Win32
		{626A28A1-D0E2-47E7-A073-4A63031E7FAA}.Debug|x86.Build.0 = Debug|Win32
		{626A28A1-D0E2-47E7-A073-4A63031E7FAA}.Release|x64.ActiveCfg = Release|x64
		{626A28A1-D0E2-47E7-A073-4A63031E7FAA}.Release|x64.Build.0 = Release|x64
		{626A28A1-D0E2-47E7-A073-4A63031E7FAA}.Release|x86.ActiveCfg = Release|Win32
		{626A28A1-D0E2-47E7-A073-4A63031E7FAA}.Release|x86.Build.0 = Release|Win32
		{6F6800C4-C395-4932-98A8-624B157FBBA3}.Debug|x64.ActiveCfg = Debug|x64
		{6F6800C4-C395-4932-98A8-624B157FBBA3}.Debug|x64.Build.0 = Debug|x64
		{6F6800C4-C395-4932-98A8-624B157FBBA3}.Debug|x86.ActiveCfg = Debug|Win32
		{6F6800C4-C395-4932-98A8-624B157FBBA3}.Debug|x86.Build.0 = Debug|Win32
		{6F6800C4-C395-4932-98A8-624B157FBBA3}.Release|x64.ActiveCfg = Release|x64
		{6F6800C4-C395-4932-98A8-624B157FBBA3}.Release|x64.Build.0 = Release|x64
		{6F6800C4-C395-4932-98A8-624B157FBBA3}.Release|x86.ActiveCfg = Release|Win32
		{6F6800C4-C395-4932-98A8-624B157FBBA3}.Release|x86.Build.0 = Release|Win32
		{C589BB79-FDB3-4B54-9581-5C60599F8134}.Debug|x64.ActiveCfg = Debug|x64
		{C589BB79-FDB3-4B54-9581-5C60599F8134}.Debug|x64.Build.0 = Debug|x64
		{C589BB79-FDB3-4B54-9581-5C60599F8134}.Debug|x86.ActiveCfg = Debug|Win32
		{C589BB79-FDB3-4B54-9581-5C60599F8134}.Debug|x86.Build.0 = Debug|Win32
		{C589BB79-FDB3-4B54-9581-5C60599F8134}.Release|x64.ActiveCfg = Release|x64
		{C589BB79-FDB3-4B54-9581-5C60599F8134}.Release|x64.Build.0 = Release|x64
		{C589BB79-FDB3-4B54-9581-5C60599F8134}.Release|x86.ActiveCfg = Release|Win32
		{C589BB79-FDB3-4B54-9581-5C60599F8134}.Release|x86.Build.0 = Release|Win32
		{2374960A-E86E-42B9-AD9E-410C2A60617C}.Debug|x64.ActiveCfg = Debug|x64
		{2374960A-E86E-42B9-AD9E-410C2A60617C}.Debug|x64.Build.0 = Debug|x64
		{2374960A-E86E-42B9-AD9E-410C2A60617C}.Debug|x86.ActiveCfg = Debug|Win32
		{2374960A-E86E-42B9-AD9E-410C2A60617C}.Debug|x86.Build.0 = Debug|Win32
		{2374960A-E86E-42B9-AD9E-410C2A60617C}.Release|x64.ActiveCfg = Release|x64
		{2374960A-E86E-42B9-AD9E-410C2A60617C}.Release|x64.Build.0 = Release|x64
		{2374960A-E86E-42B9-AD9E-410C2A60617C}.Release|x86.ActiveCfg = Release|Win32
		{2374960A-E86E-42B9-AD9E-410C2A60617C}.Release|x86.Build.0 = Release|Win32
		{B82F4E45-FA5E-4482-80DB-3E16922A3AD6}.Debug|x64.ActiveCfg = Debug|x64
		{B82F4E45-FA5E-4482-80DB-3E16922A3AD6}.Debug|x64.Build.0 = Debug|x64
		{B82F4E45-FA5E-4482-80DB-3E16922A3AD6}.Debug|x86.ActiveCfg = Debug|Win32
		{B82F4E45-FA5E-4482-80DB-3E16922A3AD6}.Debug|x86.Build.0 = Debug|Win32
		{B82F4E45-FA5E-4482-80DB-3E16922A3AD6}.Release|x64.ActiveCfg = Release|x64
		{B82F4E45-FA5E-4482-80DB-3E16922A3AD6}.Release|x64.Build.0 = Release|x64
		{B82F4E45-FA5E-4482-80DB-3E16922A3AD6}.Release|x86.ActiveCfg = Release|Win32
		{B82F4E45-FA5E-4482-80DB-3E16922A3AD6}.Release|x86.Build.0 = Release|Win32
		{A28E3C8A-7FA1-4FF3-A6C7-DE3986D7C874}.Debug|x64.ActiveCfg = Debug|x64
		{A28E3C8A-7FA1-4FF3-A6C7-DE3986D7C874}.Debug|x64.Build.0 = Debug|x64
		{A28E3C8A-7FA1-4FF3-A6C7-DE3986D7C874}.Debug|x86.ActiveCfg = Debug|Win32
		{A28E3C8A-7FA1-4FF3-A6C7-DE3986D7C874}.Debug|x86.Build.0 = Debug|Win32
		{A28E3C8A-7FA1-4FF3-A6C7-DE3986D7C874}.Release|x64.ActiveCfg = Release|x64
		{A28E3C8A-7FA1-4FF3-A6C7-DE3986D7C874}.Release|x64.Build.0 = Release|x64
		{A28E3C8A-7FA1-4FF3-A6C7-DE3986D7C874}.Release|x86.ActiveCfg = Release|Win32
		{A28E3C8A-7FA1-4FF3-A6C7-DE3986D7C874}.Release|x86.Build.0 = Release|Win32
		{B70346AD-408F-4844-939D-C6FC253DBD9B}.Debug|x64.ActiveCfg = Debug|x64
		{B70346AD-408F-4844-939D-C6FC253DBD9B}.Debug|x64.Build.0 = Debug|x64
		{B70346AD-408F-4844-939D-C6FC253DBD9B}.Debug|x86.ActiveCfg = Debug|Win32
		{B70346AD-408F-4844-939D-C6FC253DBD9B}.Debug|x86.Build.0 = Debug|Win32
		{B70346AD-408F-4844-939D-C6FC253DBD9B}.Release|x64.ActiveCfg = Release|x64
		{B70346AD-408F-4844-939D-C6FC253DBD9B}.Release|x64.Build.0 = Release|x64
		{B70346AD-408F-4844-939D-C6FC253DBD9B}.Release|x86.ActiveCfg = Release|Win32
		{B70346AD-408F-4844-939D-C6FC253DBD9B}.Release|x86.Build.0 = Release|Win32
		{30BAEACE-78BA-408C-AED2-237F908C642E}.Debug|x64.ActiveCfg = Debug|x64
		{30BAEACE-78BA-408C-AED2-237F908C642E}.Debug|x64.Build.0 = Debug|x64
		{30BAEACE-78BA-408C-AED2-237F908C642E}.Debug|x86.ActiveCfg = Debug|Win32
		{30BAEACE-78BA-408C-AED2-237F908C642E}.Debug|x86.Build.0 = Debug|Win32
		{30BAEACE-78BA-408C-AED2-237F908C642E}.Release|x64.ActiveCfg = Release|x64
		{30BAEACE-78BA-408C-AED2-237F908C642E}.Release|x64.Build.0 = Release|x64
		{30BAEACE-78BA-408C-AED2-237F908C642E}.Release|x86.ActiveCfg = Release|Win32
		{30BAEACE-78BA-408C-AED2-237F908C642E}.Release|x86.Build.0 = Release|Win32
		{50BA210E-9273-457C-AF92-4AF37DE8F1BA}.Debug|x64.ActiveCfg = Debug|x64
		{50BA210E-9273-457C-AF92-4AF37DE8F1BA}.Debug|x64.Build.0 = Debug|x64
		{50BA210E-9273-457C-AF92-4AF37DE8F1BA}.Debug|x86.ActiveCfg = Debug|Win32
		{50BA210E-9273-457C-AF92-4AF37DE8F1BA}.Debug|x86.Build.0 = Debug|Win32
		{50BA210E-9273-457C-AF92-4AF37DE8F1BA}.Release|x64.ActiveCfg = Release|x64
		{50BA210E-9273-457C-AF92-4AF37DE8F1BA}.Release|x64.Build.0 = Release|x64
		{50BA210E-9273-457C-AF92-4AF37DE8F1BA}.Release|x86.ActiveCfg = Release|Win32
		{50BA210E-9273-457C-AF92-4AF37DE8F1BA}.Release|x86.Build.0 = Release|Win32
		{7778FC4D-FB4F-4F20-91DD-35E1B47E63C2}.Debug|x64.ActiveCfg = Debug|x64
		{7778FC4D-FB4F-4F20-91DD-35E1B47E63C2}.Debug|x64.Build.0 = Debug|x64
		{7778FC4D-FB4F-4F20-91DD-35E1B47E63C2}.Debug|x86.ActiveCfg = Debug|Win32
		{7778FC4D-FB4F-4F20-91DD-35E1B47E63C2}.Debug|x86.Build.0 = Debug|Win32
		{7778FC4D-FB4F-4F20-91DD-35E1B47E63C2}.Release|x64.ActiveCfg = Release|x64
		{7778FC4D-FB4F-4F20-91DD-35E1B47E63C2}.Release|x64.Build.0 = Release|x64
		{7778FC4D-FB4F-4F20-91DD-35E1B47E63C2}.Release|x86.ActiveCfg = Release|Win32
		{7778FC4D-FB4F-4F20-91DD-35E1B47E63C2}.Release|x86.Build.0 = Release|Win32
		{8C893107-89C6-495D-9F17-66B65AACFABF}.Debug|x64.ActiveCfg = Debug|x64
		{8C893107-89C6-495D-9F17-66B65AACFABF}.Debug|x64.Build.0 = Debug|x64
		{8C893107-89C6-495D-9F17-66B65AACFABF}.Debug|x86.ActiveCfg = Debug|Win32
		{8C893107-89C6-495D-9F17-66B65AACFABF}.Debug|x86.Build.0 = Debug|Win32
		{8C893107-89C6-495D-9F17-66B65AACFABF}.Release|x64.ActiveCfg = Release|x64
		{8C893107-89C6-495D-9F17-66B65AACFABF}.Release|x64.Build.0 = Release|x64
		{8C893107-89C6-495D-9F17-66B65AACFABF}.Release|x86.ActiveCfg = Release|Win32
		{8C893107-89C6-495D-9F17-66B65AACFABF}.Release|x86.Build.0 = Release|Win32
		{EEF74110-A36B-46B5-9CA1-21D6CAD8ACAA}.Debug|x64.ActiveCfg = Debug|x64
		{EEF74110-A36B-46B5-9CA1-21D6CAD8ACAA}.Debug|x64.Build.0 = Debug|x64
		{EEF74110-A36B-46B5-9CA1-21D6CAD8ACAA}.Debug|x86.ActiveCfg = Debug|Win32
		{EEF74110-A36B-46B5-9CA1-21D6CAD8ACAA}.Debug|x86.Build.0 = Debug|Win32
		{EEF74110-A36B-46B5-9CA1-21D6CAD8ACAA}.Release|x64.ActiveCfg = Release|x64
		{EEF74110-A36B-46B5-9CA1-21D6CAD8ACAA}.Release|x64.Build.0 = Release|x64
		{EEF74110-A36B-46B5-9CA1-21D6CAD8ACAA}.Release|x86.ActiveCfg = Release|Win32
		{EEF74110-A36B-46B5-9CA1-21D6CAD8ACAA}.Release|x86.Build.0 = Release|Win32
		{71DBB238-83C8-46C2-A91B-EDC4C52E60F5}.Debug|x64.ActiveCfg = Debug|x64
		{71DBB238-83C8-46C2-A91B-EDC4C52E60F5}.Debug|x64.Build.0 = Debug|x64
		{71DBB238-83C8-46C2-A91B-EDC4C52E60F5}.Debug|x86.ActiveCfg = Debug|Win32
		{71DBB238-83C8-46C2-A91B-EDC4C52E60F5}.Debug|x86.Build.0 = Debug|Win32
		{71DBB238-83C8-46C2-A91B-EDC4C52E60F5}.Release|x64.ActiveCfg = Release|x64
		{71DBB238-83C8-46C2-A91B-EDC4C52E60F5}.Release|x64.Build.0 = Release|x64
		{71DBB238-83C8-46C2-A91B-EDC4C52E60F5}.Release|x86.ActiveCfg = Release|Win32
		{71DBB238-83C8-46C2-A91B-EDC4C52E60F5}.Release|x86.Build.0 = Release|Win32
		{1ACF3699-6FEB-44FD-A4A1-230692177A64}.Debug|x64.ActiveCfg = Debug|x64
		{1ACF3699-6FEB-44FD-A4A1-230692177A64}.Debug|x64.Build.0 = Debug|x64
		{1ACF3699-6FEB-44FD-A4A1-230692177A64}.Debug|x86.ActiveCfg = Debug|Win32
		{1ACF3699-6FEB-44FD-A4A1-230692177A64}.Debug|x86.Build.0 = Debug|Win32
		{1ACF3699-6FEB-44FD-A4A1-230692177A64}.Release|x64.ActiveCfg = Release|x64
		{1ACF3699-6FEB-44FD-A4A1-230692177A64}.Release|x64.Build.0 = Release|x64
		{1ACF3699-6FEB-44FD-A4A1-230692177A64}.Release|x86.ActiveCfg = Release|Win32
		{1ACF3699-6FEB-44FD-A4A1-230692177A64}.Release|x86.Build.0 = Release|Win32
	EndGlobalSection
	GlobalSection(SolutionProperties) = preSolution
		HideSolutionNode = FALSE
	EndGlobalSection
	GlobalSection(ExtensibilityGlobals) = postSolution
		SolutionGuid = {F3A4A206-441E-42B7-98F7-700E20DF0BCD}
	EndGlobalSection
EndGlobal
