
Microsoft Visual Studio Solution File, Format Version 12.00
# Visual Studio Version 16
VisualStudioVersion = 16.0.30523.141
MinimumVisualStudioVersion = 10.0.40219.1
Project("{8BC9CEB8-8B4A-11D0-8D11-00A0C91BC942}") = "L1-001_Hello_World", "L1-001_Hello_World\L1-001_Hello_World.vcxproj", "{4472EA22-7F91-42F3-84E3-41F519B3F8C9}"
EndProject
Project("{8BC9CEB8-8B4A-11D0-8D11-00A0C91BC942}") = "L1-002_打印沙漏", "L1-002_打印沙漏\L1-002_打印沙漏.vcxproj", "{C4ACF56C-11D5-4091-A54F-11C1062F3802}"
EndProject
Project("{8BC9CEB8-8B4A-11D0-8D11-00A0C91BC942}") = "L1-003_个位数统计", "L1-003_个位数统计\L1-003_个位数统计.vcxproj", "{B268A9BC-8397-40D5-89CB-E0D899650B1D}"
EndProject
Project("{8BC9CEB8-8B4A-11D0-8D11-00A0C91BC942}") = "L1-004_计算摄氏温度", "L1-004_计算摄氏温度\L1-004_计算摄氏温度.vcxproj", "{7022379F-EEB2-4015-AAF3-13BBBDCC4C55}"
EndProject
Project("{8BC9CEB8-8B4A-11D0-8D11-00A0C91BC942}") = "L1-005_考试座位号", "L1-005_考试座位号\L1-005_考试座位号.vcxproj", "{3454D3E2-8257-4F1A-ACAC-37EFE9A80E98}"
EndProject
Project("{8BC9CEB8-8B4A-11D0-8D11-00A0C91BC942}") = "L1-006_连续因子", "L1-006_连续因子\L1-006_连续因子.vcxproj", "{7D9446C7-B807-4960-A3F3-293E037F8118}"
EndProject
Project("{8BC9CEB8-8B4A-11D0-8D11-00A0C91BC942}") = "L1-010_比较大小", "L1-010_比较大小\L1-010_比较大小.vcxproj", "{B0CFA1B2-BB8B-4738-9DE6-50EF725A2791}"
EndProject
Project("{8BC9CEB8-8B4A-11D0-8D11-00A0C91BC942}") = "L1-009_N个数求和", "L1-009_N个数求和\L1-009_N个数求和.vcxproj", "{36019D7C-7B5E-4B59-98D6-F907D0E922BC}"
EndProject
Project("{8BC9CEB8-8B4A-11D0-8D11-00A0C91BC942}") = "L1-016_查验身份证", "L1-016_查验身份证\L1-016_查验身份证.vcxproj", "{8A0E8E2C-8258-43F2-A85E-C739C20E2942}"
EndProject
Project("{8BC9CEB8-8B4A-11D0-8D11-00A0C91BC942}") = "L1-015_跟奥巴马一起画方块", "L1-015_跟奥巴马一起画方块\L1-015_跟奥巴马一起画方块.vcxproj", "{AA609DA9-7147-457D-B7D5-3E7AD50DB556}"
EndProject
Project("{8BC9CEB8-8B4A-11D0-8D11-00A0C91BC942}") = "L1-014_简单题", "L1-014_简单题\L1-014_简单题.vcxproj", "{731D2BDC-8575-483A-93D7-ADB5EB06D1B6}"
EndProject
Project("{8BC9CEB8-8B4A-11D0-8D11-00A0C91BC942}") = "L1-013_计算阶乘和", "L1-013_计算阶乘和\L1-013_计算阶乘和.vcxproj", "{85F0BC3D-AA28-4C4C-A227-8767A38C90FE}"
EndProject
Project("{8BC9CEB8-8B4A-11D0-8D11-00A0C91BC942}") = "L1-012_计算指数", "L1-012_计算指数\L1-012_计算指数.vcxproj", "{35C98912-FFA4-40FD-AE69-7E317BA747F8}"
EndProject
Project("{8BC9CEB8-8B4A-11D0-8D11-00A0C91BC942}") = "L1-011_A-B", "L1-011_A-B\L1-011_A-B.vcxproj", "{3A4A6ADB-A6DE-4122-95E4-086DE87B4F1D}"
EndProject
Project("{8BC9CEB8-8B4A-11D0-8D11-00A0C91BC942}") = "L1-007_念数字", "L1-007_念数字\L1-007_念数字.vcxproj", "{D80B8092-5374-44FC-ABEA-6E9675E28394}"
EndProject
Project("{8BC9CEB8-8B4A-11D0-8D11-00A0C91BC942}") = "L1-008_求整数段和", "L1-008_求整数段和\L1-008_求整数段和.vcxproj", "{AD853996-B13A-4768-8FD8-0932749167B3}"
EndProject
Project("{8BC9CEB8-8B4A-11D0-8D11-00A0C91BC942}") = "L1-017_到底有多二", "L1-017_到底有多二\L1-017_到底有多二.vcxproj", "{5874A383-AAA6-43FC-9FA7-EAF64C6171E6}"
EndProject
Project("{8BC9CEB8-8B4A-11D0-8D11-00A0C91BC942}") = "L1-018_大笨钟", "L1-018_大笨钟\L1-018_大笨钟.vcxproj", "{BE19650A-1DE5-4623-A2C9-E3F4E8C23E06}"
EndProject
Project("{8BC9CEB8-8B4A-11D0-8D11-00A0C91BC942}") = "L1-019_谁先倒", "L1-019_谁先倒\L1-019_谁先倒.vcxproj", "{626A28A1-D0E2-47E7-A073-4A63031E7FAA}"
EndProject
Project("{8BC9CEB8-8B4A-11D0-8D11-00A0C91BC942}") = "L1-020_帅到没朋友", "L1-020_帅到没朋友\L1-020_帅到没朋友.vcxproj", "{6F6800C4-C395-4932-98A8-624B157FBBA3}"
EndProject
Project("{8BC9CEB8-8B4A-11D0-8D11-00A0C91BC942}") = "L1-024_后天", "L1-024_后天\L1-024_后天.vcxproj", "{C589BB79-FDB3-4B54-9581-5C60599F8134}"
EndProject
Project("{8BC9CEB8-8B4A-11D0-8D11-00A0C91BC942}") = "L1-023_输出GPLT", "L1-023_输出GPLT\L1-023_输出GPLT.vcxproj", "{2374960A-E86E-42B9-AD9E-410C2A60617C}"
EndProject
Project("{8BC9CEB8-8B4A-11D0-8D11-00A0C91BC942}") = "L1-022_奇偶分家", "L1-022_奇偶分家\L1-022_奇偶分家.vcxproj", "{B82F4E45-FA5E-4482-80DB-3E16922A3AD6}"
EndProject
Project("{8BC9CEB8-8B4A-11D0-8D11-00A0C91BC942}") = "L1-021_重要的话说三遍", "L1-021_重要的话说三遍\L1-021_重要的话说三遍.vcxproj", "{A28E3C8A-7FA1-4FF3-A6C7-DE3986D7C874}"
EndProject
Project("{8BC9CEB8-8B4A-11D0-8D11-00A0C91BC942}") = "L1-025_正整数A+B", "L1-025_正整数A+B\L1-025_正整数A+B.vcxproj", "{B70346AD-408F-4844-939D-C6FC253DBD9B}"
EndProject
Project("{8BC9CEB8-8B4A-11D0-8D11-00A0C91BC942}") = "L1-026_I_Love_GPLT", "L1-026_I_Love_GPLT\L1-026_I_Love_GPLT.vcxproj", "{30BAEACE-78BA-408C-AED2-237F908C642E}"
EndProject
Project("{8BC9CEB8-8B4A-11D0-8D11-00A0C91BC942}") = "L1-027_出租", "L1-027_出租\L1-027_出租.vcxproj", "{50BA210E-9273-457C-AF92-4AF37DE8F1BA}"
EndProject
Project("{8BC9CEB8-8B4A-11D0-8D11-00A0C91BC942}") = "L1-028_判断素数", "L1-028_判断素数\L1-028_判断素数.vcxproj", "{7778FC4D-FB4F-4F20-91DD-35E1B47E63C2}"
EndProject
Project("{8BC9CEB8-8B4A-11D0-8D11-00A0C91BC942}") = "L1-029_是不是太胖了", "L1-029_是不是太胖了\L1-029_是不是太胖了.vcxproj", "{8C893107-89C6-495D-9F17-66B65AACFABF}"
EndProject
Project("{8BC9CEB8-8B4A-11D0-8D11-00A0C91BC942}") = "L1-030_一帮一", "L1-030_一帮一\L1-030_一帮一.vcxproj", "{EEF74110-A36B-46B5-9CA1-21D6CAD8ACAA}"
EndProject
Project("{8BC9CEB8-8B4A-11D0-8D11-00A0C91BC942}") = "L1-031_到底是不是太胖了", "L1-031_到底是不是太胖了\L1-031_到底是不是太胖了.vcxproj", "{71DBB238-83C8-46C2-A91B-EDC4C52E60F5}"
EndProject
Project("{8BC9CEB8-8B4A-11D0-8D11-00A0C91BC942}") = "L1-032_Left-pad", "L1-032_Left-pad\L1-032_Left-pad.vcxproj", "{1ACF3699-6FEB-44FD-A4A1-230692177A64}"
EndProject
Project("{8BC9CEB8-8B4A-11D0-8D11-00A0C91BC942}") = "L1-033_出生年", "L1-033_出生年\L1-033_出生年.vcxproj", "{4DEF4E61-3013-4F28-9DF6-4D290A83EE2F}"
EndProject
Project("{8BC9CEB8-8B4A-11D0-8D11-00A0C91BC942}") = "L1-034_点赞", "L1-034_点赞\L1-034_点赞.vcxproj", "{2AC6766B-A64E-4B05-8113-B1DEE47DFDBE}"
EndProject
Project("{8BC9CEB8-8B4A-11D0-8D11-00A0C91BC942}") = "L1-035_情人节", "L1-035_情人节\L1-035_情人节.vcxproj", "{C39A0508-8A18-4028-B172-78FAFA0C2C8B}"
EndProject
Project("{8BC9CEB8-8B4A-11D0-8D11-00A0C91BC942}") = "L1-036_A乘以B", "L1-036_A乘以B\L1-036_A乘以B.vcxproj", "{620328CB-7FA4-44A3-B78E-30EC1F2C2EB6}"
EndProject
Project("{8BC9CEB8-8B4A-11D0-8D11-00A0C91BC942}") = "L1-037_A除以B", "L1-037_A除以B\L1-037_A除以B.vcxproj", "{B9E1A6AA-06FF-4D20-8126-EECABAB9DD1E}"
EndProject
Project("{8BC9CEB8-8B4A-11D0-8D11-00A0C91BC942}") = "L1-038_新世界", "L1-038_新世界\L1-038_新世界.vcxproj", "{39BD9625-4A0F-4BD0-A8DB-B9682442A292}"
EndProject
Project("{8BC9CEB8-8B4A-11D0-8D11-00A0C91BC942}") = "L1-039_古风排版", "L1-039_古风排版\L1-039_古风排版.vcxproj", "{0DE6CAA4-304F-4166-B171-979C815B88CE}"
EndProject
Project("{8BC9CEB8-8B4A-11D0-8D11-00A0C91BC942}") = "L1-040_最佳情侣身高差", "L1-040_最佳情侣身高差\L1-040_最佳情侣身高差.vcxproj", "{FF317E78-EBC6-4F01-BAE2-E098E2A17EE2}"
EndProject
Project("{8BC9CEB8-8B4A-11D0-8D11-00A0C91BC942}") = "L1-041_寻找250", "L1-041_寻找250\L1-041_寻找250.vcxproj", "{4DB3CCB6-76BE-4420-90BB-D87B388800A4}"
EndProject
Project("{8BC9CEB8-8B4A-11D0-8D11-00A0C91BC942}") = "L1-042_日期格式化", "L1-042_日期格式化\L1-042_日期格式化.vcxproj", "{C910C1AA-8D5B-4B81-9118-BC209FBAC6AF}"
EndProject
Project("{8BC9CEB8-8B4A-11D0-8D11-00A0C91BC942}") = "L1-043_阅览室", "L1-043_阅览室\L1-043_阅览室.vcxproj", "{D64237AD-A8AE-4DD4-BA3A-64B850356DF5}"
EndProject
Project("{8BC9CEB8-8B4A-11D0-8D11-00A0C91BC942}") = "L1-044_稳赢", "L1-044_稳赢\L1-044_稳赢.vcxproj", "{9DD0B053-97A7-4C6E-8326-10D40AD2CD6B}"
EndProject
Project("{8BC9CEB8-8B4A-11D0-8D11-00A0C91BC942}") = "L1-045_宇宙无敌大招呼", "L1-045_宇宙无敌大招呼\L1-045_宇宙无敌大招呼.vcxproj", "{5937CC57-17C7-4E16-B632-7427B6F95432}"
EndProject
Project("{8BC9CEB8-8B4A-11D0-8D11-00A0C91BC942}") = "L1-046_整除光棍", "L1-046_整除光棍\L1-046_整除光棍.vcxproj", "{8A82E794-5FCD-4CF8-99B0-2C093F43BE43}"
EndProject
Project("{8BC9CEB8-8B4A-11D0-8D11-00A0C91BC942}") = "L1-047_装睡", "L1-047_装睡\L1-047_装睡.vcxproj", "{BBC81343-19DB-4258-9E12-214C55735227}"
EndProject
Project("{8BC9CEB8-8B4A-11D0-8D11-00A0C91BC942}") = "L1-048_矩阵A乘以B", "L1-048_矩阵A乘以B\L1-048_矩阵A乘以B.vcxproj", "{BE6E074E-9A34-47E3-B7E0-598A88E68DD2}"
EndProject
Project("{8BC9CEB8-8B4A-11D0-8D11-00A0C91BC942}") = "L1-049_天梯赛座位分配", "L1-049_天梯赛座位分配\L1-049_天梯赛座位分配.vcxproj", "{143E41E7-34E1-46C2-9A98-7A45833307FE}"
EndProject
Project("{8BC9CEB8-8B4A-11D0-8D11-00A0C91BC942}") = "L1-050_倒数第N个字符串", "L1-050_倒数第N个字符串\L1-050_倒数第N个字符串.vcxproj", "{E425C65E-B620-4C5D-B4FF-98E191E9C13E}"
EndProject
Project("{8BC9CEB8-8B4A-11D0-8D11-00A0C91BC942}") = "L1-051_打折", "L1-051_打折\L1-051_打折.vcxproj", "{594B12DC-87CD-4F37-A586-51F04AC5FFBA}"
EndProject
Project("{8BC9CEB8-8B4A-11D0-8D11-00A0C91BC942}") = "L1-052_2018我们要赢", "L1-052_2018我们要赢\L1-052_2018我们要赢.vcxproj", "{EDB44888-C729-4017-9201-100BA08247C3}"
EndProject
Project("{8BC9CEB8-8B4A-11D0-8D11-00A0C91BC942}") = "L1-053_电子汪", "L1-053_电子汪\L1-053_电子汪.vcxproj", "{B22A07BE-1D5D-4484-9567-59DB5A1D3DE6}"
EndProject
Project("{8BC9CEB8-8B4A-11D0-8D11-00A0C91BC942}") = "L1-054_福到了", "L1-054_福到了\L1-054_福到了.vcxproj", "{FF43D3CA-1216-4764-9DEA-83F0F28FA089}"
EndProject
Project("{8BC9CEB8-8B4A-11D0-8D11-00A0C91BC942}") = "L1-055_谁是赢家", "L1-055_谁是赢家\L1-055_谁是赢家.vcxproj", "{0EA1A0B0-31ED-4CD3-A019-C0D1DF54D9E0}"
EndProject
Project("{8BC9CEB8-8B4A-11D0-8D11-00A0C91BC942}") = "L1-056_猜数字", "L1-056_猜数字\L1-056_猜数字.vcxproj", "{DE6C4150-1EE2-436A-ADBF-5934B35024E7}"
EndProject
Project("{8BC9CEB8-8B4A-11D0-8D11-00A0C91BC942}") = "L1-057_PTA使我精神焕发", "L1-057_PTA使我精神焕发\L1-057_PTA使我精神焕发.vcxproj", "{7574D179-1988-499E-A98C-03D15C91DF47}"
EndProject
Project("{8BC9CEB8-8B4A-11D0-8D11-00A0C91BC942}") = "L1-058_6翻了", "L1-058_6翻了\L1-058_6翻了.vcxproj", "{06C84CE9-DF1E-4556-A1EF-AD98AF99BF9B}"
EndProject
Project("{8BC9CEB8-8B4A-11D0-8D11-00A0C91BC942}") = "L1-059_敲笨钟", "L1-059_敲笨钟\L1-059_敲笨钟.vcxproj", "{257C4D7B-7BB7-47D5-9E68-101AB5CFB0E5}"
EndProject
Project("{8BC9CEB8-8B4A-11D0-8D11-00A0C91BC942}") = "L1-060_心理阴影面积", "L1-060_心理阴影面积\L1-060_心理阴影面积.vcxproj", "{F778A96D-F3A4-492A-9F94-84C45938577B}"
EndProject
Project("{8BC9CEB8-8B4A-11D0-8D11-00A0C91BC942}") = "L1-061_新胖子公式", "L1-061_新胖子公式\L1-061_新胖子公式.vcxproj", "{878DCFDC-B860-4669-A1A9-D44BC3FDB485}"
EndProject
Project("{8BC9CEB8-8B4A-11D0-8D11-00A0C91BC942}") = "L1-062_幸运彩票", "L1-062_幸运彩票\L1-062_幸运彩票.vcxproj", "{C2762F74-0362-44BC-B508-4AAF83D18E9F}"
EndProject
Project("{8BC9CEB8-8B4A-11D0-8D11-00A0C91BC942}") = "L1-063_吃鱼还是吃肉", "L1-063_吃鱼还是吃肉\L1-063_吃鱼还是吃肉.vcxproj", "{69968DB9-2B1A-4C75-9F61-AF23F6553F25}"
EndProject
Project("{8BC9CEB8-8B4A-11D0-8D11-00A0C91BC942}") = "L1-064_估值一亿的AI核心代码", "L1-064_估值一亿的AI核心代码\L1-064_估值一亿的AI核心代码.vcxproj", "{EE1C7739-ED60-4B91-855F-88B5423C794E}"
EndProject
Global
	GlobalSection(SolutionConfigurationPlatforms) = preSolution
		Debug|x64 = Debug|x64
		Debug|x86 = Debug|x86
		Release|x64 = Release|x64
		Release|x86 = Release|x86
	EndGlobalSection
	GlobalSection(ProjectConfigurationPlatforms) = postSolution
		{4472EA22-7F91-42F3-84E3-41F519B3F8C9}.Debug|x64.ActiveCfg = Debug|x64
		{4472EA22-7F91-42F3-84E3-41F519B3F8C9}.Debug|x64.Build.0 = Debug|x64
		{4472EA22-7F91-42F3-84E3-41F519B3F8C9}.Debug|x86.ActiveCfg = Debug|Win32
		{4472EA22-7F91-42F3-84E3-41F519B3F8C9}.Debug|x86.Build.0 = Debug|Win32
		{4472EA22-7F91-42F3-84E3-41F519B3F8C9}.Release|x64.ActiveCfg = Release|x64
		{4472EA22-7F91-42F3-84E3-41F519B3F8C9}.Release|x64.Build.0 = Release|x64
		{4472EA22-7F91-42F3-84E3-41F519B3F8C9}.Release|x86.ActiveCfg = Release|Win32
		{4472EA22-7F91-42F3-84E3-41F519B3F8C9}.Release|x86.Build.0 = Release|Win32
		{C4ACF56C-11D5-4091-A54F-11C1062F3802}.Debug|x64.ActiveCfg = Debug|x64
		{C4ACF56C-11D5-4091-A54F-11C1062F3802}.Debug|x64.Build.0 = Debug|x64
		{C4ACF56C-11D5-4091-A54F-11C1062F3802}.Debug|x86.ActiveCfg = Debug|Win32
		{C4ACF56C-11D5-4091-A54F-11C1062F3802}.Debug|x86.Build.0 = Debug|Win32
		{C4ACF56C-11D5-4091-A54F-11C1062F3802}.Release|x64.ActiveCfg = Release|x64
		{C4ACF56C-11D5-4091-A54F-11C1062F3802}.Release|x64.Build.0 = Release|x64
		{C4ACF56C-11D5-4091-A54F-11C1062F3802}.Release|x86.ActiveCfg = Release|Win32
		{C4ACF56C-11D5-4091-A54F-11C1062F3802}.Release|x86.Build.0 = Release|Win32
		{B268A9BC-8397-40D5-89CB-E0D899650B1D}.Debug|x64.ActiveCfg = Debug|x64
		{B268A9BC-8397-40D5-89CB-E0D899650B1D}.Debug|x64.Build.0 = Debug|x64
		{B268A9BC-8397-40D5-89CB-E0D899650B1D}.Debug|x86.ActiveCfg = Debug|Win32
		{B268A9BC-8397-40D5-89CB-E0D899650B1D}.Debug|x86.Build.0 = Debug|Win32
		{B268A9BC-8397-40D5-89CB-E0D899650B1D}.Release|x64.ActiveCfg = Release|x64
		{B268A9BC-8397-40D5-89CB-E0D899650B1D}.Release|x64.Build.0 = Release|x64
		{B268A9BC-8397-40D5-89CB-E0D899650B1D}.Release|x86.ActiveCfg = Release|Win32
		{B268A9BC-8397-40D5-89CB-E0D899650B1D}.Release|x86.Build.0 = Release|Win32
		{7022379F-EEB2-4015-AAF3-13BBBDCC4C55}.Debug|x64.ActiveCfg = Debug|x64
		{7022379F-EEB2-4015-AAF3-13BBBDCC4C55}.Debug|x64.Build.0 = Debug|x64
		{7022379F-EEB2-4015-AAF3-13BBBDCC4C55}.Debug|x86.ActiveCfg = Debug|Win32
		{7022379F-EEB2-4015-AAF3-13BBBDCC4C55}.Debug|x86.Build.0 = Debug|Win32
		{7022379F-EEB2-4015-AAF3-13BBBDCC4C55}.Release|x64.ActiveCfg = Release|x64
		{7022379F-EEB2-4015-AAF3-13BBBDCC4C55}.Release|x64.Build.0 = Release|x64
		{7022379F-EEB2-4015-AAF3-13BBBDCC4C55}.Release|x86.ActiveCfg = Release|Win32
		{7022379F-EEB2-4015-AAF3-13BBBDCC4C55}.Release|x86.Build.0 = Release|Win32
		{3454D3E2-8257-4F1A-ACAC-37EFE9A80E98}.Debug|x64.ActiveCfg = Debug|x64
		{3454D3E2-8257-4F1A-ACAC-37EFE9A80E98}.Debug|x64.Build.0 = Debug|x64
		{3454D3E2-8257-4F1A-ACAC-37EFE9A80E98}.Debug|x86.ActiveCfg = Debug|Win32
		{3454D3E2-8257-4F1A-ACAC-37EFE9A80E98}.Debug|x86.Build.0 = Debug|Win32
		{3454D3E2-8257-4F1A-ACAC-37EFE9A80E98}.Release|x64.ActiveCfg = Release|x64
		{3454D3E2-8257-4F1A-ACAC-37EFE9A80E98}.Release|x64.Build.0 = Release|x64
		{3454D3E2-8257-4F1A-ACAC-37EFE9A80E98}.Release|x86.ActiveCfg = Release|Win32
		{3454D3E2-8257-4F1A-ACAC-37EFE9A80E98}.Release|x86.Build.0 = Release|Win32
		{7D9446C7-B807-4960-A3F3-293E037F8118}.Debug|x64.ActiveCfg = Debug|x64
		{7D9446C7-B807-4960-A3F3-293E037F8118}.Debug|x64.Build.0 = Debug|x64
		{7D9446C7-B807-4960-A3F3-293E037F8118}.Debug|x86.ActiveCfg = Debug|Win32
		{7D9446C7-B807-4960-A3F3-293E037F8118}.Debug|x86.Build.0 = Debug|Win32
		{7D9446C7-B807-4960-A3F3-293E037F8118}.Release|x64.ActiveCfg = Release|x64
		{7D9446C7-B807-4960-A3F3-293E037F8118}.Release|x64.Build.0 = Release|x64
		{7D9446C7-B807-4960-A3F3-293E037F8118}.Release|x86.ActiveCfg = Release|Win32
		{7D9446C7-B807-4960-A3F3-293E037F8118}.Release|x86.Build.0 = Release|Win32
		{B0CFA1B2-BB8B-4738-9DE6-50EF725A2791}.Debug|x64.ActiveCfg = Debug|x64
		{B0CFA1B2-BB8B-4738-9DE6-50EF725A2791}.Debug|x64.Build.0 = Debug|x64
		{B0CFA1B2-BB8B-4738-9DE6-50EF725A2791}.Debug|x86.ActiveCfg = Debug|Win32
		{B0CFA1B2-BB8B-4738-9DE6-50EF725A2791}.Debug|x86.Build.0 = Debug|Win32
		{B0CFA1B2-BB8B-4738-9DE6-50EF725A2791}.Release|x64.ActiveCfg = Release|x64
		{B0CFA1B2-BB8B-4738-9DE6-50EF725A2791}.Release|x64.Build.0 = Release|x64
		{B0CFA1B2-BB8B-4738-9DE6-50EF725A2791}.Release|x86.ActiveCfg = Release|Win32
		{B0CFA1B2-BB8B-4738-9DE6-50EF725A2791}.Release|x86.Build.0 = Release|Win32
		{36019D7C-7B5E-4B59-98D6-F907D0E922BC}.Debug|x64.ActiveCfg = Debug|x64
		{36019D7C-7B5E-4B59-98D6-F907D0E922BC}.Debug|x64.Build.0 = Debug|x64
		{36019D7C-7B5E-4B59-98D6-F907D0E922BC}.Debug|x86.ActiveCfg = Debug|Win32
		{36019D7C-7B5E-4B59-98D6-F907D0E922BC}.Debug|x86.Build.0 = Debug|Win32
		{36019D7C-7B5E-4B59-98D6-F907D0E922BC}.Release|x64.ActiveCfg = Release|x64
		{36019D7C-7B5E-4B59-98D6-F907D0E922BC}.Release|x64.Build.0 = Release|x64
		{36019D7C-7B5E-4B59-98D6-F907D0E922BC}.Release|x86.ActiveCfg = Release|Win32
		{36019D7C-7B5E-4B59-98D6-F907D0E922BC}.Release|x86.Build.0 = Release|Win32
		{8A0E8E2C-8258-43F2-A85E-C739C20E2942}.Debug|x64.ActiveCfg = Debug|x64
		{8A0E8E2C-8258-43F2-A85E-C739C20E2942}.Debug|x64.Build.0 = Debug|x64
		{8A0E8E2C-8258-43F2-A85E-C739C20E2942}.Debug|x86.ActiveCfg = Debug|Win32
		{8A0E8E2C-8258-43F2-A85E-C739C20E2942}.Debug|x86.Build.0 = Debug|Win32
		{8A0E8E2C-8258-43F2-A85E-C739C20E2942}.Release|x64.ActiveCfg = Release|x64
		{8A0E8E2C-8258-43F2-A85E-C739C20E2942}.Release|x64.Build.0 = Release|x64
		{8A0E8E2C-8258-43F2-A85E-C739C20E2942}.Release|x86.ActiveCfg = Release|Win32
		{8A0E8E2C-8258-43F2-A85E-C739C20E2942}.Release|x86.Build.0 = Release|Win32
		{AA609DA9-7147-457D-B7D5-3E7AD50DB556}.Debug|x64.ActiveCfg = Debug|x64
		{AA609DA9-7147-457D-B7D5-3E7AD50DB556}.Debug|x64.Build.0 = Debug|x64
		{AA609DA9-7147-457D-B7D5-3E7AD50DB556}.Debug|x86.ActiveCfg = Debug|Win32
		{AA609DA9-7147-457D-B7D5-3E7AD50DB556}.Debug|x86.Build.0 = Debug|Win32
		{AA609DA9-7147-457D-B7D5-3E7AD50DB556}.Release|x64.ActiveCfg = Release|x64
		{AA609DA9-7147-457D-B7D5-3E7AD50DB556}.Release|x64.Build.0 = Release|x64
		{AA609DA9-7147-457D-B7D5-3E7AD50DB556}.Release|x86.ActiveCfg = Release|Win32
		{AA609DA9-7147-457D-B7D5-3E7AD50DB556}.Release|x86.Build.0 = Release|Win32
		{731D2BDC-8575-483A-93D7-ADB5EB06D1B6}.Debug|x64.ActiveCfg = Debug|x64
		{731D2BDC-8575-483A-93D7-ADB5EB06D1B6}.Debug|x64.Build.0 = Debug|x64
		{731D2BDC-8575-483A-93D7-ADB5EB06D1B6}.Debug|x86.ActiveCfg = Debug|Win32
		{731D2BDC-8575-483A-93D7-ADB5EB06D1B6}.Debug|x86.Build.0 = Debug|Win32
		{731D2BDC-8575-483A-93D7-ADB5EB06D1B6}.Release|x64.ActiveCfg = Release|x64
		{731D2BDC-8575-483A-93D7-ADB5EB06D1B6}.Release|x64.Build.0 = Release|x64
		{731D2BDC-8575-483A-93D7-ADB5EB06D1B6}.Release|x86.ActiveCfg = Release|Win32
		{731D2BDC-8575-483A-93D7-ADB5EB06D1B6}.Release|x86.Build.0 = Release|Win32
		{85F0BC3D-AA28-4C4C-A227-8767A38C90FE}.Debug|x64.ActiveCfg = Debug|x64
		{85F0BC3D-AA28-4C4C-A227-8767A38C90FE}.Debug|x64.Build.0 = Debug|x64
		{85F0BC3D-AA28-4C4C-A227-8767A38C90FE}.Debug|x86.ActiveCfg = Debug|Win32
		{85F0BC3D-AA28-4C4C-A227-8767A38C90FE}.Debug|x86.Build.0 = Debug|Win32
		{85F0BC3D-AA28-4C4C-A227-8767A38C90FE}.Release|x64.ActiveCfg = Release|x64
		{85F0BC3D-AA28-4C4C-A227-8767A38C90FE}.Release|x64.Build.0 = Release|x64
		{85F0BC3D-AA28-4C4C-A227-8767A38C90FE}.Release|x86.ActiveCfg = Release|Win32
		{85F0BC3D-AA28-4C4C-A227-8767A38C90FE}.Release|x86.Build.0 = Release|Win32
		{35C98912-FFA4-40FD-AE69-7E317BA747F8}.Debug|x64.ActiveCfg = Debug|x64
		{35C98912-FFA4-40FD-AE69-7E317BA747F8}.Debug|x64.Build.0 = Debug|x64
		{35C98912-FFA4-40FD-AE69-7E317BA747F8}.Debug|x86.ActiveCfg = Debug|Win32
		{35C98912-FFA4-40FD-AE69-7E317BA747F8}.Debug|x86.Build.0 = Debug|Win32
		{35C98912-FFA4-40FD-AE69-7E317BA747F8}.Release|x64.ActiveCfg = Release|x64
		{35C98912-FFA4-40FD-AE69-7E317BA747F8}.Release|x64.Build.0 = Release|x64
		{35C98912-FFA4-40FD-AE69-7E317BA747F8}.Release|x86.ActiveCfg = Release|Win32
		{35C98912-FFA4-40FD-AE69-7E317BA747F8}.Release|x86.Build.0 = Release|Win32
		{3A4A6ADB-A6DE-4122-95E4-086DE87B4F1D}.Debug|x64.ActiveCfg = Debug|x64
		{3A4A6ADB-A6DE-4122-95E4-086DE87B4F1D}.Debug|x64.Build.0 = Debug|x64
		{3A4A6ADB-A6DE-4122-95E4-086DE87B4F1D}.Debug|x86.ActiveCfg = Debug|Win32
		{3A4A6ADB-A6DE-4122-95E4-086DE87B4F1D}.Debug|x86.Build.0 = Debug|Win32
		{3A4A6ADB-A6DE-4122-95E4-086DE87B4F1D}.Release|x64.ActiveCfg = Release|x64
		{3A4A6ADB-A6DE-4122-95E4-086DE87B4F1D}.Release|x64.Build.0 = Release|x64
		{3A4A6ADB-A6DE-4122-95E4-086DE87B4F1D}.Release|x86.ActiveCfg = Release|Win32
		{3A4A6ADB-A6DE-4122-95E4-086DE87B4F1D}.Release|x86.Build.0 = Release|Win32
		{D80B8092-5374-44FC-ABEA-6E9675E28394}.Debug|x64.ActiveCfg = Debug|x64
		{D80B8092-5374-44FC-ABEA-6E9675E28394}.Debug|x64.Build.0 = Debug|x64
		{D80B8092-5374-44FC-ABEA-6E9675E28394}.Debug|x86.ActiveCfg = Debug|Win32
		{D80B8092-5374-44FC-ABEA-6E9675E28394}.Debug|x86.Build.0 = Debug|Win32
		{D80B8092-5374-44FC-ABEA-6E9675E28394}.Release|x64.ActiveCfg = Release|x64
		{D80B8092-5374-44FC-ABEA-6E9675E28394}.Release|x64.Build.0 = Release|x64
		{D80B8092-5374-44FC-ABEA-6E9675E28394}.Release|x86.ActiveCfg = Release|Win32
		{D80B8092-5374-44FC-ABEA-6E9675E28394}.Release|x86.Build.0 = Release|Win32
		{AD853996-B13A-4768-8FD8-0932749167B3}.Debug|x64.ActiveCfg = Debug|x64
		{AD853996-B13A-4768-8FD8-0932749167B3}.Debug|x64.Build.0 = Debug|x64
		{AD853996-B13A-4768-8FD8-0932749167B3}.Debug|x86.ActiveCfg = Debug|Win32
		{AD853996-B13A-4768-8FD8-0932749167B3}.Debug|x86.Build.0 = Debug|Win32
		{AD853996-B13A-4768-8FD8-0932749167B3}.Release|x64.ActiveCfg = Release|x64
		{AD853996-B13A-4768-8FD8-0932749167B3}.Release|x64.Build.0 = Release|x64
		{AD853996-B13A-4768-8FD8-0932749167B3}.Release|x86.ActiveCfg = Release|Win32
		{AD853996-B13A-4768-8FD8-0932749167B3}.Release|x86.Build.0 = Release|Win32
		{5874A383-AAA6-43FC-9FA7-EAF64C6171E6}.Debug|x64.ActiveCfg = Debug|x64
		{5874A383-AAA6-43FC-9FA7-EAF64C6171E6}.Debug|x64.Build.0 = Debug|x64
		{5874A383-AAA6-43FC-9FA7-EAF64C6171E6}.Debug|x86.ActiveCfg = Debug|Win32
		{5874A383-AAA6-43FC-9FA7-EAF64C6171E6}.Debug|x86.Build.0 = Debug|Win32
		{5874A383-AAA6-43FC-9FA7-EAF64C6171E6}.Release|x64.ActiveCfg = Release|x64
		{5874A383-AAA6-43FC-9FA7-EAF64C6171E6}.Release|x64.Build.0 = Release|x64
		{5874A383-AAA6-43FC-9FA7-EAF64C6171E6}.Release|x86.ActiveCfg = Release|Win32
		{5874A383-AAA6-43FC-9FA7-EAF64C6171E6}.Release|x86.Build.0 = Release|Win32
		{BE19650A-1DE5-4623-A2C9-E3F4E8C23E06}.Debug|x64.ActiveCfg = Debug|x64
		{BE19650A-1DE5-4623-A2C9-E3F4E8C23E06}.Debug|x64.Build.0 = Debug|x64
		{BE19650A-1DE5-4623-A2C9-E3F4E8C23E06}.Debug|x86.ActiveCfg = Debug|Win32
		{BE19650A-1DE5-4623-A2C9-E3F4E8C23E06}.Debug|x86.Build.0 = Debug|Win32
		{BE19650A-1DE5-4623-A2C9-E3F4E8C23E06}.Release|x64.ActiveCfg = Release|x64
		{BE19650A-1DE5-4623-A2C9-E3F4E8C23E06}.Release|x64.Build.0 = Release|x64
		{BE19650A-1DE5-4623-A2C9-E3F4E8C23E06}.Release|x86.ActiveCfg = Release|Win32
		{BE19650A-1DE5-4623-A2C9-E3F4E8C23E06}.Release|x86.Build.0 = Release|Win32
		{626A28A1-D0E2-47E7-A073-4A63031E7FAA}.Debug|x64.ActiveCfg = Debug|x64
		{626A28A1-D0E2-47E7-A073-4A63031E7FAA}.Debug|x64.Build.0 = Debug|x64
		{626A28A1-D0E2-47E7-A073-4A63031E7FAA}.Debug|x86.ActiveCfg = Debug|Win32
		{626A28A1-D0E2-47E7-A073-4A63031E7FAA}.Debug|x86.Build.0 = Debug|Win32
		{626A28A1-D0E2-47E7-A073-4A63031E7FAA}.Release|x64.ActiveCfg = Release|x64
		{626A28A1-D0E2-47E7-A073-4A63031E7FAA}.Release|x64.Build.0 = Release|x64
		{626A28A1-D0E2-47E7-A073-4A63031E7FAA}.Release|x86.ActiveCfg = Release|Win32
		{626A28A1-D0E2-47E7-A073-4A63031E7FAA}.Release|x86.Build.0 = Release|Win32
		{6F6800C4-C395-4932-98A8-624B157FBBA3}.Debug|x64.ActiveCfg = Debug|x64
		{6F6800C4-C395-4932-98A8-624B157FBBA3}.Debug|x64.Build.0 = Debug|x64
		{6F6800C4-C395-4932-98A8-624B157FBBA3}.Debug|x86.ActiveCfg = Debug|Win32
		{6F6800C4-C395-4932-98A8-624B157FBBA3}.Debug|x86.Build.0 = Debug|Win32
		{6F6800C4-C395-4932-98A8-624B157FBBA3}.Release|x64.ActiveCfg = Release|x64
		{6F6800C4-C395-4932-98A8-624B157FBBA3}.Release|x64.Build.0 = Release|x64
		{6F6800C4-C395-4932-98A8-624B157FBBA3}.Release|x86.ActiveCfg = Release|Win32
		{6F6800C4-C395-4932-98A8-624B157FBBA3}.Release|x86.Build.0 = Release|Win32
		{C589BB79-FDB3-4B54-9581-5C60599F8134}.Debug|x64.ActiveCfg = Debug|x64
		{C589BB79-FDB3-4B54-9581-5C60599F8134}.Debug|x64.Build.0 = Debug|x64
		{C589BB79-FDB3-4B54-9581-5C60599F8134}.Debug|x86.ActiveCfg = Debug|Win32
		{C589BB79-FDB3-4B54-9581-5C60599F8134}.Debug|x86.Build.0 = Debug|Win32
		{C589BB79-FDB3-4B54-9581-5C60599F8134}.Release|x64.ActiveCfg = Release|x64
		{C589BB79-FDB3-4B54-9581-5C60599F8134}.Release|x64.Build.0 = Release|x64
		{C589BB79-FDB3-4B54-9581-5C60599F8134}.Release|x86.ActiveCfg = Release|Win32
		{C589BB79-FDB3-4B54-9581-5C60599F8134}.Release|x86.Build.0 = Release|Win32
		{2374960A-E86E-42B9-AD9E-410C2A60617C}.Debug|x64.ActiveCfg = Debug|x64
		{2374960A-E86E-42B9-AD9E-410C2A60617C}.Debug|x64.Build.0 = Debug|x64
		{2374960A-E86E-42B9-AD9E-410C2A60617C}.Debug|x86.ActiveCfg = Debug|Win32
		{2374960A-E86E-42B9-AD9E-410C2A60617C}.Debug|x86.Build.0 = Debug|Win32
		{2374960A-E86E-42B9-AD9E-410C2A60617C}.Release|x64.ActiveCfg = Release|x64
		{2374960A-E86E-42B9-AD9E-410C2A60617C}.Release|x64.Build.0 = Release|x64
		{2374960A-E86E-42B9-AD9E-410C2A60617C}.Release|x86.ActiveCfg = Release|Win32
		{2374960A-E86E-42B9-AD9E-410C2A60617C}.Release|x86.Build.0 = Release|Win32
		{B82F4E45-FA5E-4482-80DB-3E16922A3AD6}.Debug|x64.ActiveCfg = Debug|x64
		{B82F4E45-FA5E-4482-80DB-3E16922A3AD6}.Debug|x64.Build.0 = Debug|x64
		{B82F4E45-FA5E-4482-80DB-3E16922A3AD6}.Debug|x86.ActiveCfg = Debug|Win32
		{B82F4E45-FA5E-4482-80DB-3E16922A3AD6}.Debug|x86.Build.0 = Debug|Win32
		{B82F4E45-FA5E-4482-80DB-3E16922A3AD6}.Release|x64.ActiveCfg = Release|x64
		{B82F4E45-FA5E-4482-80DB-3E16922A3AD6}.Release|x64.Build.0 = Release|x64
		{B82F4E45-FA5E-4482-80DB-3E16922A3AD6}.Release|x86.ActiveCfg = Release|Win32
		{B82F4E45-FA5E-4482-80DB-3E16922A3AD6}.Release|x86.Build.0 = Release|Win32
		{A28E3C8A-7FA1-4FF3-A6C7-DE3986D7C874}.Debug|x64.ActiveCfg = Debug|x64
		{A28E3C8A-7FA1-4FF3-A6C7-DE3986D7C874}.Debug|x64.Build.0 = Debug|x64
		{A28E3C8A-7FA1-4FF3-A6C7-DE3986D7C874}.Debug|x86.ActiveCfg = Debug|Win32
		{A28E3C8A-7FA1-4FF3-A6C7-DE3986D7C874}.Debug|x86.Build.0 = Debug|Win32
		{A28E3C8A-7FA1-4FF3-A6C7-DE3986D7C874}.Release|x64.ActiveCfg = Release|x64
		{A28E3C8A-7FA1-4FF3-A6C7-DE3986D7C874}.Release|x64.Build.0 = Release|x64
		{A28E3C8A-7FA1-4FF3-A6C7-DE3986D7C874}.Release|x86.ActiveCfg = Release|Win32
		{A28E3C8A-7FA1-4FF3-A6C7-DE3986D7C874}.Release|x86.Build.0 = Release|Win32
		{B70346AD-408F-4844-939D-C6FC253DBD9B}.Debug|x64.ActiveCfg = Debug|x64
		{B70346AD-408F-4844-939D-C6FC253DBD9B}.Debug|x64.Build.0 = Debug|x64
		{B70346AD-408F-4844-939D-C6FC253DBD9B}.Debug|x86.ActiveCfg = Debug|Win32
		{B70346AD-408F-4844-939D-C6FC253DBD9B}.Debug|x86.Build.0 = Debug|Win32
		{B70346AD-408F-4844-939D-C6FC253DBD9B}.Release|x64.ActiveCfg = Release|x64
		{B70346AD-408F-4844-939D-C6FC253DBD9B}.Release|x64.Build.0 = Release|x64
		{B70346AD-408F-4844-939D-C6FC253DBD9B}.Release|x86.ActiveCfg = Release|Win32
		{B70346AD-408F-4844-939D-C6FC253DBD9B}.Release|x86.Build.0 = Release|Win32
		{30BAEACE-78BA-408C-AED2-237F908C642E}.Debug|x64.ActiveCfg = Debug|x64
		{30BAEACE-78BA-408C-AED2-237F908C642E}.Debug|x64.Build.0 = Debug|x64
		{30BAEACE-78BA-408C-AED2-237F908C642E}.Debug|x86.ActiveCfg = Debug|Win32
		{30BAEACE-78BA-408C-AED2-237F908C642E}.Debug|x86.Build.0 = Debug|Win32
		{30BAEACE-78BA-408C-AED2-237F908C642E}.Release|x64.ActiveCfg = Release|x64
		{30BAEACE-78BA-408C-AED2-237F908C642E}.Release|x64.Build.0 = Release|x64
		{30BAEACE-78BA-408C-AED2-237F908C642E}.Release|x86.ActiveCfg = Release|Win32
		{30BAEACE-78BA-408C-AED2-237F908C642E}.Release|x86.Build.0 = Release|Win32
		{50BA210E-9273-457C-AF92-4AF37DE8F1BA}.Debug|x64.ActiveCfg = Debug|x64
		{50BA210E-9273-457C-AF92-4AF37DE8F1BA}.Debug|x64.Build.0 = Debug|x64
		{50BA210E-9273-457C-AF92-4AF37DE8F1BA}.Debug|x86.ActiveCfg = Debug|Win32
		{50BA210E-9273-457C-AF92-4AF37DE8F1BA}.Debug|x86.Build.0 = Debug|Win32
		{50BA210E-9273-457C-AF92-4AF37DE8F1BA}.Release|x64.ActiveCfg = Release|x64
		{50BA210E-9273-457C-AF92-4AF37DE8F1BA}.Release|x64.Build.0 = Release|x64
		{50BA210E-9273-457C-AF92-4AF37DE8F1BA}.Release|x86.ActiveCfg = Release|Win32
		{50BA210E-9273-457C-AF92-4AF37DE8F1BA}.Release|x86.Build.0 = Release|Win32
		{7778FC4D-FB4F-4F20-91DD-35E1B47E63C2}.Debug|x64.ActiveCfg = Debug|x64
		{7778FC4D-FB4F-4F20-91DD-35E1B47E63C2}.Debug|x64.Build.0 = Debug|x64
		{7778FC4D-FB4F-4F20-91DD-35E1B47E63C2}.Debug|x86.ActiveCfg = Debug|Win32
		{7778FC4D-FB4F-4F20-91DD-35E1B47E63C2}.Debug|x86.Build.0 = Debug|Win32
		{7778FC4D-FB4F-4F20-91DD-35E1B47E63C2}.Release|x64.ActiveCfg = Release|x64
		{7778FC4D-FB4F-4F20-91DD-35E1B47E63C2}.Release|x64.Build.0 = Release|x64
		{7778FC4D-FB4F-4F20-91DD-35E1B47E63C2}.Release|x86.ActiveCfg = Release|Win32
		{7778FC4D-FB4F-4F20-91DD-35E1B47E63C2}.Release|x86.Build.0 = Release|Win32
		{8C893107-89C6-495D-9F17-66B65AACFABF}.Debug|x64.ActiveCfg = Debug|x64
		{8C893107-89C6-495D-9F17-66B65AACFABF}.Debug|x64.Build.0 = Debug|x64
		{8C893107-89C6-495D-9F17-66B65AACFABF}.Debug|x86.ActiveCfg = Debug|Win32
		{8C893107-89C6-495D-9F17-66B65AACFABF}.Debug|x86.Build.0 = Debug|Win32
		{8C893107-89C6-495D-9F17-66B65AACFABF}.Release|x64.ActiveCfg = Release|x64
		{8C893107-89C6-495D-9F17-66B65AACFABF}.Release|x64.Build.0 = Release|x64
		{8C893107-89C6-495D-9F17-66B65AACFABF}.Release|x86.ActiveCfg = Release|Win32
		{8C893107-89C6-495D-9F17-66B65AACFABF}.Release|x86.Build.0 = Release|Win32
		{EEF74110-A36B-46B5-9CA1-21D6CAD8ACAA}.Debug|x64.ActiveCfg = Debug|x64
		{EEF74110-A36B-46B5-9CA1-21D6CAD8ACAA}.Debug|x64.Build.0 = Debug|x64
		{EEF74110-A36B-46B5-9CA1-21D6CAD8ACAA}.Debug|x86.ActiveCfg = Debug|Win32
		{EEF74110-A36B-46B5-9CA1-21D6CAD8ACAA}.Debug|x86.Build.0 = Debug|Win32
		{EEF74110-A36B-46B5-9CA1-21D6CAD8ACAA}.Release|x64.ActiveCfg = Release|x64
		{EEF74110-A36B-46B5-9CA1-21D6CAD8ACAA}.Release|x64.Build.0 = Release|x64
		{EEF74110-A36B-46B5-9CA1-21D6CAD8ACAA}.Release|x86.ActiveCfg = Release|Win32
		{EEF74110-A36B-46B5-9CA1-21D6CAD8ACAA}.Release|x86.Build.0 = Release|Win32
		{71DBB238-83C8-46C2-A91B-EDC4C52E60F5}.Debug|x64.ActiveCfg = Debug|x64
		{71DBB238-83C8-46C2-A91B-EDC4C52E60F5}.Debug|x64.Build.0 = Debug|x64
		{71DBB238-83C8-46C2-A91B-EDC4C52E60F5}.Debug|x86.ActiveCfg = Debug|Win32
		{71DBB238-83C8-46C2-A91B-EDC4C52E60F5}.Debug|x86.Build.0 = Debug|Win32
		{71DBB238-83C8-46C2-A91B-EDC4C52E60F5}.Release|x64.ActiveCfg = Release|x64
		{71DBB238-83C8-46C2-A91B-EDC4C52E60F5}.Release|x64.Build.0 = Release|x64
		{71DBB238-83C8-46C2-A91B-EDC4C52E60F5}.Release|x86.ActiveCfg = Release|Win32
		{71DBB238-83C8-46C2-A91B-EDC4C52E60F5}.Release|x86.Build.0 = Release|Win32
		{1ACF3699-6FEB-44FD-A4A1-230692177A64}.Debug|x64.ActiveCfg = Debug|x64
		{1ACF3699-6FEB-44FD-A4A1-230692177A64}.Debug|x64.Build.0 = Debug|x64
		{1ACF3699-6FEB-44FD-A4A1-230692177A64}.Debug|x86.ActiveCfg = Debug|Win32
		{1ACF3699-6FEB-44FD-A4A1-230692177A64}.Debug|x86.Build.0 = Debug|Win32
		{1ACF3699-6FEB-44FD-A4A1-230692177A64}.Release|x64.ActiveCfg = Release|x64
		{1ACF3699-6FEB-44FD-A4A1-230692177A64}.Release|x64.Build.0 = Release|x64
		{1ACF3699-6FEB-44FD-A4A1-230692177A64}.Release|x86.ActiveCfg = Release|Win32
		{1ACF3699-6FEB-44FD-A4A1-230692177A64}.Release|x86.Build.0 = Release|Win32
		{4DEF4E61-3013-4F28-9DF6-4D290A83EE2F}.Debug|x64.ActiveCfg = Debug|x64
		{4DEF4E61-3013-4F28-9DF6-4D290A83EE2F}.Debug|x64.Build.0 = Debug|x64
		{4DEF4E61-3013-4F28-9DF6-4D290A83EE2F}.Debug|x86.ActiveCfg = Debug|Win32
		{4DEF4E61-3013-4F28-9DF6-4D290A83EE2F}.Debug|x86.Build.0 = Debug|Win32
		{4DEF4E61-3013-4F28-9DF6-4D290A83EE2F}.Release|x64.ActiveCfg = Release|x64
		{4DEF4E61-3013-4F28-9DF6-4D290A83EE2F}.Release|x64.Build.0 = Release|x64
		{4DEF4E61-3013-4F28-9DF6-4D290A83EE2F}.Release|x86.ActiveCfg = Release|Win32
		{4DEF4E61-3013-4F28-9DF6-4D290A83EE2F}.Release|x86.Build.0 = Release|Win32
		{2AC6766B-A64E-4B05-8113-B1DEE47DFDBE}.Debug|x64.ActiveCfg = Debug|x64
		{2AC6766B-A64E-4B05-8113-B1DEE47DFDBE}.Debug|x64.Build.0 = Debug|x64
		{2AC6766B-A64E-4B05-8113-B1DEE47DFDBE}.Debug|x86.ActiveCfg = Debug|Win32
		{2AC6766B-A64E-4B05-8113-B1DEE47DFDBE}.Debug|x86.Build.0 = Debug|Win32
		{2AC6766B-A64E-4B05-8113-B1DEE47DFDBE}.Release|x64.ActiveCfg = Release|x64
		{2AC6766B-A64E-4B05-8113-B1DEE47DFDBE}.Release|x64.Build.0 = Release|x64
		{2AC6766B-A64E-4B05-8113-B1DEE47DFDBE}.Release|x86.ActiveCfg = Release|Win32
		{2AC6766B-A64E-4B05-8113-B1DEE47DFDBE}.Release|x86.Build.0 = Release|Win32
		{C39A0508-8A18-4028-B172-78FAFA0C2C8B}.Debug|x64.ActiveCfg = Debug|x64
		{C39A0508-8A18-4028-B172-78FAFA0C2C8B}.Debug|x64.Build.0 = Debug|x64
		{C39A0508-8A18-4028-B172-78FAFA0C2C8B}.Debug|x86.ActiveCfg = Debug|Win32
		{C39A0508-8A18-4028-B172-78FAFA0C2C8B}.Debug|x86.Build.0 = Debug|Win32
		{C39A0508-8A18-4028-B172-78FAFA0C2C8B}.Release|x64.ActiveCfg = Release|x64
		{C39A0508-8A18-4028-B172-78FAFA0C2C8B}.Release|x64.Build.0 = Release|x64
		{C39A0508-8A18-4028-B172-78FAFA0C2C8B}.Release|x86.ActiveCfg = Release|Win32
		{C39A0508-8A18-4028-B172-78FAFA0C2C8B}.Release|x86.Build.0 = Release|Win32
		{620328CB-7FA4-44A3-B78E-30EC1F2C2EB6}.Debug|x64.ActiveCfg = Debug|x64
		{620328CB-7FA4-44A3-B78E-30EC1F2C2EB6}.Debug|x64.Build.0 = Debug|x64
		{620328CB-7FA4-44A3-B78E-30EC1F2C2EB6}.Debug|x86.ActiveCfg = Debug|Win32
		{620328CB-7FA4-44A3-B78E-30EC1F2C2EB6}.Debug|x86.Build.0 = Debug|Win32
		{620328CB-7FA4-44A3-B78E-30EC1F2C2EB6}.Release|x64.ActiveCfg = Release|x64
		{620328CB-7FA4-44A3-B78E-30EC1F2C2EB6}.Release|x64.Build.0 = Release|x64
		{620328CB-7FA4-44A3-B78E-30EC1F2C2EB6}.Release|x86.ActiveCfg = Release|Win32
		{620328CB-7FA4-44A3-B78E-30EC1F2C2EB6}.Release|x86.Build.0 = Release|Win32
		{B9E1A6AA-06FF-4D20-8126-EECABAB9DD1E}.Debug|x64.ActiveCfg = Debug|x64
		{B9E1A6AA-06FF-4D20-8126-EECABAB9DD1E}.Debug|x64.Build.0 = Debug|x64
		{B9E1A6AA-06FF-4D20-8126-EECABAB9DD1E}.Debug|x86.ActiveCfg = Debug|Win32
		{B9E1A6AA-06FF-4D20-8126-EECABAB9DD1E}.Debug|x86.Build.0 = Debug|Win32
		{B9E1A6AA-06FF-4D20-8126-EECABAB9DD1E}.Release|x64.ActiveCfg = Release|x64
		{B9E1A6AA-06FF-4D20-8126-EECABAB9DD1E}.Release|x64.Build.0 = Release|x64
		{B9E1A6AA-06FF-4D20-8126-EECABAB9DD1E}.Release|x86.ActiveCfg = Release|Win32
		{B9E1A6AA-06FF-4D20-8126-EECABAB9DD1E}.Release|x86.Build.0 = Release|Win32
		{39BD9625-4A0F-4BD0-A8DB-B9682442A292}.Debug|x64.ActiveCfg = Debug|x64
		{39BD9625-4A0F-4BD0-A8DB-B9682442A292}.Debug|x64.Build.0 = Debug|x64
		{39BD9625-4A0F-4BD0-A8DB-B9682442A292}.Debug|x86.ActiveCfg = Debug|Win32
		{39BD9625-4A0F-4BD0-A8DB-B9682442A292}.Debug|x86.Build.0 = Debug|Win32
		{39BD9625-4A0F-4BD0-A8DB-B9682442A292}.Release|x64.ActiveCfg = Release|x64
		{39BD9625-4A0F-4BD0-A8DB-B9682442A292}.Release|x64.Build.0 = Release|x64
		{39BD9625-4A0F-4BD0-A8DB-B9682442A292}.Release|x86.ActiveCfg = Release|Win32
		{39BD9625-4A0F-4BD0-A8DB-B9682442A292}.Release|x86.Build.0 = Release|Win32
		{0DE6CAA4-304F-4166-B171-979C815B88CE}.Debug|x64.ActiveCfg = Debug|x64
		{0DE6CAA4-304F-4166-B171-979C815B88CE}.Debug|x64.Build.0 = Debug|x64
		{0DE6CAA4-304F-4166-B171-979C815B88CE}.Debug|x86.ActiveCfg = Debug|Win32
		{0DE6CAA4-304F-4166-B171-979C815B88CE}.Debug|x86.Build.0 = Debug|Win32
		{0DE6CAA4-304F-4166-B171-979C815B88CE}.Release|x64.ActiveCfg = Release|x64
		{0DE6CAA4-304F-4166-B171-979C815B88CE}.Release|x64.Build.0 = Release|x64
		{0DE6CAA4-304F-4166-B171-979C815B88CE}.Release|x86.ActiveCfg = Release|Win32
		{0DE6CAA4-304F-4166-B171-979C815B88CE}.Release|x86.Build.0 = Release|Win32
		{FF317E78-EBC6-4F01-BAE2-E098E2A17EE2}.Debug|x64.ActiveCfg = Debug|x64
		{FF317E78-EBC6-4F01-BAE2-E098E2A17EE2}.Debug|x64.Build.0 = Debug|x64
		{FF317E78-EBC6-4F01-BAE2-E098E2A17EE2}.Debug|x86.ActiveCfg = Debug|Win32
		{FF317E78-EBC6-4F01-BAE2-E098E2A17EE2}.Debug|x86.Build.0 = Debug|Win32
		{FF317E78-EBC6-4F01-BAE2-E098E2A17EE2}.Release|x64.ActiveCfg = Release|x64
		{FF317E78-EBC6-4F01-BAE2-E098E2A17EE2}.Release|x64.Build.0 = Release|x64
		{FF317E78-EBC6-4F01-BAE2-E098E2A17EE2}.Release|x86.ActiveCfg = Release|Win32
		{FF317E78-EBC6-4F01-BAE2-E098E2A17EE2}.Release|x86.Build.0 = Release|Win32
		{4DB3CCB6-76BE-4420-90BB-D87B388800A4}.Debug|x64.ActiveCfg = Debug|x64
		{4DB3CCB6-76BE-4420-90BB-D87B388800A4}.Debug|x64.Build.0 = Debug|x64
		{4DB3CCB6-76BE-4420-90BB-D87B388800A4}.Debug|x86.ActiveCfg = Debug|Win32
		{4DB3CCB6-76BE-4420-90BB-D87B388800A4}.Debug|x86.Build.0 = Debug|Win32
		{4DB3CCB6-76BE-4420-90BB-D87B388800A4}.Release|x64.ActiveCfg = Release|x64
		{4DB3CCB6-76BE-4420-90BB-D87B388800A4}.Release|x64.Build.0 = Release|x64
		{4DB3CCB6-76BE-4420-90BB-D87B388800A4}.Release|x86.ActiveCfg = Release|Win32
		{4DB3CCB6-76BE-4420-90BB-D87B388800A4}.Release|x86.Build.0 = Release|Win32
		{C910C1AA-8D5B-4B81-9118-BC209FBAC6AF}.Debug|x64.ActiveCfg = Debug|x64
		{C910C1AA-8D5B-4B81-9118-BC209FBAC6AF}.Debug|x64.Build.0 = Debug|x64
		{C910C1AA-8D5B-4B81-9118-BC209FBAC6AF}.Debug|x86.ActiveCfg = Debug|Win32
		{C910C1AA-8D5B-4B81-9118-BC209FBAC6AF}.Debug|x86.Build.0 = Debug|Win32
		{C910C1AA-8D5B-4B81-9118-BC209FBAC6AF}.Release|x64.ActiveCfg = Release|x64
		{C910C1AA-8D5B-4B81-9118-BC209FBAC6AF}.Release|x64.Build.0 = Release|x64
		{C910C1AA-8D5B-4B81-9118-BC209FBAC6AF}.Release|x86.ActiveCfg = Release|Win32
		{C910C1AA-8D5B-4B81-9118-BC209FBAC6AF}.Release|x86.Build.0 = Release|Win32
		{D64237AD-A8AE-4DD4-BA3A-64B850356DF5}.Debug|x64.ActiveCfg = Debug|x64
		{D64237AD-A8AE-4DD4-BA3A-64B850356DF5}.Debug|x64.Build.0 = Debug|x64
		{D64237AD-A8AE-4DD4-BA3A-64B850356DF5}.Debug|x86.ActiveCfg = Debug|Win32
		{D64237AD-A8AE-4DD4-BA3A-64B850356DF5}.Debug|x86.Build.0 = Debug|Win32
		{D64237AD-A8AE-4DD4-BA3A-64B850356DF5}.Release|x64.ActiveCfg = Release|x64
		{D64237AD-A8AE-4DD4-BA3A-64B850356DF5}.Release|x64.Build.0 = Release|x64
		{D64237AD-A8AE-4DD4-BA3A-64B850356DF5}.Release|x86.ActiveCfg = Release|Win32
		{D64237AD-A8AE-4DD4-BA3A-64B850356DF5}.Release|x86.Build.0 = Release|Win32
		{9DD0B053-97A7-4C6E-8326-10D40AD2CD6B}.Debug|x64.ActiveCfg = Debug|x64
		{9DD0B053-97A7-4C6E-8326-10D40AD2CD6B}.Debug|x64.Build.0 = Debug|x64
		{9DD0B053-97A7-4C6E-8326-10D40AD2CD6B}.Debug|x86.ActiveCfg = Debug|Win32
		{9DD0B053-97A7-4C6E-8326-10D40AD2CD6B}.Debug|x86.Build.0 = Debug|Win32
		{9DD0B053-97A7-4C6E-8326-10D40AD2CD6B}.Release|x64.ActiveCfg = Release|x64
		{9DD0B053-97A7-4C6E-8326-10D40AD2CD6B}.Release|x64.Build.0 = Release|x64
		{9DD0B053-97A7-4C6E-8326-10D40AD2CD6B}.Release|x86.ActiveCfg = Release|Win32
		{9DD0B053-97A7-4C6E-8326-10D40AD2CD6B}.Release|x86.Build.0 = Release|Win32
		{5937CC57-17C7-4E16-B632-7427B6F95432}.Debug|x64.ActiveCfg = Debug|x64
		{5937CC57-17C7-4E16-B632-7427B6F95432}.Debug|x64.Build.0 = Debug|x64
		{5937CC57-17C7-4E16-B632-7427B6F95432}.Debug|x86.ActiveCfg = Debug|Win32
		{5937CC57-17C7-4E16-B632-7427B6F95432}.Debug|x86.Build.0 = Debug|Win32
		{5937CC57-17C7-4E16-B632-7427B6F95432}.Release|x64.ActiveCfg = Release|x64
		{5937CC57-17C7-4E16-B632-7427B6F95432}.Release|x64.Build.0 = Release|x64
		{5937CC57-17C7-4E16-B632-7427B6F95432}.Release|x86.ActiveCfg = Release|Win32
		{5937CC57-17C7-4E16-B632-7427B6F95432}.Release|x86.Build.0 = Release|Win32
		{8A82E794-5FCD-4CF8-99B0-2C093F43BE43}.Debug|x64.ActiveCfg = Debug|x64
		{8A82E794-5FCD-4CF8-99B0-2C093F43BE43}.Debug|x64.Build.0 = Debug|x64
		{8A82E794-5FCD-4CF8-99B0-2C093F43BE43}.Debug|x86.ActiveCfg = Debug|Win32
		{8A82E794-5FCD-4CF8-99B0-2C093F43BE43}.Debug|x86.Build.0 = Debug|Win32
		{8A82E794-5FCD-4CF8-99B0-2C093F43BE43}.Release|x64.ActiveCfg = Release|x64
		{8A82E794-5FCD-4CF8-99B0-2C093F43BE43}.Release|x64.Build.0 = Release|x64
		{8A82E794-5FCD-4CF8-99B0-2C093F43BE43}.Release|x86.ActiveCfg = Release|Win32
		{8A82E794-5FCD-4CF8-99B0-2C093F43BE43}.Release|x86.Build.0 = Release|Win32
		{BBC81343-19DB-4258-9E12-214C55735227}.Debug|x64.ActiveCfg = Debug|x64
		{BBC81343-19DB-4258-9E12-214C55735227}.Debug|x64.Build.0 = Debug|x64
		{BBC81343-19DB-4258-9E12-214C55735227}.Debug|x86.ActiveCfg = Debug|Win32
		{BBC81343-19DB-4258-9E12-214C55735227}.Debug|x86.Build.0 = Debug|Win32
		{BBC81343-19DB-4258-9E12-214C55735227}.Release|x64.ActiveCfg = Release|x64
		{BBC81343-19DB-4258-9E12-214C55735227}.Release|x64.Build.0 = Release|x64
		{BBC81343-19DB-4258-9E12-214C55735227}.Release|x86.ActiveCfg = Release|Win32
		{BBC81343-19DB-4258-9E12-214C55735227}.Release|x86.Build.0 = Release|Win32
		{BE6E074E-9A34-47E3-B7E0-598A88E68DD2}.Debug|x64.ActiveCfg = Debug|x64
		{BE6E074E-9A34-47E3-B7E0-598A88E68DD2}.Debug|x64.Build.0 = Debug|x64
		{BE6E074E-9A34-47E3-B7E0-598A88E68DD2}.Debug|x86.ActiveCfg = Debug|Win32
		{BE6E074E-9A34-47E3-B7E0-598A88E68DD2}.Debug|x86.Build.0 = Debug|Win32
		{BE6E074E-9A34-47E3-B7E0-598A88E68DD2}.Release|x64.ActiveCfg = Release|x64
		{BE6E074E-9A34-47E3-B7E0-598A88E68DD2}.Release|x64.Build.0 = Release|x64
		{BE6E074E-9A34-47E3-B7E0-598A88E68DD2}.Release|x86.ActiveCfg = Release|Win32
		{BE6E074E-9A34-47E3-B7E0-598A88E68DD2}.Release|x86.Build.0 = Release|Win32
		{143E41E7-34E1-46C2-9A98-7A45833307FE}.Debug|x64.ActiveCfg = Debug|x64
		{143E41E7-34E1-46C2-9A98-7A45833307FE}.Debug|x64.Build.0 = Debug|x64
		{143E41E7-34E1-46C2-9A98-7A45833307FE}.Debug|x86.ActiveCfg = Debug|Win32
		{143E41E7-34E1-46C2-9A98-7A45833307FE}.Debug|x86.Build.0 = Debug|Win32
		{143E41E7-34E1-46C2-9A98-7A45833307FE}.Release|x64.ActiveCfg = Release|x64
		{143E41E7-34E1-46C2-9A98-7A45833307FE}.Release|x64.Build.0 = Release|x64
		{143E41E7-34E1-46C2-9A98-7A45833307FE}.Release|x86.ActiveCfg = Release|Win32
		{143E41E7-34E1-46C2-9A98-7A45833307FE}.Release|x86.Build.0 = Release|Win32
		{E425C65E-B620-4C5D-B4FF-98E191E9C13E}.Debug|x64.ActiveCfg = Debug|x64
		{E425C65E-B620-4C5D-B4FF-98E191E9C13E}.Debug|x64.Build.0 = Debug|x64
		{E425C65E-B620-4C5D-B4FF-98E191E9C13E}.Debug|x86.ActiveCfg = Debug|Win32
		{E425C65E-B620-4C5D-B4FF-98E191E9C13E}.Debug|x86.Build.0 = Debug|Win32
		{E425C65E-B620-4C5D-B4FF-98E191E9C13E}.Release|x64.ActiveCfg = Release|x64
		{E425C65E-B620-4C5D-B4FF-98E191E9C13E}.Release|x64.Build.0 = Release|x64
		{E425C65E-B620-4C5D-B4FF-98E191E9C13E}.Release|x86.ActiveCfg = Release|Win32
		{E425C65E-B620-4C5D-B4FF-98E191E9C13E}.Release|x86.Build.0 = Release|Win32
		{594B12DC-87CD-4F37-A586-51F04AC5FFBA}.Debug|x64.ActiveCfg = Debug|x64
		{594B12DC-87CD-4F37-A586-51F04AC5FFBA}.Debug|x64.Build.0 = Debug|x64
		{594B12DC-87CD-4F37-A586-51F04AC5FFBA}.Debug|x86.ActiveCfg = Debug|Win32
		{594B12DC-87CD-4F37-A586-51F04AC5FFBA}.Debug|x86.Build.0 = Debug|Win32
		{594B12DC-87CD-4F37-A586-51F04AC5FFBA}.Release|x64.ActiveCfg = Release|x64
		{594B12DC-87CD-4F37-A586-51F04AC5FFBA}.Release|x64.Build.0 = Release|x64
		{594B12DC-87CD-4F37-A586-51F04AC5FFBA}.Release|x86.ActiveCfg = Release|Win32
		{594B12DC-87CD-4F37-A586-51F04AC5FFBA}.Release|x86.Build.0 = Release|Win32
		{EDB44888-C729-4017-9201-100BA08247C3}.Debug|x64.ActiveCfg = Debug|x64
		{EDB44888-C729-4017-9201-100BA08247C3}.Debug|x64.Build.0 = Debug|x64
		{EDB44888-C729-4017-9201-100BA08247C3}.Debug|x86.ActiveCfg = Debug|Win32
		{EDB44888-C729-4017-9201-100BA08247C3}.Debug|x86.Build.0 = Debug|Win32
		{EDB44888-C729-4017-9201-100BA08247C3}.Release|x64.ActiveCfg = Release|x64
		{EDB44888-C729-4017-9201-100BA08247C3}.Release|x64.Build.0 = Release|x64
		{EDB44888-C729-4017-9201-100BA08247C3}.Release|x86.ActiveCfg = Release|Win32
		{EDB44888-C729-4017-9201-100BA08247C3}.Release|x86.Build.0 = Release|Win32
		{B22A07BE-1D5D-4484-9567-59DB5A1D3DE6}.Debug|x64.ActiveCfg = Debug|x64
		{B22A07BE-1D5D-4484-9567-59DB5A1D3DE6}.Debug|x64.Build.0 = Debug|x64
		{B22A07BE-1D5D-4484-9567-59DB5A1D3DE6}.Debug|x86.ActiveCfg = Debug|Win32
		{B22A07BE-1D5D-4484-9567-59DB5A1D3DE6}.Debug|x86.Build.0 = Debug|Win32
		{B22A07BE-1D5D-4484-9567-59DB5A1D3DE6}.Release|x64.ActiveCfg = Release|x64
		{B22A07BE-1D5D-4484-9567-59DB5A1D3DE6}.Release|x64.Build.0 = Release|x64
		{B22A07BE-1D5D-4484-9567-59DB5A1D3DE6}.Release|x86.ActiveCfg = Release|Win32
		{B22A07BE-1D5D-4484-9567-59DB5A1D3DE6}.Release|x86.Build.0 = Release|Win32
		{FF43D3CA-1216-4764-9DEA-83F0F28FA089}.Debug|x64.ActiveCfg = Debug|x64
		{FF43D3CA-1216-4764-9DEA-83F0F28FA089}.Debug|x64.Build.0 = Debug|x64
		{FF43D3CA-1216-4764-9DEA-83F0F28FA089}.Debug|x86.ActiveCfg = Debug|Win32
		{FF43D3CA-1216-4764-9DEA-83F0F28FA089}.Debug|x86.Build.0 = Debug|Win32
		{FF43D3CA-1216-4764-9DEA-83F0F28FA089}.Release|x64.ActiveCfg = Release|x64
		{FF43D3CA-1216-4764-9DEA-83F0F28FA089}.Release|x64.Build.0 = Release|x64
		{FF43D3CA-1216-4764-9DEA-83F0F28FA089}.Release|x86.ActiveCfg = Release|Win32
		{FF43D3CA-1216-4764-9DEA-83F0F28FA089}.Release|x86.Build.0 = Release|Win32
		{0EA1A0B0-31ED-4CD3-A019-C0D1DF54D9E0}.Debug|x64.ActiveCfg = Debug|x64
		{0EA1A0B0-31ED-4CD3-A019-C0D1DF54D9E0}.Debug|x64.Build.0 = Debug|x64
		{0EA1A0B0-31ED-4CD3-A019-C0D1DF54D9E0}.Debug|x86.ActiveCfg = Debug|Win32
		{0EA1A0B0-31ED-4CD3-A019-C0D1DF54D9E0}.Debug|x86.Build.0 = Debug|Win32
		{0EA1A0B0-31ED-4CD3-A019-C0D1DF54D9E0}.Release|x64.ActiveCfg = Release|x64
		{0EA1A0B0-31ED-4CD3-A019-C0D1DF54D9E0}.Release|x64.Build.0 = Release|x64
		{0EA1A0B0-31ED-4CD3-A019-C0D1DF54D9E0}.Release|x86.ActiveCfg = Release|Win32
		{0EA1A0B0-31ED-4CD3-A019-C0D1DF54D9E0}.Release|x86.Build.0 = Release|Win32
		{DE6C4150-1EE2-436A-ADBF-5934B35024E7}.Debug|x64.ActiveCfg = Debug|x64
		{DE6C4150-1EE2-436A-ADBF-5934B35024E7}.Debug|x64.Build.0 = Debug|x64
		{DE6C4150-1EE2-436A-ADBF-5934B35024E7}.Debug|x86.ActiveCfg = Debug|Win32
		{DE6C4150-1EE2-436A-ADBF-5934B35024E7}.Debug|x86.Build.0 = Debug|Win32
		{DE6C4150-1EE2-436A-ADBF-5934B35024E7}.Release|x64.ActiveCfg = Release|x64
		{DE6C4150-1EE2-436A-ADBF-5934B35024E7}.Release|x64.Build.0 = Release|x64
		{DE6C4150-1EE2-436A-ADBF-5934B35024E7}.Release|x86.ActiveCfg = Release|Win32
		{DE6C4150-1EE2-436A-ADBF-5934B35024E7}.Release|x86.Build.0 = Release|Win32
		{7574D179-1988-499E-A98C-03D15C91DF47}.Debug|x64.ActiveCfg = Debug|x64
		{7574D179-1988-499E-A98C-03D15C91DF47}.Debug|x64.Build.0 = Debug|x64
		{7574D179-1988-499E-A98C-03D15C91DF47}.Debug|x86.ActiveCfg = Debug|Win32
		{7574D179-1988-499E-A98C-03D15C91DF47}.Debug|x86.Build.0 = Debug|Win32
		{7574D179-1988-499E-A98C-03D15C91DF47}.Release|x64.ActiveCfg = Release|x64
		{7574D179-1988-499E-A98C-03D15C91DF47}.Release|x64.Build.0 = Release|x64
		{7574D179-1988-499E-A98C-03D15C91DF47}.Release|x86.ActiveCfg = Release|Win32
		{7574D179-1988-499E-A98C-03D15C91DF47}.Release|x86.Build.0 = Release|Win32
		{06C84CE9-DF1E-4556-A1EF-AD98AF99BF9B}.Debug|x64.ActiveCfg = Debug|x64
		{06C84CE9-DF1E-4556-A1EF-AD98AF99BF9B}.Debug|x64.Build.0 = Debug|x64
		{06C84CE9-DF1E-4556-A1EF-AD98AF99BF9B}.Debug|x86.ActiveCfg = Debug|Win32
		{06C84CE9-DF1E-4556-A1EF-AD98AF99BF9B}.Debug|x86.Build.0 = Debug|Win32
		{06C84CE9-DF1E-4556-A1EF-AD98AF99BF9B}.Release|x64.ActiveCfg = Release|x64
		{06C84CE9-DF1E-4556-A1EF-AD98AF99BF9B}.Release|x64.Build.0 = Release|x64
		{06C84CE9-DF1E-4556-A1EF-AD98AF99BF9B}.Release|x86.ActiveCfg = Release|Win32
		{06C84CE9-DF1E-4556-A1EF-AD98AF99BF9B}.Release|x86.Build.0 = Release|Win32
		{257C4D7B-7BB7-47D5-9E68-101AB5CFB0E5}.Debug|x64.ActiveCfg = Debug|x64
		{257C4D7B-7BB7-47D5-9E68-101AB5CFB0E5}.Debug|x64.Build.0 = Debug|x64
		{257C4D7B-7BB7-47D5-9E68-101AB5CFB0E5}.Debug|x86.ActiveCfg = Debug|Win32
		{257C4D7B-7BB7-47D5-9E68-101AB5CFB0E5}.Debug|x86.Build.0 = Debug|Win32
		{257C4D7B-7BB7-47D5-9E68-101AB5CFB0E5}.Release|x64.ActiveCfg = Release|x64
		{257C4D7B-7BB7-47D5-9E68-101AB5CFB0E5}.Release|x64.Build.0 = Release|x64
		{257C4D7B-7BB7-47D5-9E68-101AB5CFB0E5}.Release|x86.ActiveCfg = Release|Win32
		{257C4D7B-7BB7-47D5-9E68-101AB5CFB0E5}.Release|x86.Build.0 = Release|Win32
		{F778A96D-F3A4-492A-9F94-84C45938577B}.Debug|x64.ActiveCfg = Debug|x64
		{F778A96D-F3A4-492A-9F94-84C45938577B}.Debug|x64.Build.0 = Debug|x64
		{F778A96D-F3A4-492A-9F94-84C45938577B}.Debug|x86.ActiveCfg = Debug|Win32
		{F778A96D-F3A4-492A-9F94-84C45938577B}.Debug|x86.Build.0 = Debug|Win32
		{F778A96D-F3A4-492A-9F94-84C45938577B}.Release|x64.ActiveCfg = Release|x64
		{F778A96D-F3A4-492A-9F94-84C45938577B}.Release|x64.Build.0 = Release|x64
		{F778A96D-F3A4-492A-9F94-84C45938577B}.Release|x86.ActiveCfg = Release|Win32
		{F778A96D-F3A4-492A-9F94-84C45938577B}.Release|x86.Build.0 = Release|Win32
		{878DCFDC-B860-4669-A1A9-D44BC3FDB485}.Debug|x64.ActiveCfg = Debug|x64
		{878DCFDC-B860-4669-A1A9-D44BC3FDB485}.Debug|x64.Build.0 = Debug|x64
		{878DCFDC-B860-4669-A1A9-D44BC3FDB485}.Debug|x86.ActiveCfg = Debug|Win32
		{878DCFDC-B860-4669-A1A9-D44BC3FDB485}.Debug|x86.Build.0 = Debug|Win32
		{878DCFDC-B860-4669-A1A9-D44BC3FDB485}.Release|x64.ActiveCfg = Release|x64
		{878DCFDC-B860-4669-A1A9-D44BC3FDB485}.Release|x64.Build.0 = Release|x64
		{878DCFDC-B860-4669-A1A9-D44BC3FDB485}.Release|x86.ActiveCfg = Release|Win32
		{878DCFDC-B860-4669-A1A9-D44BC3FDB485}.Release|x86.Build.0 = Release|Win32
		{C2762F74-0362-44BC-B508-4AAF83D18E9F}.Debug|x64.ActiveCfg = Debug|x64
		{C2762F74-0362-44BC-B508-4AAF83D18E9F}.Debug|x64.Build.0 = Debug|x64
		{C2762F74-0362-44BC-B508-4AAF83D18E9F}.Debug|x86.ActiveCfg = Debug|Win32
		{C2762F74-0362-44BC-B508-4AAF83D18E9F}.Debug|x86.Build.0 = Debug|Win32
		{C2762F74-0362-44BC-B508-4AAF83D18E9F}.Release|x64.ActiveCfg = Release|x64
		{C2762F74-0362-44BC-B508-4AAF83D18E9F}.Release|x64.Build.0 = Release|x64
		{C2762F74-0362-44BC-B508-4AAF83D18E9F}.Release|x86.ActiveCfg = Release|Win32
		{C2762F74-0362-44BC-B508-4AAF83D18E9F}.Release|x86.Build.0 = Release|Win32
		{69968DB9-2B1A-4C75-9F61-AF23F6553F25}.Debug|x64.ActiveCfg = Debug|x64
		{69968DB9-2B1A-4C75-9F61-AF23F6553F25}.Debug|x64.Build.0 = Debug|x64
		{69968DB9-2B1A-4C75-9F61-AF23F6553F25}.Debug|x86.ActiveCfg = Debug|Win32
		{69968DB9-2B1A-4C75-9F61-AF23F6553F25}.Debug|x86.Build.0 = Debug|Win32
		{69968DB9-2B1A-4C75-9F61-AF23F6553F25}.Release|x64.ActiveCfg = Release|x64
		{69968DB9-2B1A-4C75-9F61-AF23F6553F25}.Release|x64.Build.0 = Release|x64
		{69968DB9-2B1A-4C75-9F61-AF23F6553F25}.Release|x86.ActiveCfg = Release|Win32
		{69968DB9-2B1A-4C75-9F61-AF23F6553F25}.Release|x86.Build.0 = Release|Win32
		{EE1C7739-ED60-4B91-855F-88B5423C794E}.Debug|x64.ActiveCfg = Debug|x64
		{EE1C7739-ED60-4B91-855F-88B5423C794E}.Debug|x64.Build.0 = Debug|x64
		{EE1C7739-ED60-4B91-855F-88B5423C794E}.Debug|x86.ActiveCfg = Debug|Win32
		{EE1C7739-ED60-4B91-855F-88B5423C794E}.Debug|x86.Build.0 = Debug|Win32
		{EE1C7739-ED60-4B91-855F-88B5423C794E}.Release|x64.ActiveCfg = Release|x64
		{EE1C7739-ED60-4B91-855F-88B5423C794E}.Release|x64.Build.0 = Release|x64
		{EE1C7739-ED60-4B91-855F-88B5423C794E}.Release|x86.ActiveCfg = Release|Win32
		{EE1C7739-ED60-4B91-855F-88B5423C794E}.Release|x86.Build.0 = Release|Win32
	EndGlobalSection
	GlobalSection(SolutionProperties) = preSolution
		HideSolutionNode = FALSE
	EndGlobalSection
	GlobalSection(ExtensibilityGlobals) = postSolution
		SolutionGuid = {F3A4A206-441E-42B7-98F7-700E20DF0BCD}
	EndGlobalSection
EndGlobal
