
Microsoft Visual Studio Solution File, Format Version 12.00
# Visual Studio Version 16
VisualStudioVersion = 16.0.29230.47
MinimumVisualStudioVersion = 10.0.40219.1
Project("{8BC9CEB8-8B4A-11D0-8D11-00A0C91BC942}") = "1011_A+B和C", "1011_A+B和C\1011_A+B和C.vcxproj", "{17C87ED3-0E44-444B-BDD5-993143949B38}"
EndProject
Project("{8BC9CEB8-8B4A-11D0-8D11-00A0C91BC942}") = "1012_数字分类", "1012_数字分类\1012_数字分类.vcxproj", "{CC5ABE27-7F07-442A-BDC7-4CA94A2A3EA1}"
EndProject
Project("{8BC9CEB8-8B4A-11D0-8D11-00A0C91BC942}") = "1013_数素数", "1013_数素数\1013_数素数.vcxproj", "{8CD6A6BE-899F-4BDD-B1E2-28E1C0B82B61}"
EndProject
Project("{8BC9CEB8-8B4A-11D0-8D11-00A0C91BC942}") = "1014_福尔摩斯的约会", "1014_福尔摩斯的约会\1014_福尔摩斯的约会.vcxproj", "{6FBC1E5F-6ACE-4888-A1AF-9B545D417E09}"
EndProject
Project("{8BC9CEB8-8B4A-11D0-8D11-00A0C91BC942}") = "1015_德才论", "1015_德才论\1015_德才论.vcxproj", "{B8E7B20F-EDE6-4ECC-8714-F3FBD4A1E9B3}"
EndProject
Project("{8BC9CEB8-8B4A-11D0-8D11-00A0C91BC942}") = "1016_部分A+B", "1016_部分A+B\1016_部分A+B.vcxproj", "{DB3B2C08-F706-4A06-A720-908EE6C71129}"
EndProject
Project("{8BC9CEB8-8B4A-11D0-8D11-00A0C91BC942}") = "1017_A除以B", "1017_A除以B\1017_A除以B.vcxproj", "{2B5A8E11-C5AC-4913-B213-0F08D2469F2E}"
EndProject
Project("{8BC9CEB8-8B4A-11D0-8D11-00A0C91BC942}") = "1018_锤子剪刀布", "1018_锤子剪刀布\1018_锤子剪刀布.vcxproj", "{31889F2D-D988-4BEE-9199-BFB4DAE0CBBE}"
EndProject
Project("{8BC9CEB8-8B4A-11D0-8D11-00A0C91BC942}") = "1019_数字黑洞", "1019_数字黑洞\1019_数字黑洞.vcxproj", "{60AC4575-A803-411F-92E9-B690A58DC63B}"
EndProject
Project("{8BC9CEB8-8B4A-11D0-8D11-00A0C91BC942}") = "1020_月饼", "1020_月饼\1020_月饼.vcxproj", "{CB3A9D83-155E-4D2C-A412-91186BB130D4}"
EndProject
Global
	GlobalSection(SolutionConfigurationPlatforms) = preSolution
		Debug|x64 = Debug|x64
		Debug|x86 = Debug|x86
		Release|x64 = Release|x64
		Release|x86 = Release|x86
	EndGlobalSection
	GlobalSection(ProjectConfigurationPlatforms) = postSolution
		{17C87ED3-0E44-444B-BDD5-993143949B38}.Debug|x64.ActiveCfg = Debug|x64
		{17C87ED3-0E44-444B-BDD5-993143949B38}.Debug|x64.Build.0 = Debug|x64
		{17C87ED3-0E44-444B-BDD5-993143949B38}.Debug|x86.ActiveCfg = Debug|Win32
		{17C87ED3-0E44-444B-BDD5-993143949B38}.Debug|x86.Build.0 = Debug|Win32
		{17C87ED3-0E44-444B-BDD5-993143949B38}.Release|x64.ActiveCfg = Release|x64
		{17C87ED3-0E44-444B-BDD5-993143949B38}.Release|x64.Build.0 = Release|x64
		{17C87ED3-0E44-444B-BDD5-993143949B38}.Release|x86.ActiveCfg = Release|Win32
		{17C87ED3-0E44-444B-BDD5-993143949B38}.Release|x86.Build.0 = Release|Win32
		{CC5ABE27-7F07-442A-BDC7-4CA94A2A3EA1}.Debug|x64.ActiveCfg = Debug|x64
		{CC5ABE27-7F07-442A-BDC7-4CA94A2A3EA1}.Debug|x64.Build.0 = Debug|x64
		{CC5ABE27-7F07-442A-BDC7-4CA94A2A3EA1}.Debug|x86.ActiveCfg = Debug|Win32
		{CC5ABE27-7F07-442A-BDC7-4CA94A2A3EA1}.Debug|x86.Build.0 = Debug|Win32
		{CC5ABE27-7F07-442A-BDC7-4CA94A2A3EA1}.Release|x64.ActiveCfg = Release|x64
		{CC5ABE27-7F07-442A-BDC7-4CA94A2A3EA1}.Release|x64.Build.0 = Release|x64
		{CC5ABE27-7F07-442A-BDC7-4CA94A2A3EA1}.Release|x86.ActiveCfg = Release|Win32
		{CC5ABE27-7F07-442A-BDC7-4CA94A2A3EA1}.Release|x86.Build.0 = Release|Win32
		{8CD6A6BE-899F-4BDD-B1E2-28E1C0B82B61}.Debug|x64.ActiveCfg = Debug|x64
		{8CD6A6BE-899F-4BDD-B1E2-28E1C0B82B61}.Debug|x64.Build.0 = Debug|x64
		{8CD6A6BE-899F-4BDD-B1E2-28E1C0B82B61}.Debug|x86.ActiveCfg = Debug|Win32
		{8CD6A6BE-899F-4BDD-B1E2-28E1C0B82B61}.Debug|x86.Build.0 = Debug|Win32
		{8CD6A6BE-899F-4BDD-B1E2-28E1C0B82B61}.Release|x64.ActiveCfg = Release|x64
		{8CD6A6BE-899F-4BDD-B1E2-28E1C0B82B61}.Release|x64.Build.0 = Release|x64
		{8CD6A6BE-899F-4BDD-B1E2-28E1C0B82B61}.Release|x86.ActiveCfg = Release|Win32
		{8CD6A6BE-899F-4BDD-B1E2-28E1C0B82B61}.Release|x86.Build.0 = Release|Win32
		{6FBC1E5F-6ACE-4888-A1AF-9B545D417E09}.Debug|x64.ActiveCfg = Debug|x64
		{6FBC1E5F-6ACE-4888-A1AF-9B545D417E09}.Debug|x64.Build.0 = Debug|x64
		{6FBC1E5F-6ACE-4888-A1AF-9B545D417E09}.Debug|x86.ActiveCfg = Debug|Win32
		{6FBC1E5F-6ACE-4888-A1AF-9B545D417E09}.Debug|x86.Build.0 = Debug|Win32
		{6FBC1E5F-6ACE-4888-A1AF-9B545D417E09}.Release|x64.ActiveCfg = Release|x64
		{6FBC1E5F-6ACE-4888-A1AF-9B545D417E09}.Release|x64.Build.0 = Release|x64
		{6FBC1E5F-6ACE-4888-A1AF-9B545D417E09}.Release|x86.ActiveCfg = Release|Win32
		{6FBC1E5F-6ACE-4888-A1AF-9B545D417E09}.Release|x86.Build.0 = Release|Win32
		{B8E7B20F-EDE6-4ECC-8714-F3FBD4A1E9B3}.Debug|x64.ActiveCfg = Debug|x64
		{B8E7B20F-EDE6-4ECC-8714-F3FBD4A1E9B3}.Debug|x64.Build.0 = Debug|x64
		{B8E7B20F-EDE6-4ECC-8714-F3FBD4A1E9B3}.Debug|x86.ActiveCfg = Debug|Win32
		{B8E7B20F-EDE6-4ECC-8714-F3FBD4A1E9B3}.Debug|x86.Build.0 = Debug|Win32
		{B8E7B20F-EDE6-4ECC-8714-F3FBD4A1E9B3}.Release|x64.ActiveCfg = Release|x64
		{B8E7B20F-EDE6-4ECC-8714-F3FBD4A1E9B3}.Release|x64.Build.0 = Release|x64
		{B8E7B20F-EDE6-4ECC-8714-F3FBD4A1E9B3}.Release|x86.ActiveCfg = Release|Win32
		{B8E7B20F-EDE6-4ECC-8714-F3FBD4A1E9B3}.Release|x86.Build.0 = Release|Win32
		{DB3B2C08-F706-4A06-A720-908EE6C71129}.Debug|x64.ActiveCfg = Debug|x64
		{DB3B2C08-F706-4A06-A720-908EE6C71129}.Debug|x64.Build.0 = Debug|x64
		{DB3B2C08-F706-4A06-A720-908EE6C71129}.Debug|x86.ActiveCfg = Debug|Win32
		{DB3B2C08-F706-4A06-A720-908EE6C71129}.Debug|x86.Build.0 = Debug|Win32
		{DB3B2C08-F706-4A06-A720-908EE6C71129}.Release|x64.ActiveCfg = Release|x64
		{DB3B2C08-F706-4A06-A720-908EE6C71129}.Release|x64.Build.0 = Release|x64
		{DB3B2C08-F706-4A06-A720-908EE6C71129}.Release|x86.ActiveCfg = Release|Win32
		{DB3B2C08-F706-4A06-A720-908EE6C71129}.Release|x86.Build.0 = Release|Win32
		{2B5A8E11-C5AC-4913-B213-0F08D2469F2E}.Debug|x64.ActiveCfg = Debug|x64
		{2B5A8E11-C5AC-4913-B213-0F08D2469F2E}.Debug|x64.Build.0 = Debug|x64
		{2B5A8E11-C5AC-4913-B213-0F08D2469F2E}.Debug|x86.ActiveCfg = Debug|Win32
		{2B5A8E11-C5AC-4913-B213-0F08D2469F2E}.Debug|x86.Build.0 = Debug|Win32
		{2B5A8E11-C5AC-4913-B213-0F08D2469F2E}.Release|x64.ActiveCfg = Release|x64
		{2B5A8E11-C5AC-4913-B213-0F08D2469F2E}.Release|x64.Build.0 = Release|x64
		{2B5A8E11-C5AC-4913-B213-0F08D2469F2E}.Release|x86.ActiveCfg = Release|Win32
		{2B5A8E11-C5AC-4913-B213-0F08D2469F2E}.Release|x86.Build.0 = Release|Win32
		{31889F2D-D988-4BEE-9199-BFB4DAE0CBBE}.Debug|x64.ActiveCfg = Debug|x64
		{31889F2D-D988-4BEE-9199-BFB4DAE0CBBE}.Debug|x64.Build.0 = Debug|x64
		{31889F2D-D988-4BEE-9199-BFB4DAE0CBBE}.Debug|x86.ActiveCfg = Debug|Win32
		{31889F2D-D988-4BEE-9199-BFB4DAE0CBBE}.Debug|x86.Build.0 = Debug|Win32
		{31889F2D-D988-4BEE-9199-BFB4DAE0CBBE}.Release|x64.ActiveCfg = Release|x64
		{31889F2D-D988-4BEE-9199-BFB4DAE0CBBE}.Release|x64.Build.0 = Release|x64
		{31889F2D-D988-4BEE-9199-BFB4DAE0CBBE}.Release|x86.ActiveCfg = Release|Win32
		{31889F2D-D988-4BEE-9199-BFB4DAE0CBBE}.Release|x86.Build.0 = Release|Win32
		{60AC4575-A803-411F-92E9-B690A58DC63B}.Debug|x64.ActiveCfg = Debug|x64
		{60AC4575-A803-411F-92E9-B690A58DC63B}.Debug|x64.Build.0 = Debug|x64
		{60AC4575-A803-411F-92E9-B690A58DC63B}.Debug|x86.ActiveCfg = Debug|Win32
		{60AC4575-A803-411F-92E9-B690A58DC63B}.Debug|x86.Build.0 = Debug|Win32
		{60AC4575-A803-411F-92E9-B690A58DC63B}.Release|x64.ActiveCfg = Release|x64
		{60AC4575-A803-411F-92E9-B690A58DC63B}.Release|x64.Build.0 = Release|x64
		{60AC4575-A803-411F-92E9-B690A58DC63B}.Release|x86.ActiveCfg = Release|Win32
		{60AC4575-A803-411F-92E9-B690A58DC63B}.Release|x86.Build.0 = Release|Win32
		{CB3A9D83-155E-4D2C-A412-91186BB130D4}.Debug|x64.ActiveCfg = Debug|x64
		{CB3A9D83-155E-4D2C-A412-91186BB130D4}.Debug|x64.Build.0 = Debug|x64
		{CB3A9D83-155E-4D2C-A412-91186BB130D4}.Debug|x86.ActiveCfg = Debug|Win32
		{CB3A9D83-155E-4D2C-A412-91186BB130D4}.Debug|x86.Build.0 = Debug|Win32
		{CB3A9D83-155E-4D2C-A412-91186BB130D4}.Release|x64.ActiveCfg = Release|x64
		{CB3A9D83-155E-4D2C-A412-91186BB130D4}.Release|x64.Build.0 = Release|x64
		{CB3A9D83-155E-4D2C-A412-91186BB130D4}.Release|x86.ActiveCfg = Release|Win32
		{CB3A9D83-155E-4D2C-A412-91186BB130D4}.Release|x86.Build.0 = Release|Win32
	EndGlobalSection
	GlobalSection(SolutionProperties) = preSolution
		HideSolutionNode = FALSE
	EndGlobalSection
	GlobalSection(ExtensibilityGlobals) = postSolution
		SolutionGuid = {44DA838B-D40A-4C00-A06F-229DA32F52BF}
	EndGlobalSection
EndGlobal
